
Microsoft Visual Studio Solution File, Format Version 11.00
# Visual Studio 2010
Project("{FAE04EC0-301F-11D3-BF4B-00C04F79EFBC}") = "MyGame", "MyGame.csproj", "{871B5A90-103A-46A5-BBB9-07C02B9851D1}"
EndProject
Global
	GlobalSection(SolutionConfigurationPlatforms) = preSolution
		Debug-Mac|x86 = Debug-Mac|x86
		Debug-Windows|x86 = Debug-Windows|x86
		Debug-Unix|x86 = Debug-Unix|x86
	EndGlobalSection
	GlobalSection(ProjectConfigurationPlatforms) = postSolution
		{871B5A90-103A-46A5-BBB9-07C02B9851D1}.Debug-Mac|x86.ActiveCfg = Debug-Mac|x86
		{871B5A90-103A-46A5-BBB9-07C02B9851D1}.Debug-Mac|x86.Build.0 = Debug-Mac|x86
		{871B5A90-103A-46A5-BBB9-07C02B9851D1}.Debug-Unix|x86.ActiveCfg = Debug-Unix|x86
		{871B5A90-103A-46A5-BBB9-07C02B9851D1}.Debug-Unix|x86.Build.0 = Debug-Unix|x86
		{871B5A90-103A-46A5-BBB9-07C02B9851D1}.Debug-Windows|x86.ActiveCfg = Debug-Windows|x86
		{871B5A90-103A-46A5-BBB9-07C02B9851D1}.Debug-Windows|x86.Build.0 = Debug-Windows|x86
	EndGlobalSection
	GlobalSection(MonoDevelopProperties) = preSolution
		StartupItem = MyGame.csproj
		Policies = $0
		$0.DotNetNamingPolicy = $1
		$1.DirectoryNamespaceAssociation = None
		$1.ResourceNamePolicy = FileFormatDefault
		$0.TextStylePolicy = $2
		$2.inheritsSet = null
		$2.scope = text/x-csharp
		$0.CSharpFormattingPolicy = $3
		$3.PropertyBraceStyle = NextLine
		$3.PropertyGetBraceStyle = NextLine
		$3.PropertySetBraceStyle = NextLine
		$3.EventBraceStyle = NextLine
		$3.EventAddBraceStyle = NextLine
		$3.EventRemoveBraceStyle = NextLine
		$3.StatementBraceStyle = NextLine
		$3.ElseNewLinePlacement = NewLine
		$3.CatchNewLinePlacement = NewLine
		$3.FinallyNewLinePlacement = NewLine
		$3.AfterDelegateDeclarationParameterComma = True
		$3.inheritsSet = Mono
		$3.inheritsScope = text/x-csharp
		$3.scope = text/x-csharp
	EndGlobalSection
EndGlobal
