// !$*UTF8*$!
{
	archiveVersion = 1;
	classes = {
	};
	objectVersion = 46;
	objects = {

/* Begin PBXBuildFile section */
		942DBED2183C1DBA00876830 /* main.cpp in Sources */ = {isa = PBXBuildFile; fileRef = 942DBED1183C1DBA00876830 /* main.cpp */; };
		942DBED4183C202F00876830 /* Cocoa.framework in Frameworks */ = {isa = PBXBuildFile; fileRef = 942DBED3183C202F00876830 /* Cocoa.framework */; };
		942DBED6183C203900876830 /* ForceFeedback.framework in Frameworks */ = {isa = PBXBuildFile; fileRef = 942DBED5183C203900876830 /* ForceFeedback.framework */; };
		942DBEE7183C217B00876830 /* Carbon.framework in Frameworks */ = {isa = PBXBuildFile; fileRef = 942DBEE5183C213300876830 /* Carbon.framework */; };
		942DBEE8183C217E00876830 /* OpenGL.framework in Frameworks */ = {isa = PBXBuildFile; fileRef = 942DBEE1183C211C00876830 /* OpenGL.framework */; };
		942DBEE9183C218000876830 /* IOKit.framework in Frameworks */ = {isa = PBXBuildFile; fileRef = 942DBEDF183C211100876830 /* IOKit.framework */; };
		942DBEEA183C218300876830 /* AudioToolbox.framework in Frameworks */ = {isa = PBXBuildFile; fileRef = 942DBEDD183C210400876830 /* AudioToolbox.framework */; };
		942DBEEB183C218600876830 /* AudioUnit.framework in Frameworks */ = {isa = PBXBuildFile; fileRef = 942DBED9183C20E500876830 /* AudioUnit.framework */; };
		942DBEEC183C218A00876830 /* CoreAudio.framework in Frameworks */ = {isa = PBXBuildFile; fileRef = 942DBED7183C207F00876830 /* CoreAudio.framework */; };
		942DBEF0183C2A6400876830 /* sgBackendUtils.cpp in Sources */ = {isa = PBXBuildFile; fileRef = 942DBEED183C2A2800876830 /* sgBackendUtils.cpp */; };
		942DBEF4183C36C500876830 /* SGSDL2Graphics.cpp in Sources */ = {isa = PBXBuildFile; fileRef = 942DBEF1183C327800876830 /* SGSDL2Graphics.cpp */; };
		942DBEFA183C563500876830 /* SGSDL2Utils.cpp in Sources */ = {isa = PBXBuildFile; fileRef = 942DBEF7183C558500876830 /* SGSDL2Utils.cpp */; };
		942DBF2C183CA8D200876830 /* test_draw_point.h in Headers */ = {isa = PBXBuildFile; fileRef = 942DBF2A183CA8D200876830 /* test_draw_point.h */; };
		9471BD9E183B717900BE3771 /* SGSDL2Core.cpp in Sources */ = {isa = PBXBuildFile; fileRef = 9471BD9C183B717900BE3771 /* SGSDL2Core.cpp */; };
		9471BD9F183B717900BE3771 /* SGSDL2Core.h in Headers */ = {isa = PBXBuildFile; fileRef = 9471BD9D183B717900BE3771 /* SGSDL2Core.h */; };
		9471BDB4183B732800BE3771 /* libFLAC.a in Frameworks */ = {isa = PBXBuildFile; fileRef = 9471BDA8183B732800BE3771 /* libFLAC.a */; };
		9471BDB5183B732800BE3771 /* libfreetype.a in Frameworks */ = {isa = PBXBuildFile; fileRef = 9471BDA9183B732800BE3771 /* libfreetype.a */; };
		9471BDB6183B732800BE3771 /* libmikmod.a in Frameworks */ = {isa = PBXBuildFile; fileRef = 9471BDAA183B732800BE3771 /* libmikmod.a */; };
		9471BDB7183B732800BE3771 /* libogg.a in Frameworks */ = {isa = PBXBuildFile; fileRef = 9471BDAB183B732800BE3771 /* libogg.a */; };
		9471BDB8183B732800BE3771 /* libpng.a in Frameworks */ = {isa = PBXBuildFile; fileRef = 9471BDAC183B732800BE3771 /* libpng.a */; };
		9471BDB9183B732800BE3771 /* libSDL2_gfx.a in Frameworks */ = {isa = PBXBuildFile; fileRef = 9471BDAD183B732800BE3771 /* libSDL2_gfx.a */; };
		9471BDBA183B732800BE3771 /* libSDL2_image.a in Frameworks */ = {isa = PBXBuildFile; fileRef = 9471BDAE183B732800BE3771 /* libSDL2_image.a */; };
		9471BDBB183B732800BE3771 /* libSDL2_mixer.a in Frameworks */ = {isa = PBXBuildFile; fileRef = 9471BDAF183B732800BE3771 /* libSDL2_mixer.a */; };
		9471BDBC183B732800BE3771 /* libSDL2_net.a in Frameworks */ = {isa = PBXBuildFile; fileRef = 9471BDB0183B732800BE3771 /* libSDL2_net.a */; };
		9471BDBD183B732800BE3771 /* libSDL2_ttf.a in Frameworks */ = {isa = PBXBuildFile; fileRef = 9471BDB1183B732800BE3771 /* libSDL2_ttf.a */; };
		9471BDBE183B732800BE3771 /* libSDL2.a in Frameworks */ = {isa = PBXBuildFile; fileRef = 9471BDB2183B732800BE3771 /* libSDL2.a */; };
		9471BDBF183B732800BE3771 /* libwebp.a in Frameworks */ = {isa = PBXBuildFile; fileRef = 9471BDB3183B732800BE3771 /* libwebp.a */; };
		9471BDCD183B737F00BE3771 /* libsgsdl2.a in Frameworks */ = {isa = PBXBuildFile; fileRef = 9471BD8C183B6E5700BE3771 /* libsgsdl2.a */; };
		9499C69A1847566500B71B41 /* SGSDL2Audio.cpp in Sources */ = {isa = PBXBuildFile; fileRef = 9499C6981847566500B71B41 /* SGSDL2Audio.cpp */; };
		9499C69B1847566500B71B41 /* SGSDL2Audio.h in Headers */ = {isa = PBXBuildFile; fileRef = 9499C6991847566500B71B41 /* SGSDL2Audio.h */; };
		9499C69E184C5F2B00B71B41 /* test_audio.cpp in Sources */ = {isa = PBXBuildFile; fileRef = 9499C69C184C5F2B00B71B41 /* test_audio.cpp */; };
		9499C69F184C5F2B00B71B41 /* test_audio.h in Headers */ = {isa = PBXBuildFile; fileRef = 9499C69D184C5F2B00B71B41 /* test_audio.h */; };
/* End PBXBuildFile section */

/* Begin PBXCopyFilesBuildPhase section */
		9471BDC2183B737000BE3771 /* CopyFiles */ = {
			isa = PBXCopyFilesBuildPhase;
			buildActionMask = 2147483647;
			dstPath = /usr/share/man/man1/;
			dstSubfolderSpec = 0;
			files = (
			);
			runOnlyForDeploymentPostprocessing = 1;
		};
/* End PBXCopyFilesBuildPhase section */

/* Begin PBXFileReference section */
		942DBED1183C1DBA00876830 /* main.cpp */ = {isa = PBXFileReference; fileEncoding = 4; lastKnownFileType = sourcecode.cpp.cpp; name = main.cpp; path = ../../../Test/src/main.cpp; sourceTree = SOURCE_ROOT; };
		942DBED3183C202F00876830 /* Cocoa.framework */ = {isa = PBXFileReference; lastKnownFileType = wrapper.framework; name = Cocoa.framework; path = System/Library/Frameworks/Cocoa.framework; sourceTree = SDKROOT; };
		942DBED5183C203900876830 /* ForceFeedback.framework */ = {isa = PBXFileReference; lastKnownFileType = wrapper.framework; name = ForceFeedback.framework; path = System/Library/Frameworks/ForceFeedback.framework; sourceTree = SDKROOT; };
		942DBED7183C207F00876830 /* CoreAudio.framework */ = {isa = PBXFileReference; lastKnownFileType = wrapper.framework; name = CoreAudio.framework; path = System/Library/Frameworks/CoreAudio.framework; sourceTree = SDKROOT; };
		942DBED9183C20E500876830 /* AudioUnit.framework */ = {isa = PBXFileReference; lastKnownFileType = wrapper.framework; name = AudioUnit.framework; path = System/Library/Frameworks/AudioUnit.framework; sourceTree = SDKROOT; };
		942DBEDB183C20F600876830 /* CoreGraphics.framework */ = {isa = PBXFileReference; lastKnownFileType = wrapper.framework; name = CoreGraphics.framework; path = System/Library/Frameworks/CoreGraphics.framework; sourceTree = SDKROOT; };
		942DBEDD183C210400876830 /* AudioToolbox.framework */ = {isa = PBXFileReference; lastKnownFileType = wrapper.framework; name = AudioToolbox.framework; path = System/Library/Frameworks/AudioToolbox.framework; sourceTree = SDKROOT; };
		942DBEDF183C211100876830 /* IOKit.framework */ = {isa = PBXFileReference; lastKnownFileType = wrapper.framework; name = IOKit.framework; path = System/Library/Frameworks/IOKit.framework; sourceTree = SDKROOT; };
		942DBEE1183C211C00876830 /* OpenGL.framework */ = {isa = PBXFileReference; lastKnownFileType = wrapper.framework; name = OpenGL.framework; path = System/Library/Frameworks/OpenGL.framework; sourceTree = SDKROOT; };
		942DBEE5183C213300876830 /* Carbon.framework */ = {isa = PBXFileReference; lastKnownFileType = wrapper.framework; name = Carbon.framework; path = System/Library/Frameworks/Carbon.framework; sourceTree = SDKROOT; };
		942DBEED183C2A2800876830 /* sgBackendUtils.cpp */ = {isa = PBXFileReference; fileEncoding = 4; lastKnownFileType = sourcecode.cpp.cpp; name = sgBackendUtils.cpp; path = ../../../Core/src/sgBackendUtils.cpp; sourceTree = "<group>"; };
		942DBEEE183C2A2800876830 /* sgBackendUtils.h */ = {isa = PBXFileReference; fileEncoding = 4; lastKnownFileType = sourcecode.c.h; name = sgBackendUtils.h; path = ../../../Core/src/sgBackendUtils.h; sourceTree = "<group>"; };
		942DBEF1183C327800876830 /* SGSDL2Graphics.cpp */ = {isa = PBXFileReference; fileEncoding = 4; lastKnownFileType = sourcecode.cpp.cpp; name = SGSDL2Graphics.cpp; path = ../../src/SGSDL2Graphics.cpp; sourceTree = "<group>"; };
		942DBEF2183C327800876830 /* SGSDL2Graphics.h */ = {isa = PBXFileReference; fileEncoding = 4; lastKnownFileType = sourcecode.c.h; name = SGSDL2Graphics.h; path = ../../src/SGSDL2Graphics.h; sourceTree = "<group>"; };
		942DBEF6183C3DFA00876830 /* sgBackendTypes.h */ = {isa = PBXFileReference; lastKnownFileType = sourcecode.c.h; name = sgBackendTypes.h; path = ../../../Core/include/sgBackendTypes.h; sourceTree = "<group>"; };
		942DBEF7183C558500876830 /* SGSDL2Utils.cpp */ = {isa = PBXFileReference; fileEncoding = 4; lastKnownFileType = sourcecode.cpp.cpp; name = SGSDL2Utils.cpp; path = ../../src/SGSDL2Utils.cpp; sourceTree = "<group>"; };
		942DBEF8183C558500876830 /* SGSDL2Utils.h */ = {isa = PBXFileReference; fileEncoding = 4; lastKnownFileType = sourcecode.c.h; name = SGSDL2Utils.h; path = ../../src/SGSDL2Utils.h; sourceTree = "<group>"; };
		942DBF29183CA8D200876830 /* test_draw_point.cpp */ = {isa = PBXFileReference; fileEncoding = 4; lastKnownFileType = sourcecode.cpp.cpp; name = test_draw_point.cpp; path = ../../../Test/src/test_draw_point.cpp; sourceTree = "<group>"; };
		942DBF2A183CA8D200876830 /* test_draw_point.h */ = {isa = PBXFileReference; fileEncoding = 4; lastKnownFileType = sourcecode.c.h; name = test_draw_point.h; path = ../../../Test/src/test_draw_point.h; sourceTree = "<group>"; };
		9471BD8C183B6E5700BE3771 /* libsgsdl2.a */ = {isa = PBXFileReference; explicitFileType = archive.ar; includeInIndex = 0; path = libsgsdl2.a; sourceTree = BUILT_PRODUCTS_DIR; };
		9471BD93183B6FA200BE3771 /* sgInterfaces.h */ = {isa = PBXFileReference; lastKnownFileType = sourcecode.c.h; name = sgInterfaces.h; path = ../../../Core/include/sgInterfaces.h; sourceTree = "<group>"; };
		9471BD9C183B717900BE3771 /* SGSDL2Core.cpp */ = {isa = PBXFileReference; fileEncoding = 4; lastKnownFileType = sourcecode.cpp.cpp; name = SGSDL2Core.cpp; path = ../../src/SGSDL2Core.cpp; sourceTree = "<group>"; };
		9471BD9D183B717900BE3771 /* SGSDL2Core.h */ = {isa = PBXFileReference; fileEncoding = 4; lastKnownFileType = sourcecode.c.h; name = SGSDL2Core.h; path = ../../src/SGSDL2Core.h; sourceTree = "<group>"; };
		9471BDA8183B732800BE3771 /* libFLAC.a */ = {isa = PBXFileReference; lastKnownFileType = archive.ar; name = libFLAC.a; path = ../../lib/mac/libFLAC.a; sourceTree = "<group>"; };
		9471BDA9183B732800BE3771 /* libfreetype.a */ = {isa = PBXFileReference; lastKnownFileType = archive.ar; name = libfreetype.a; path = ../../lib/mac/libfreetype.a; sourceTree = "<group>"; };
		9471BDAA183B732800BE3771 /* libmikmod.a */ = {isa = PBXFileReference; lastKnownFileType = archive.ar; name = libmikmod.a; path = ../../lib/mac/libmikmod.a; sourceTree = "<group>"; };
		9471BDAB183B732800BE3771 /* libogg.a */ = {isa = PBXFileReference; lastKnownFileType = archive.ar; name = libogg.a; path = ../../lib/mac/libogg.a; sourceTree = "<group>"; };
		9471BDAC183B732800BE3771 /* libpng.a */ = {isa = PBXFileReference; lastKnownFileType = archive.ar; name = libpng.a; path = ../../lib/mac/libpng.a; sourceTree = "<group>"; };
		9471BDAD183B732800BE3771 /* libSDL2_gfx.a */ = {isa = PBXFileReference; lastKnownFileType = archive.ar; name = libSDL2_gfx.a; path = ../../lib/mac/libSDL2_gfx.a; sourceTree = "<group>"; };
		9471BDAE183B732800BE3771 /* libSDL2_image.a */ = {isa = PBXFileReference; lastKnownFileType = archive.ar; name = libSDL2_image.a; path = ../../lib/mac/libSDL2_image.a; sourceTree = "<group>"; };
		9471BDAF183B732800BE3771 /* libSDL2_mixer.a */ = {isa = PBXFileReference; lastKnownFileType = archive.ar; name = libSDL2_mixer.a; path = ../../lib/mac/libSDL2_mixer.a; sourceTree = "<group>"; };
		9471BDB0183B732800BE3771 /* libSDL2_net.a */ = {isa = PBXFileReference; lastKnownFileType = archive.ar; name = libSDL2_net.a; path = ../../lib/mac/libSDL2_net.a; sourceTree = "<group>"; };
		9471BDB1183B732800BE3771 /* libSDL2_ttf.a */ = {isa = PBXFileReference; lastKnownFileType = archive.ar; name = libSDL2_ttf.a; path = ../../lib/mac/libSDL2_ttf.a; sourceTree = "<group>"; };
		9471BDB2183B732800BE3771 /* libSDL2.a */ = {isa = PBXFileReference; lastKnownFileType = archive.ar; name = libSDL2.a; path = ../../lib/mac/libSDL2.a; sourceTree = "<group>"; };
		9471BDB3183B732800BE3771 /* libwebp.a */ = {isa = PBXFileReference; lastKnownFileType = archive.ar; name = libwebp.a; path = ../../lib/mac/libwebp.a; sourceTree = "<group>"; };
		9471BDC4183B737000BE3771 /* SGSDL2Test */ = {isa = PBXFileReference; explicitFileType = "compiled.mach-o.executable"; includeInIndex = 0; path = SGSDL2Test; sourceTree = BUILT_PRODUCTS_DIR; };
		9499C6981847566500B71B41 /* SGSDL2Audio.cpp */ = {isa = PBXFileReference; fileEncoding = 4; lastKnownFileType = sourcecode.cpp.cpp; path = SGSDL2Audio.cpp; sourceTree = "<group>"; };
		9499C6991847566500B71B41 /* SGSDL2Audio.h */ = {isa = PBXFileReference; fileEncoding = 4; lastKnownFileType = sourcecode.c.h; path = SGSDL2Audio.h; sourceTree = "<group>"; };
		9499C69C184C5F2B00B71B41 /* test_audio.cpp */ = {isa = PBXFileReference; fileEncoding = 4; lastKnownFileType = sourcecode.cpp.cpp; name = test_audio.cpp; path = ../../../Test/src/test_audio.cpp; sourceTree = "<group>"; };
		9499C69D184C5F2B00B71B41 /* test_audio.h */ = {isa = PBXFileReference; fileEncoding = 4; lastKnownFileType = sourcecode.c.h; name = test_audio.h; path = ../../../Test/src/test_audio.h; sourceTree = "<group>"; };
		9499C6A0184C630E00B71B41 /* test.ogg */ = {isa = PBXFileReference; lastKnownFileType = file; name = test.ogg; path = ../../../Test/Resources/test.ogg; sourceTree = "<group>"; };
/* End PBXFileReference section */

/* Begin PBXFrameworksBuildPhase section */
		9471BD89183B6E5700BE3771 /* Frameworks */ = {
			isa = PBXFrameworksBuildPhase;
			buildActionMask = 2147483647;
			files = (
				9471BDB4183B732800BE3771 /* libFLAC.a in Frameworks */,
				9471BDB5183B732800BE3771 /* libfreetype.a in Frameworks */,
				9471BDB6183B732800BE3771 /* libmikmod.a in Frameworks */,
				9471BDB7183B732800BE3771 /* libogg.a in Frameworks */,
				9471BDB8183B732800BE3771 /* libpng.a in Frameworks */,
				9471BDB9183B732800BE3771 /* libSDL2_gfx.a in Frameworks */,
				9471BDBA183B732800BE3771 /* libSDL2_image.a in Frameworks */,
				9471BDBB183B732800BE3771 /* libSDL2_mixer.a in Frameworks */,
				9471BDBC183B732800BE3771 /* libSDL2_net.a in Frameworks */,
				9471BDBD183B732800BE3771 /* libSDL2_ttf.a in Frameworks */,
				9471BDBE183B732800BE3771 /* libSDL2.a in Frameworks */,
				9471BDBF183B732800BE3771 /* libwebp.a in Frameworks */,
			);
			runOnlyForDeploymentPostprocessing = 0;
		};
		9471BDC1183B737000BE3771 /* Frameworks */ = {
			isa = PBXFrameworksBuildPhase;
			buildActionMask = 2147483647;
			files = (
				942DBEEA183C218300876830 /* AudioToolbox.framework in Frameworks */,
				942DBEEB183C218600876830 /* AudioUnit.framework in Frameworks */,
				942DBEEC183C218A00876830 /* CoreAudio.framework in Frameworks */,
				942DBEE7183C217B00876830 /* Carbon.framework in Frameworks */,
				942DBEE8183C217E00876830 /* OpenGL.framework in Frameworks */,
				942DBEE9183C218000876830 /* IOKit.framework in Frameworks */,
				942DBED6183C203900876830 /* ForceFeedback.framework in Frameworks */,
				942DBED4183C202F00876830 /* Cocoa.framework in Frameworks */,
				9471BDCD183B737F00BE3771 /* libsgsdl2.a in Frameworks */,
			);
			runOnlyForDeploymentPostprocessing = 0;
		};
/* End PBXFrameworksBuildPhase section */

/* Begin PBXGroup section */
		9471BD83183B6E5700BE3771 = {
			isa = PBXGroup;
			children = (
				9471BDA1183B72A900BE3771 /* Libraries */,
				9471BDA0183B727700BE3771 /* Test */,
				9471BD96183B70E400BE3771 /* SGSDL2 */,
				9471BD94183B6FA900BE3771 /* Core */,
				9471BD8D183B6E5700BE3771 /* Products */,
			);
			sourceTree = "<group>";
		};
		9471BD8D183B6E5700BE3771 /* Products */ = {
			isa = PBXGroup;
			children = (
				9471BD8C183B6E5700BE3771 /* libsgsdl2.a */,
				9471BDC4183B737000BE3771 /* SGSDL2Test */,
			);
			name = Products;
			sourceTree = "<group>";
		};
		9471BD94183B6FA900BE3771 /* Core */ = {
			isa = PBXGroup;
			children = (
				942DBEED183C2A2800876830 /* sgBackendUtils.cpp */,
				9471BD95183B6FB600BE3771 /* Include */,
			);
			name = Core;
			sourceTree = "<group>";
		};
		9471BD95183B6FB600BE3771 /* Include */ = {
			isa = PBXGroup;
			children = (
				942DBEEE183C2A2800876830 /* sgBackendUtils.h */,
				9471BD93183B6FA200BE3771 /* sgInterfaces.h */,
				942DBEF6183C3DFA00876830 /* sgBackendTypes.h */,
			);
			name = Include;
			sourceTree = "<group>";
		};
		9471BD96183B70E400BE3771 /* SGSDL2 */ = {
			isa = PBXGroup;
			children = (
				9471BD97183B70ED00BE3771 /* src */,
			);
			name = SGSDL2;
			sourceTree = "<group>";
		};
		9471BD97183B70ED00BE3771 /* src */ = {
			isa = PBXGroup;
			children = (
				9499C6981847566500B71B41 /* SGSDL2Audio.cpp */,
				9499C6991847566500B71B41 /* SGSDL2Audio.h */,
				9471BD9C183B717900BE3771 /* SGSDL2Core.cpp */,
				9471BD9D183B717900BE3771 /* SGSDL2Core.h */,
				942DBEF1183C327800876830 /* SGSDL2Graphics.cpp */,
				942DBEF2183C327800876830 /* SGSDL2Graphics.h */,
				942DBEF7183C558500876830 /* SGSDL2Utils.cpp */,
				942DBEF8183C558500876830 /* SGSDL2Utils.h */,
			);
			name = src;
			sourceTree = "<group>";
		};
		9471BDA0183B727700BE3771 /* Test */ = {
			isa = PBXGroup;
			children = (
				9499C6A0184C630E00B71B41 /* test.ogg */,
				942DBED1183C1DBA00876830 /* main.cpp */,
				942DBF29183CA8D200876830 /* test_draw_point.cpp */,
				942DBF2A183CA8D200876830 /* test_draw_point.h */,
				9499C69C184C5F2B00B71B41 /* test_audio.cpp */,
				9499C69D184C5F2B00B71B41 /* test_audio.h */,
			);
			name = Test;
			sourceTree = "<group>";
		};
		9471BDA1183B72A900BE3771 /* Libraries */ = {
			isa = PBXGroup;
			children = (
				942DBEE5183C213300876830 /* Carbon.framework */,
				942DBEE1183C211C00876830 /* OpenGL.framework */,
				942DBEDF183C211100876830 /* IOKit.framework */,
				942DBEDD183C210400876830 /* AudioToolbox.framework */,
				942DBEDB183C20F600876830 /* CoreGraphics.framework */,
				942DBED9183C20E500876830 /* AudioUnit.framework */,
				942DBED7183C207F00876830 /* CoreAudio.framework */,
				942DBED5183C203900876830 /* ForceFeedback.framework */,
				942DBED3183C202F00876830 /* Cocoa.framework */,
				9471BDA8183B732800BE3771 /* libFLAC.a */,
				9471BDA9183B732800BE3771 /* libfreetype.a */,
				9471BDAA183B732800BE3771 /* libmikmod.a */,
				9471BDAB183B732800BE3771 /* libogg.a */,
				9471BDAC183B732800BE3771 /* libpng.a */,
				9471BDAD183B732800BE3771 /* libSDL2_gfx.a */,
				9471BDAE183B732800BE3771 /* libSDL2_image.a */,
				9471BDAF183B732800BE3771 /* libSDL2_mixer.a */,
				9471BDB0183B732800BE3771 /* libSDL2_net.a */,
				9471BDB1183B732800BE3771 /* libSDL2_ttf.a */,
				9471BDB2183B732800BE3771 /* libSDL2.a */,
				9471BDB3183B732800BE3771 /* libwebp.a */,
			);
			name = Libraries;
			sourceTree = "<group>";
		};
/* End PBXGroup section */

/* Begin PBXHeadersBuildPhase section */
		9471BD8A183B6E5700BE3771 /* Headers */ = {
			isa = PBXHeadersBuildPhase;
			buildActionMask = 2147483647;
			files = (
				9471BD9F183B717900BE3771 /* SGSDL2Core.h in Headers */,
				9499C69B1847566500B71B41 /* SGSDL2Audio.h in Headers */,
				942DBF2C183CA8D200876830 /* test_draw_point.h in Headers */,
				9499C69F184C5F2B00B71B41 /* test_audio.h in Headers */,
			);
			runOnlyForDeploymentPostprocessing = 0;
		};
/* End PBXHeadersBuildPhase section */

/* Begin PBXNativeTarget section */
		9471BD8B183B6E5700BE3771 /* sgsdl2 */ = {
			isa = PBXNativeTarget;
			buildConfigurationList = 9471BD90183B6E5700BE3771 /* Build configuration list for PBXNativeTarget "sgsdl2" */;
			buildPhases = (
				9471BD88183B6E5700BE3771 /* Sources */,
				9471BD89183B6E5700BE3771 /* Frameworks */,
				9471BD8A183B6E5700BE3771 /* Headers */,
			);
			buildRules = (
			);
			dependencies = (
			);
			name = sgsdl2;
			productName = sgsdl2;
			productReference = 9471BD8C183B6E5700BE3771 /* libsgsdl2.a */;
			productType = "com.apple.product-type.library.static";
		};
		9471BDC3183B737000BE3771 /* SGSDL2Test */ = {
			isa = PBXNativeTarget;
			buildConfigurationList = 9471BDCA183B737000BE3771 /* Build configuration list for PBXNativeTarget "SGSDL2Test" */;
			buildPhases = (
				9471BDC0183B737000BE3771 /* Sources */,
				9471BDC1183B737000BE3771 /* Frameworks */,
				9471BDC2183B737000BE3771 /* CopyFiles */,
			);
			buildRules = (
			);
			dependencies = (
			);
			name = SGSDL2Test;
			productName = SGSDL2Test;
			productReference = 9471BDC4183B737000BE3771 /* SGSDL2Test */;
			productType = "com.apple.product-type.tool";
		};
/* End PBXNativeTarget section */

/* Begin PBXProject section */
		9471BD84183B6E5700BE3771 /* Project object */ = {
			isa = PBXProject;
			attributes = {
				LastUpgradeCheck = 0500;
				ORGANIZATIONNAME = "Andrew Cain";
			};
			buildConfigurationList = 9471BD87183B6E5700BE3771 /* Build configuration list for PBXProject "sgsdl2" */;
			compatibilityVersion = "Xcode 3.2";
			developmentRegion = English;
			hasScannedForEncodings = 0;
			knownRegions = (
				en,
			);
			mainGroup = 9471BD83183B6E5700BE3771;
			productRefGroup = 9471BD8D183B6E5700BE3771 /* Products */;
			projectDirPath = "";
			projectRoot = "";
			targets = (
				9471BD8B183B6E5700BE3771 /* sgsdl2 */,
				9471BDC3183B737000BE3771 /* SGSDL2Test */,
			);
		};
/* End PBXProject section */

/* Begin PBXSourcesBuildPhase section */
		9471BD88183B6E5700BE3771 /* Sources */ = {
			isa = PBXSourcesBuildPhase;
			buildActionMask = 2147483647;
			files = (
				9499C69E184C5F2B00B71B41 /* test_audio.cpp in Sources */,
				942DBEFA183C563500876830 /* SGSDL2Utils.cpp in Sources */,
				942DBEF4183C36C500876830 /* SGSDL2Graphics.cpp in Sources */,
				942DBEF0183C2A6400876830 /* sgBackendUtils.cpp in Sources */,
				9499C69A1847566500B71B41 /* SGSDL2Audio.cpp in Sources */,
				9471BD9E183B717900BE3771 /* SGSDL2Core.cpp in Sources */,
			);
			runOnlyForDeploymentPostprocessing = 0;
		};
		9471BDC0183B737000BE3771 /* Sources */ = {
			isa = PBXSourcesBuildPhase;
			buildActionMask = 2147483647;
			files = (
				942DBED2183C1DBA00876830 /* main.cpp in Sources */,
			);
			runOnlyForDeploymentPostprocessing = 0;
		};
/* End PBXSourcesBuildPhase section */

/* Begin XCBuildConfiguration section */
		9471BD8E183B6E5700BE3771 /* Debug */ = {
			isa = XCBuildConfiguration;
			buildSettings = {
				ALWAYS_SEARCH_USER_PATHS = NO;
				CLANG_CXX_LANGUAGE_STANDARD = "gnu++0x";
				CLANG_CXX_LIBRARY = "libc++";
				CLANG_ENABLE_OBJC_ARC = YES;
				CLANG_WARN_BOOL_CONVERSION = YES;
				CLANG_WARN_CONSTANT_CONVERSION = YES;
				CLANG_WARN_DIRECT_OBJC_ISA_USAGE = YES_ERROR;
				CLANG_WARN_EMPTY_BODY = YES;
				CLANG_WARN_ENUM_CONVERSION = YES;
				CLANG_WARN_INT_CONVERSION = YES;
				CLANG_WARN_OBJC_ROOT_CLASS = YES_ERROR;
				CLANG_WARN__DUPLICATE_METHOD_MATCH = YES;
				COPY_PHASE_STRIP = NO;
				GCC_C_LANGUAGE_STANDARD = gnu99;
				GCC_DYNAMIC_NO_PIC = NO;
				GCC_ENABLE_OBJC_EXCEPTIONS = YES;
				GCC_OPTIMIZATION_LEVEL = 0;
				GCC_PREPROCESSOR_DEFINITIONS = (
					"DEBUG=1",
					"$(inherited)",
				);
				GCC_SYMBOLS_PRIVATE_EXTERN = NO;
				GCC_WARN_64_TO_32_BIT_CONVERSION = YES;
				GCC_WARN_ABOUT_RETURN_TYPE = YES_ERROR;
				GCC_WARN_UNDECLARED_SELECTOR = YES;
				GCC_WARN_UNINITIALIZED_AUTOS = YES;
				GCC_WARN_UNUSED_FUNCTION = YES;
				GCC_WARN_UNUSED_VARIABLE = YES;
				MACOSX_DEPLOYMENT_TARGET = 10.9;
				ONLY_ACTIVE_ARCH = YES;
				SDKROOT = macosx;
			};
			name = Debug;
		};
		9471BD8F183B6E5700BE3771 /* Release */ = {
			isa = XCBuildConfiguration;
			buildSettings = {
				ALWAYS_SEARCH_USER_PATHS = NO;
				CLANG_CXX_LANGUAGE_STANDARD = "gnu++0x";
				CLANG_CXX_LIBRARY = "libc++";
				CLANG_ENABLE_OBJC_ARC = YES;
				CLANG_WARN_BOOL_CONVERSION = YES;
				CLANG_WARN_CONSTANT_CONVERSION = YES;
				CLANG_WARN_DIRECT_OBJC_ISA_USAGE = YES_ERROR;
				CLANG_WARN_EMPTY_BODY = YES;
				CLANG_WARN_ENUM_CONVERSION = YES;
				CLANG_WARN_INT_CONVERSION = YES;
				CLANG_WARN_OBJC_ROOT_CLASS = YES_ERROR;
				CLANG_WARN__DUPLICATE_METHOD_MATCH = YES;
				COPY_PHASE_STRIP = YES;
				DEBUG_INFORMATION_FORMAT = "dwarf-with-dsym";
				ENABLE_NS_ASSERTIONS = NO;
				GCC_C_LANGUAGE_STANDARD = gnu99;
				GCC_ENABLE_OBJC_EXCEPTIONS = YES;
				GCC_WARN_64_TO_32_BIT_CONVERSION = YES;
				GCC_WARN_ABOUT_RETURN_TYPE = YES_ERROR;
				GCC_WARN_UNDECLARED_SELECTOR = YES;
				GCC_WARN_UNINITIALIZED_AUTOS = YES;
				GCC_WARN_UNUSED_FUNCTION = YES;
				GCC_WARN_UNUSED_VARIABLE = YES;
				MACOSX_DEPLOYMENT_TARGET = 10.9;
				SDKROOT = macosx;
			};
			name = Release;
		};
		9471BD91183B6E5700BE3771 /* Debug */ = {
			isa = XCBuildConfiguration;
			buildSettings = {
				EXECUTABLE_PREFIX = lib;
				HEADER_SEARCH_PATHS = (
					"$(inherited)",
					/Applications/Xcode.app/Contents/Developer/Toolchains/XcodeDefault.xctoolchain/usr/include,
					../../external/SDL/include,
					../../external/SDL_gfx,
					../../external/SDL_mixer,
				);
				LIBRARY_SEARCH_PATHS = (
					"$(inherited)",
					../../lib/mac,
				);
				PRODUCT_NAME = "$(TARGET_NAME)";
			};
			name = Debug;
		};
		9471BD92183B6E5700BE3771 /* Release */ = {
			isa = XCBuildConfiguration;
			buildSettings = {
				EXECUTABLE_PREFIX = lib;
				HEADER_SEARCH_PATHS = (
					"$(inherited)",
					/Applications/Xcode.app/Contents/Developer/Toolchains/XcodeDefault.xctoolchain/usr/include,
					../../external/SDL/include,
					../../external/SDL_gfx,
					../../external/SDL_mixer,
				);
				LIBRARY_SEARCH_PATHS = (
					"$(inherited)",
					../../lib/mac,
				);
				PRODUCT_NAME = "$(TARGET_NAME)";
			};
			name = Release;
		};
		9471BDCB183B737000BE3771 /* Debug */ = {
			isa = XCBuildConfiguration;
			buildSettings = {
				GCC_PREPROCESSOR_DEFINITIONS = (
					"DEBUG=1",
					"$(inherited)",
				);
				HEADER_SEARCH_PATHS = (
					"$(inherited)",
					/Applications/Xcode.app/Contents/Developer/Toolchains/XcodeDefault.xctoolchain/usr/include,
				);
				PRODUCT_NAME = "$(TARGET_NAME)";
			};
			name = Debug;
		};
		9471BDCC183B737000BE3771 /* Release */ = {
			isa = XCBuildConfiguration;
			buildSettings = {
				HEADER_SEARCH_PATHS = (
					"$(inherited)",
					/Applications/Xcode.app/Contents/Developer/Toolchains/XcodeDefault.xctoolchain/usr/include,
				);
				PRODUCT_NAME = "$(TARGET_NAME)";
			};
			name = Release;
		};
/* End XCBuildConfiguration section */

/* Begin XCConfigurationList section */
		9471BD87183B6E5700BE3771 /* Build configuration list for PBXProject "sgsdl2" */ = {
			isa = XCConfigurationList;
			buildConfigurations = (
				9471BD8E183B6E5700BE3771 /* Debug */,
				9471BD8F183B6E5700BE3771 /* Release */,
			);
			defaultConfigurationIsVisible = 0;
			defaultConfigurationName = Release;
		};
		9471BD90183B6E5700BE3771 /* Build configuration list for PBXNativeTarget "sgsdl2" */ = {
			isa = XCConfigurationList;
			buildConfigurations = (
				9471BD91183B6E5700BE3771 /* Debug */,
				9471BD92183B6E5700BE3771 /* Release */,
			);
			defaultConfigurationIsVisible = 0;
			defaultConfigurationName = Release;
		};
		9471BDCA183B737000BE3771 /* Build configuration list for PBXNativeTarget "SGSDL2Test" */ = {
			isa = XCConfigurationList;
			buildConfigurations = (
				9471BDCB183B737000BE3771 /* Debug */,
				9471BDCC183B737000BE3771 /* Release */,
			);
			defaultConfigurationIsVisible = 0;
			defaultConfigurationName = Release;
		};
/* End XCConfigurationList section */
	};
	rootObject = 9471BD84183B6E5700BE3771 /* Project object */;
}
