// !$*UTF8*$!
{
	archiveVersion = 1;
	classes = {
	};
	objectVersion = 46;
	objects = {

/* Begin PBXBuildFile section */
		8D11072F0486CEB800E47090 /* Cocoa.framework in Frameworks */ = {isa = PBXBuildFile; fileRef = 1058C7A1FEA54F0111CA2CBB /* Cocoa.framework */; };
		941D192614F4BD82005D6036 /* SGSDK.framework in Frameworks */ = {isa = PBXBuildFile; fileRef = 941D191E14F4BD82005D6036 /* SGSDK.framework */; };
		941D1A0A14F4BE26005D6036 /* Animations.c in Sources */ = {isa = PBXBuildFile; fileRef = 941D198314F4BE25005D6036 /* Animations.c */; };
		941D1A0B14F4BE26005D6036 /* Audio.c in Sources */ = {isa = PBXBuildFile; fileRef = 941D198514F4BE25005D6036 /* Audio.c */; };
		941D1A0C14F4BE26005D6036 /* Camera.c in Sources */ = {isa = PBXBuildFile; fileRef = 941D198714F4BE25005D6036 /* Camera.c */; };
		941D1A0D14F4BE26005D6036 /* Characters.c in Sources */ = {isa = PBXBuildFile; fileRef = 941D198914F4BE25005D6036 /* Characters.c */; };
		941D1A0E14F4BE26005D6036 /* Colors.c in Sources */ = {isa = PBXBuildFile; fileRef = 941D198B14F4BE25005D6036 /* Colors.c */; };
		941D1A0F14F4BE26005D6036 /* Geometry.c in Sources */ = {isa = PBXBuildFile; fileRef = 941D198D14F4BE25005D6036 /* Geometry.c */; };
		941D1A1014F4BE26005D6036 /* Graphics.c in Sources */ = {isa = PBXBuildFile; fileRef = 941D198F14F4BE25005D6036 /* Graphics.c */; };
		941D1A1114F4BE26005D6036 /* Images.c in Sources */ = {isa = PBXBuildFile; fileRef = 941D199114F4BE25005D6036 /* Images.c */; };
		941D1A1214F4BE26005D6036 /* Input.c in Sources */ = {isa = PBXBuildFile; fileRef = 941D199314F4BE25005D6036 /* Input.c */; };
		941D1A1314F4BE26005D6036 /* Networking.c in Sources */ = {isa = PBXBuildFile; fileRef = 941D199514F4BE25005D6036 /* Networking.c */; };
		941D1A1414F4BE26005D6036 /* Physics.c in Sources */ = {isa = PBXBuildFile; fileRef = 941D199714F4BE25005D6036 /* Physics.c */; };
		941D1A1514F4BE26005D6036 /* PointerManager.m in Sources */ = {isa = PBXBuildFile; fileRef = 941D199A14F4BE25005D6036 /* PointerManager.m */; };
		941D1A1614F4BE26005D6036 /* Resources.c in Sources */ = {isa = PBXBuildFile; fileRef = 941D199B14F4BE25005D6036 /* Resources.c */; };
		941D1A1714F4BE26005D6036 /* SGAccelerometerMotion.m in Sources */ = {isa = PBXBuildFile; fileRef = 941D199E14F4BE25005D6036 /* SGAccelerometerMotion.m */; };
		941D1A1814F4BE26005D6036 /* SGAnimation.m in Sources */ = {isa = PBXBuildFile; fileRef = 941D19A014F4BE25005D6036 /* SGAnimation.m */; };
		941D1A1914F4BE26005D6036 /* SGAnimations.m in Sources */ = {isa = PBXBuildFile; fileRef = 941D19A214F4BE25005D6036 /* SGAnimations.m */; };
		941D1A1A14F4BE26005D6036 /* SGAnimationScript.m in Sources */ = {isa = PBXBuildFile; fileRef = 941D19A414F4BE25005D6036 /* SGAnimationScript.m */; };
		941D1A1B14F4BE26005D6036 /* SGAudio.m in Sources */ = {isa = PBXBuildFile; fileRef = 941D19A614F4BE25005D6036 /* SGAudio.m */; };
		941D1A1C14F4BE26005D6036 /* SGBitmap.m in Sources */ = {isa = PBXBuildFile; fileRef = 941D19A814F4BE25005D6036 /* SGBitmap.m */; };
		941D1A1D14F4BE26005D6036 /* SGBitmapCell.m in Sources */ = {isa = PBXBuildFile; fileRef = 941D19AA14F4BE25005D6036 /* SGBitmapCell.m */; };
		941D1A1E14F4BE26005D6036 /* SGCamera.m in Sources */ = {isa = PBXBuildFile; fileRef = 941D19AC14F4BE25005D6036 /* SGCamera.m */; };
		941D1A1F14F4BE26005D6036 /* SGCharacter.m in Sources */ = {isa = PBXBuildFile; fileRef = 941D19AE14F4BE26005D6036 /* SGCharacter.m */; };
		941D1A2014F4BE26005D6036 /* SGCharacters.m in Sources */ = {isa = PBXBuildFile; fileRef = 941D19B014F4BE26005D6036 /* SGCharacters.m */; };
		941D1A2114F4BE26005D6036 /* SGCircle.m in Sources */ = {isa = PBXBuildFile; fileRef = 941D19B214F4BE26005D6036 /* SGCircle.m */; };
		941D1A2214F4BE26005D6036 /* SGColors.m in Sources */ = {isa = PBXBuildFile; fileRef = 941D19B414F4BE26005D6036 /* SGColors.m */; };
		941D1A2314F4BE26005D6036 /* SGConnection.m in Sources */ = {isa = PBXBuildFile; fileRef = 941D19B614F4BE26005D6036 /* SGConnection.m */; };
		941D1A2414F4BE26005D6036 /* SGDirectionAngles.m in Sources */ = {isa = PBXBuildFile; fileRef = 941D19B814F4BE26005D6036 /* SGDirectionAngles.m */; };
		941D1A2514F4BE26005D6036 /* SGFinger.m in Sources */ = {isa = PBXBuildFile; fileRef = 941D19BA14F4BE26005D6036 /* SGFinger.m */; };
		941D1A2614F4BE26005D6036 /* SGFont.m in Sources */ = {isa = PBXBuildFile; fileRef = 941D19BC14F4BE26005D6036 /* SGFont.m */; };
		941D1A2714F4BE26005D6036 /* SGGeometry.m in Sources */ = {isa = PBXBuildFile; fileRef = 941D19BE14F4BE26005D6036 /* SGGeometry.m */; };
		941D1A2814F4BE26005D6036 /* SGGraphics.m in Sources */ = {isa = PBXBuildFile; fileRef = 941D19C014F4BE26005D6036 /* SGGraphics.m */; };
		941D1A2914F4BE26005D6036 /* SGGUICheckbox.m in Sources */ = {isa = PBXBuildFile; fileRef = 941D19C214F4BE26005D6036 /* SGGUICheckbox.m */; };
		941D1A2A14F4BE26005D6036 /* SGGUILabel.m in Sources */ = {isa = PBXBuildFile; fileRef = 941D19C414F4BE26005D6036 /* SGGUILabel.m */; };
		941D1A2B14F4BE26005D6036 /* SGGUIList.m in Sources */ = {isa = PBXBuildFile; fileRef = 941D19C614F4BE26005D6036 /* SGGUIList.m */; };
		941D1A2C14F4BE26005D6036 /* SGGUIRadioGroup.m in Sources */ = {isa = PBXBuildFile; fileRef = 941D19C814F4BE26005D6036 /* SGGUIRadioGroup.m */; };
		941D1A2D14F4BE26005D6036 /* SGGUITextbox.m in Sources */ = {isa = PBXBuildFile; fileRef = 941D19CA14F4BE26005D6036 /* SGGUITextbox.m */; };
		941D1A2E14F4BE26005D6036 /* SGImages.m in Sources */ = {isa = PBXBuildFile; fileRef = 941D19CC14F4BE26005D6036 /* SGImages.m */; };
		941D1A2F14F4BE26005D6036 /* SGInput.m in Sources */ = {isa = PBXBuildFile; fileRef = 941D19CE14F4BE26005D6036 /* SGInput.m */; };
		941D1A3014F4BE26005D6036 /* SGLineSegment.m in Sources */ = {isa = PBXBuildFile; fileRef = 941D19D014F4BE26005D6036 /* SGLineSegment.m */; };
		941D1A3114F4BE26005D6036 /* SGMatrix2D.m in Sources */ = {isa = PBXBuildFile; fileRef = 941D19D214F4BE26005D6036 /* SGMatrix2D.m */; };
		941D1A3214F4BE26005D6036 /* SGMusic.m in Sources */ = {isa = PBXBuildFile; fileRef = 941D19D414F4BE26005D6036 /* SGMusic.m */; };
		941D1A3314F4BE26005D6036 /* SGNetworking.m in Sources */ = {isa = PBXBuildFile; fileRef = 941D19D614F4BE26005D6036 /* SGNetworking.m */; };
		941D1A3414F4BE26005D6036 /* SGObjcUtils.m in Sources */ = {isa = PBXBuildFile; fileRef = 941D19D814F4BE26005D6036 /* SGObjcUtils.m */; };
		941D1A3514F4BE26005D6036 /* SGPanel.m in Sources */ = {isa = PBXBuildFile; fileRef = 941D19DA14F4BE26005D6036 /* SGPanel.m */; };
		941D1A3614F4BE26005D6036 /* SGPhysics.m in Sources */ = {isa = PBXBuildFile; fileRef = 941D19DC14F4BE26005D6036 /* SGPhysics.m */; };
		941D1A3714F4BE26005D6036 /* SGPoint2D.m in Sources */ = {isa = PBXBuildFile; fileRef = 941D19DE14F4BE26005D6036 /* SGPoint2D.m */; };
		941D1A3814F4BE26005D6036 /* SGRectangle.m in Sources */ = {isa = PBXBuildFile; fileRef = 941D19E014F4BE26005D6036 /* SGRectangle.m */; };
		941D1A3914F4BE26005D6036 /* SGRegion.m in Sources */ = {isa = PBXBuildFile; fileRef = 941D19E214F4BE26005D6036 /* SGRegion.m */; };
		941D1A3A14F4BE26005D6036 /* SGResolution.m in Sources */ = {isa = PBXBuildFile; fileRef = 941D19E414F4BE26005D6036 /* SGResolution.m */; };
		941D1A3B14F4BE26005D6036 /* SGResources.m in Sources */ = {isa = PBXBuildFile; fileRef = 941D19E614F4BE26005D6036 /* SGResources.m */; };
		941D1A3C14F4BE26005D6036 /* SGSDK.c in Sources */ = {isa = PBXBuildFile; fileRef = 941D19E714F4BE26005D6036 /* SGSDK.c */; };
		941D1A3D14F4BE26005D6036 /* SGSoundEffect.m in Sources */ = {isa = PBXBuildFile; fileRef = 941D19EA14F4BE26005D6036 /* SGSoundEffect.m */; };
		941D1A3E14F4BE26005D6036 /* SGSprite.m in Sources */ = {isa = PBXBuildFile; fileRef = 941D19EC14F4BE26005D6036 /* SGSprite.m */; };
		941D1A3F14F4BE26005D6036 /* SGSprites.m in Sources */ = {isa = PBXBuildFile; fileRef = 941D19EE14F4BE26005D6036 /* SGSprites.m */; };
		941D1A4014F4BE26005D6036 /* SGText.m in Sources */ = {isa = PBXBuildFile; fileRef = 941D19F014F4BE26005D6036 /* SGText.m */; };
		941D1A4114F4BE26005D6036 /* SGTimer.m in Sources */ = {isa = PBXBuildFile; fileRef = 941D19F214F4BE26005D6036 /* SGTimer.m */; };
		941D1A4214F4BE26005D6036 /* SGTimers.m in Sources */ = {isa = PBXBuildFile; fileRef = 941D19F414F4BE26005D6036 /* SGTimers.m */; };
		941D1A4314F4BE26005D6036 /* SGTriangle.m in Sources */ = {isa = PBXBuildFile; fileRef = 941D19F614F4BE26005D6036 /* SGTriangle.m */; };
		941D1A4414F4BE26005D6036 /* SGUserInterface.m in Sources */ = {isa = PBXBuildFile; fileRef = 941D19F914F4BE26005D6036 /* SGUserInterface.m */; };
		941D1A4514F4BE26005D6036 /* SGUtils.m in Sources */ = {isa = PBXBuildFile; fileRef = 941D19FB14F4BE26005D6036 /* SGUtils.m */; };
		941D1A4614F4BE26005D6036 /* SGVector.m in Sources */ = {isa = PBXBuildFile; fileRef = 941D19FD14F4BE26005D6036 /* SGVector.m */; };
		941D1A4714F4BE26005D6036 /* Sprites.c in Sources */ = {isa = PBXBuildFile; fileRef = 941D19FE14F4BE26005D6036 /* Sprites.c */; };
		941D1A4814F4BE26005D6036 /* Text.c in Sources */ = {isa = PBXBuildFile; fileRef = 941D1A0114F4BE26005D6036 /* Text.c */; };
		941D1A4914F4BE26005D6036 /* Timers.c in Sources */ = {isa = PBXBuildFile; fileRef = 941D1A0314F4BE26005D6036 /* Timers.c */; };
		941D1A4A14F4BE26005D6036 /* UserInterface.c in Sources */ = {isa = PBXBuildFile; fileRef = 941D1A0614F4BE26005D6036 /* UserInterface.c */; };
		941D1A4B14F4BE26005D6036 /* Utils.c in Sources */ = {isa = PBXBuildFile; fileRef = 941D1A0814F4BE26005D6036 /* Utils.c */; };
		941D1A5814F4BE48005D6036 /* SGSDK.framework in Copy Frameworks */ = {isa = PBXBuildFile; fileRef = 941D191E14F4BD82005D6036 /* SGSDK.framework */; };
		9424DA6F101EC34F00E5B4BA /* Foundation.framework in Frameworks */ = {isa = PBXBuildFile; fileRef = 29B97325FDCFA39411CA2CEA /* Foundation.framework */; };
		94F1F568101EC46F006F3D32 /* main.m in Sources */ = {isa = PBXBuildFile; fileRef = 94F1F567101EC46F006F3D32 /* main.m */; };
/* End PBXBuildFile section */

/* Begin PBXCopyFilesBuildPhase section */
		9424DA6E101EC33A00E5B4BA /* Copy Frameworks */ = {
			isa = PBXCopyFilesBuildPhase;
			buildActionMask = 2147483647;
			dstPath = "";
			dstSubfolderSpec = 10;
			files = (
				941D1A5814F4BE48005D6036 /* SGSDK.framework in Copy Frameworks */,
			);
			name = "Copy Frameworks";
			runOnlyForDeploymentPostprocessing = 0;
		};
/* End PBXCopyFilesBuildPhase section */

/* Begin PBXFileReference section */
		1058C7A1FEA54F0111CA2CBB /* Cocoa.framework */ = {isa = PBXFileReference; lastKnownFileType = wrapper.framework; name = Cocoa.framework; path = /System/Library/Frameworks/Cocoa.framework; sourceTree = "<absolute>"; };
		29B97325FDCFA39411CA2CEA /* Foundation.framework */ = {isa = PBXFileReference; lastKnownFileType = wrapper.framework; name = Foundation.framework; path = /System/Library/Frameworks/Foundation.framework; sourceTree = "<absolute>"; };
		8D1107320486CEB800E47090 /* MyGame.app */ = {isa = PBXFileReference; explicitFileType = wrapper.application; includeInIndex = 0; path = MyGame.app; sourceTree = BUILT_PRODUCTS_DIR; };
		941D191E14F4BD82005D6036 /* SGSDK.framework */ = {isa = PBXFileReference; lastKnownFileType = wrapper.framework; path = SGSDK.framework; sourceTree = "<group>"; };
		941D198314F4BE25005D6036 /* Animations.c */ = {isa = PBXFileReference; fileEncoding = 4; lastKnownFileType = sourcecode.c.c; name = Animations.c; path = lib/Animations.c; sourceTree = "<group>"; };
		941D198414F4BE25005D6036 /* Animations.h */ = {isa = PBXFileReference; fileEncoding = 4; lastKnownFileType = sourcecode.c.h; name = Animations.h; path = lib/Animations.h; sourceTree = "<group>"; };
		941D198514F4BE25005D6036 /* Audio.c */ = {isa = PBXFileReference; fileEncoding = 4; lastKnownFileType = sourcecode.c.c; name = Audio.c; path = lib/Audio.c; sourceTree = "<group>"; };
		941D198614F4BE25005D6036 /* Audio.h */ = {isa = PBXFileReference; fileEncoding = 4; lastKnownFileType = sourcecode.c.h; name = Audio.h; path = lib/Audio.h; sourceTree = "<group>"; };
		941D198714F4BE25005D6036 /* Camera.c */ = {isa = PBXFileReference; fileEncoding = 4; lastKnownFileType = sourcecode.c.c; name = Camera.c; path = lib/Camera.c; sourceTree = "<group>"; };
		941D198814F4BE25005D6036 /* Camera.h */ = {isa = PBXFileReference; fileEncoding = 4; lastKnownFileType = sourcecode.c.h; name = Camera.h; path = lib/Camera.h; sourceTree = "<group>"; };
		941D198914F4BE25005D6036 /* Characters.c */ = {isa = PBXFileReference; fileEncoding = 4; lastKnownFileType = sourcecode.c.c; name = Characters.c; path = lib/Characters.c; sourceTree = "<group>"; };
		941D198A14F4BE25005D6036 /* Characters.h */ = {isa = PBXFileReference; fileEncoding = 4; lastKnownFileType = sourcecode.c.h; name = Characters.h; path = lib/Characters.h; sourceTree = "<group>"; };
		941D198B14F4BE25005D6036 /* Colors.c */ = {isa = PBXFileReference; fileEncoding = 4; lastKnownFileType = sourcecode.c.c; name = Colors.c; path = lib/Colors.c; sourceTree = "<group>"; };
		941D198C14F4BE25005D6036 /* Colors.h */ = {isa = PBXFileReference; fileEncoding = 4; lastKnownFileType = sourcecode.c.h; name = Colors.h; path = lib/Colors.h; sourceTree = "<group>"; };
		941D198D14F4BE25005D6036 /* Geometry.c */ = {isa = PBXFileReference; fileEncoding = 4; lastKnownFileType = sourcecode.c.c; name = Geometry.c; path = lib/Geometry.c; sourceTree = "<group>"; };
		941D198E14F4BE25005D6036 /* Geometry.h */ = {isa = PBXFileReference; fileEncoding = 4; lastKnownFileType = sourcecode.c.h; name = Geometry.h; path = lib/Geometry.h; sourceTree = "<group>"; };
		941D198F14F4BE25005D6036 /* Graphics.c */ = {isa = PBXFileReference; fileEncoding = 4; lastKnownFileType = sourcecode.c.c; name = Graphics.c; path = lib/Graphics.c; sourceTree = "<group>"; };
		941D199014F4BE25005D6036 /* Graphics.h */ = {isa = PBXFileReference; fileEncoding = 4; lastKnownFileType = sourcecode.c.h; name = Graphics.h; path = lib/Graphics.h; sourceTree = "<group>"; };
		941D199114F4BE25005D6036 /* Images.c */ = {isa = PBXFileReference; fileEncoding = 4; lastKnownFileType = sourcecode.c.c; name = Images.c; path = lib/Images.c; sourceTree = "<group>"; };
		941D199214F4BE25005D6036 /* Images.h */ = {isa = PBXFileReference; fileEncoding = 4; lastKnownFileType = sourcecode.c.h; name = Images.h; path = lib/Images.h; sourceTree = "<group>"; };
		941D199314F4BE25005D6036 /* Input.c */ = {isa = PBXFileReference; fileEncoding = 4; lastKnownFileType = sourcecode.c.c; name = Input.c; path = lib/Input.c; sourceTree = "<group>"; };
		941D199414F4BE25005D6036 /* Input.h */ = {isa = PBXFileReference; fileEncoding = 4; lastKnownFileType = sourcecode.c.h; name = Input.h; path = lib/Input.h; sourceTree = "<group>"; };
		941D199514F4BE25005D6036 /* Networking.c */ = {isa = PBXFileReference; fileEncoding = 4; lastKnownFileType = sourcecode.c.c; name = Networking.c; path = lib/Networking.c; sourceTree = "<group>"; };
		941D199614F4BE25005D6036 /* Networking.h */ = {isa = PBXFileReference; fileEncoding = 4; lastKnownFileType = sourcecode.c.h; name = Networking.h; path = lib/Networking.h; sourceTree = "<group>"; };
		941D199714F4BE25005D6036 /* Physics.c */ = {isa = PBXFileReference; fileEncoding = 4; lastKnownFileType = sourcecode.c.c; name = Physics.c; path = lib/Physics.c; sourceTree = "<group>"; };
		941D199814F4BE25005D6036 /* Physics.h */ = {isa = PBXFileReference; fileEncoding = 4; lastKnownFileType = sourcecode.c.h; name = Physics.h; path = lib/Physics.h; sourceTree = "<group>"; };
		941D199914F4BE25005D6036 /* PointerManager.h */ = {isa = PBXFileReference; fileEncoding = 4; lastKnownFileType = sourcecode.c.h; name = PointerManager.h; path = lib/PointerManager.h; sourceTree = "<group>"; };
		941D199A14F4BE25005D6036 /* PointerManager.m */ = {isa = PBXFileReference; fileEncoding = 4; lastKnownFileType = sourcecode.c.objc; name = PointerManager.m; path = lib/PointerManager.m; sourceTree = "<group>"; };
		941D199B14F4BE25005D6036 /* Resources.c */ = {isa = PBXFileReference; fileEncoding = 4; lastKnownFileType = sourcecode.c.c; name = Resources.c; path = lib/Resources.c; sourceTree = "<group>"; };
		941D199C14F4BE25005D6036 /* Resources.h */ = {isa = PBXFileReference; fileEncoding = 4; lastKnownFileType = sourcecode.c.h; name = Resources.h; path = lib/Resources.h; sourceTree = "<group>"; };
		941D199D14F4BE25005D6036 /* SGAccelerometerMotion.h */ = {isa = PBXFileReference; fileEncoding = 4; lastKnownFileType = sourcecode.c.h; name = SGAccelerometerMotion.h; path = lib/SGAccelerometerMotion.h; sourceTree = "<group>"; };
		941D199E14F4BE25005D6036 /* SGAccelerometerMotion.m */ = {isa = PBXFileReference; fileEncoding = 4; lastKnownFileType = sourcecode.c.objc; name = SGAccelerometerMotion.m; path = lib/SGAccelerometerMotion.m; sourceTree = "<group>"; };
		941D199F14F4BE25005D6036 /* SGAnimation.h */ = {isa = PBXFileReference; fileEncoding = 4; lastKnownFileType = sourcecode.c.h; name = SGAnimation.h; path = lib/SGAnimation.h; sourceTree = "<group>"; };
		941D19A014F4BE25005D6036 /* SGAnimation.m */ = {isa = PBXFileReference; fileEncoding = 4; lastKnownFileType = sourcecode.c.objc; name = SGAnimation.m; path = lib/SGAnimation.m; sourceTree = "<group>"; };
		941D19A114F4BE25005D6036 /* SGAnimations.h */ = {isa = PBXFileReference; fileEncoding = 4; lastKnownFileType = sourcecode.c.h; name = SGAnimations.h; path = lib/SGAnimations.h; sourceTree = "<group>"; };
		941D19A214F4BE25005D6036 /* SGAnimations.m */ = {isa = PBXFileReference; fileEncoding = 4; lastKnownFileType = sourcecode.c.objc; name = SGAnimations.m; path = lib/SGAnimations.m; sourceTree = "<group>"; };
		941D19A314F4BE25005D6036 /* SGAnimationScript.h */ = {isa = PBXFileReference; fileEncoding = 4; lastKnownFileType = sourcecode.c.h; name = SGAnimationScript.h; path = lib/SGAnimationScript.h; sourceTree = "<group>"; };
		941D19A414F4BE25005D6036 /* SGAnimationScript.m */ = {isa = PBXFileReference; fileEncoding = 4; lastKnownFileType = sourcecode.c.objc; name = SGAnimationScript.m; path = lib/SGAnimationScript.m; sourceTree = "<group>"; };
		941D19A514F4BE25005D6036 /* SGAudio.h */ = {isa = PBXFileReference; fileEncoding = 4; lastKnownFileType = sourcecode.c.h; name = SGAudio.h; path = lib/SGAudio.h; sourceTree = "<group>"; };
		941D19A614F4BE25005D6036 /* SGAudio.m */ = {isa = PBXFileReference; fileEncoding = 4; lastKnownFileType = sourcecode.c.objc; name = SGAudio.m; path = lib/SGAudio.m; sourceTree = "<group>"; };
		941D19A714F4BE25005D6036 /* SGBitmap.h */ = {isa = PBXFileReference; fileEncoding = 4; lastKnownFileType = sourcecode.c.h; name = SGBitmap.h; path = lib/SGBitmap.h; sourceTree = "<group>"; };
		941D19A814F4BE25005D6036 /* SGBitmap.m */ = {isa = PBXFileReference; fileEncoding = 4; lastKnownFileType = sourcecode.c.objc; name = SGBitmap.m; path = lib/SGBitmap.m; sourceTree = "<group>"; };
		941D19A914F4BE25005D6036 /* SGBitmapCell.h */ = {isa = PBXFileReference; fileEncoding = 4; lastKnownFileType = sourcecode.c.h; name = SGBitmapCell.h; path = lib/SGBitmapCell.h; sourceTree = "<group>"; };
		941D19AA14F4BE25005D6036 /* SGBitmapCell.m */ = {isa = PBXFileReference; fileEncoding = 4; lastKnownFileType = sourcecode.c.objc; name = SGBitmapCell.m; path = lib/SGBitmapCell.m; sourceTree = "<group>"; };
		941D19AB14F4BE25005D6036 /* SGCamera.h */ = {isa = PBXFileReference; fileEncoding = 4; lastKnownFileType = sourcecode.c.h; name = SGCamera.h; path = lib/SGCamera.h; sourceTree = "<group>"; };
		941D19AC14F4BE25005D6036 /* SGCamera.m */ = {isa = PBXFileReference; fileEncoding = 4; lastKnownFileType = sourcecode.c.objc; name = SGCamera.m; path = lib/SGCamera.m; sourceTree = "<group>"; };
		941D19AD14F4BE26005D6036 /* SGCharacter.h */ = {isa = PBXFileReference; fileEncoding = 4; lastKnownFileType = sourcecode.c.h; name = SGCharacter.h; path = lib/SGCharacter.h; sourceTree = "<group>"; };
		941D19AE14F4BE26005D6036 /* SGCharacter.m */ = {isa = PBXFileReference; fileEncoding = 4; lastKnownFileType = sourcecode.c.objc; name = SGCharacter.m; path = lib/SGCharacter.m; sourceTree = "<group>"; };
		941D19AF14F4BE26005D6036 /* SGCharacters.h */ = {isa = PBXFileReference; fileEncoding = 4; lastKnownFileType = sourcecode.c.h; name = SGCharacters.h; path = lib/SGCharacters.h; sourceTree = "<group>"; };
		941D19B014F4BE26005D6036 /* SGCharacters.m */ = {isa = PBXFileReference; fileEncoding = 4; lastKnownFileType = sourcecode.c.objc; name = SGCharacters.m; path = lib/SGCharacters.m; sourceTree = "<group>"; };
		941D19B114F4BE26005D6036 /* SGCircle.h */ = {isa = PBXFileReference; fileEncoding = 4; lastKnownFileType = sourcecode.c.h; name = SGCircle.h; path = lib/SGCircle.h; sourceTree = "<group>"; };
		941D19B214F4BE26005D6036 /* SGCircle.m */ = {isa = PBXFileReference; fileEncoding = 4; lastKnownFileType = sourcecode.c.objc; name = SGCircle.m; path = lib/SGCircle.m; sourceTree = "<group>"; };
		941D19B314F4BE26005D6036 /* SGColors.h */ = {isa = PBXFileReference; fileEncoding = 4; lastKnownFileType = sourcecode.c.h; name = SGColors.h; path = lib/SGColors.h; sourceTree = "<group>"; };
		941D19B414F4BE26005D6036 /* SGColors.m */ = {isa = PBXFileReference; fileEncoding = 4; lastKnownFileType = sourcecode.c.objc; name = SGColors.m; path = lib/SGColors.m; sourceTree = "<group>"; };
		941D19B514F4BE26005D6036 /* SGConnection.h */ = {isa = PBXFileReference; fileEncoding = 4; lastKnownFileType = sourcecode.c.h; name = SGConnection.h; path = lib/SGConnection.h; sourceTree = "<group>"; };
		941D19B614F4BE26005D6036 /* SGConnection.m */ = {isa = PBXFileReference; fileEncoding = 4; lastKnownFileType = sourcecode.c.objc; name = SGConnection.m; path = lib/SGConnection.m; sourceTree = "<group>"; };
		941D19B714F4BE26005D6036 /* SGDirectionAngles.h */ = {isa = PBXFileReference; fileEncoding = 4; lastKnownFileType = sourcecode.c.h; name = SGDirectionAngles.h; path = lib/SGDirectionAngles.h; sourceTree = "<group>"; };
		941D19B814F4BE26005D6036 /* SGDirectionAngles.m */ = {isa = PBXFileReference; fileEncoding = 4; lastKnownFileType = sourcecode.c.objc; name = SGDirectionAngles.m; path = lib/SGDirectionAngles.m; sourceTree = "<group>"; };
		941D19B914F4BE26005D6036 /* SGFinger.h */ = {isa = PBXFileReference; fileEncoding = 4; lastKnownFileType = sourcecode.c.h; name = SGFinger.h; path = lib/SGFinger.h; sourceTree = "<group>"; };
		941D19BA14F4BE26005D6036 /* SGFinger.m */ = {isa = PBXFileReference; fileEncoding = 4; lastKnownFileType = sourcecode.c.objc; name = SGFinger.m; path = lib/SGFinger.m; sourceTree = "<group>"; };
		941D19BB14F4BE26005D6036 /* SGFont.h */ = {isa = PBXFileReference; fileEncoding = 4; lastKnownFileType = sourcecode.c.h; name = SGFont.h; path = lib/SGFont.h; sourceTree = "<group>"; };
		941D19BC14F4BE26005D6036 /* SGFont.m */ = {isa = PBXFileReference; fileEncoding = 4; lastKnownFileType = sourcecode.c.objc; name = SGFont.m; path = lib/SGFont.m; sourceTree = "<group>"; };
		941D19BD14F4BE26005D6036 /* SGGeometry.h */ = {isa = PBXFileReference; fileEncoding = 4; lastKnownFileType = sourcecode.c.h; name = SGGeometry.h; path = lib/SGGeometry.h; sourceTree = "<group>"; };
		941D19BE14F4BE26005D6036 /* SGGeometry.m */ = {isa = PBXFileReference; fileEncoding = 4; lastKnownFileType = sourcecode.c.objc; name = SGGeometry.m; path = lib/SGGeometry.m; sourceTree = "<group>"; };
		941D19BF14F4BE26005D6036 /* SGGraphics.h */ = {isa = PBXFileReference; fileEncoding = 4; lastKnownFileType = sourcecode.c.h; name = SGGraphics.h; path = lib/SGGraphics.h; sourceTree = "<group>"; };
		941D19C014F4BE26005D6036 /* SGGraphics.m */ = {isa = PBXFileReference; fileEncoding = 4; lastKnownFileType = sourcecode.c.objc; name = SGGraphics.m; path = lib/SGGraphics.m; sourceTree = "<group>"; };
		941D19C114F4BE26005D6036 /* SGGUICheckbox.h */ = {isa = PBXFileReference; fileEncoding = 4; lastKnownFileType = sourcecode.c.h; name = SGGUICheckbox.h; path = lib/SGGUICheckbox.h; sourceTree = "<group>"; };
		941D19C214F4BE26005D6036 /* SGGUICheckbox.m */ = {isa = PBXFileReference; fileEncoding = 4; lastKnownFileType = sourcecode.c.objc; name = SGGUICheckbox.m; path = lib/SGGUICheckbox.m; sourceTree = "<group>"; };
		941D19C314F4BE26005D6036 /* SGGUILabel.h */ = {isa = PBXFileReference; fileEncoding = 4; lastKnownFileType = sourcecode.c.h; name = SGGUILabel.h; path = lib/SGGUILabel.h; sourceTree = "<group>"; };
		941D19C414F4BE26005D6036 /* SGGUILabel.m */ = {isa = PBXFileReference; fileEncoding = 4; lastKnownFileType = sourcecode.c.objc; name = SGGUILabel.m; path = lib/SGGUILabel.m; sourceTree = "<group>"; };
		941D19C514F4BE26005D6036 /* SGGUIList.h */ = {isa = PBXFileReference; fileEncoding = 4; lastKnownFileType = sourcecode.c.h; name = SGGUIList.h; path = lib/SGGUIList.h; sourceTree = "<group>"; };
		941D19C614F4BE26005D6036 /* SGGUIList.m */ = {isa = PBXFileReference; fileEncoding = 4; lastKnownFileType = sourcecode.c.objc; name = SGGUIList.m; path = lib/SGGUIList.m; sourceTree = "<group>"; };
		941D19C714F4BE26005D6036 /* SGGUIRadioGroup.h */ = {isa = PBXFileReference; fileEncoding = 4; lastKnownFileType = sourcecode.c.h; name = SGGUIRadioGroup.h; path = lib/SGGUIRadioGroup.h; sourceTree = "<group>"; };
		941D19C814F4BE26005D6036 /* SGGUIRadioGroup.m */ = {isa = PBXFileReference; fileEncoding = 4; lastKnownFileType = sourcecode.c.objc; name = SGGUIRadioGroup.m; path = lib/SGGUIRadioGroup.m; sourceTree = "<group>"; };
		941D19C914F4BE26005D6036 /* SGGUITextbox.h */ = {isa = PBXFileReference; fileEncoding = 4; lastKnownFileType = sourcecode.c.h; name = SGGUITextbox.h; path = lib/SGGUITextbox.h; sourceTree = "<group>"; };
		941D19CA14F4BE26005D6036 /* SGGUITextbox.m */ = {isa = PBXFileReference; fileEncoding = 4; lastKnownFileType = sourcecode.c.objc; name = SGGUITextbox.m; path = lib/SGGUITextbox.m; sourceTree = "<group>"; };
		941D19CB14F4BE26005D6036 /* SGImages.h */ = {isa = PBXFileReference; fileEncoding = 4; lastKnownFileType = sourcecode.c.h; name = SGImages.h; path = lib/SGImages.h; sourceTree = "<group>"; };
		941D19CC14F4BE26005D6036 /* SGImages.m */ = {isa = PBXFileReference; fileEncoding = 4; lastKnownFileType = sourcecode.c.objc; name = SGImages.m; path = lib/SGImages.m; sourceTree = "<group>"; };
		941D19CD14F4BE26005D6036 /* SGInput.h */ = {isa = PBXFileReference; fileEncoding = 4; lastKnownFileType = sourcecode.c.h; name = SGInput.h; path = lib/SGInput.h; sourceTree = "<group>"; };
		941D19CE14F4BE26005D6036 /* SGInput.m */ = {isa = PBXFileReference; fileEncoding = 4; lastKnownFileType = sourcecode.c.objc; name = SGInput.m; path = lib/SGInput.m; sourceTree = "<group>"; };
		941D19CF14F4BE26005D6036 /* SGLineSegment.h */ = {isa = PBXFileReference; fileEncoding = 4; lastKnownFileType = sourcecode.c.h; name = SGLineSegment.h; path = lib/SGLineSegment.h; sourceTree = "<group>"; };
		941D19D014F4BE26005D6036 /* SGLineSegment.m */ = {isa = PBXFileReference; fileEncoding = 4; lastKnownFileType = sourcecode.c.objc; name = SGLineSegment.m; path = lib/SGLineSegment.m; sourceTree = "<group>"; };
		941D19D114F4BE26005D6036 /* SGMatrix2D.h */ = {isa = PBXFileReference; fileEncoding = 4; lastKnownFileType = sourcecode.c.h; name = SGMatrix2D.h; path = lib/SGMatrix2D.h; sourceTree = "<group>"; };
		941D19D214F4BE26005D6036 /* SGMatrix2D.m */ = {isa = PBXFileReference; fileEncoding = 4; lastKnownFileType = sourcecode.c.objc; name = SGMatrix2D.m; path = lib/SGMatrix2D.m; sourceTree = "<group>"; };
		941D19D314F4BE26005D6036 /* SGMusic.h */ = {isa = PBXFileReference; fileEncoding = 4; lastKnownFileType = sourcecode.c.h; name = SGMusic.h; path = lib/SGMusic.h; sourceTree = "<group>"; };
		941D19D414F4BE26005D6036 /* SGMusic.m */ = {isa = PBXFileReference; fileEncoding = 4; lastKnownFileType = sourcecode.c.objc; name = SGMusic.m; path = lib/SGMusic.m; sourceTree = "<group>"; };
		941D19D514F4BE26005D6036 /* SGNetworking.h */ = {isa = PBXFileReference; fileEncoding = 4; lastKnownFileType = sourcecode.c.h; name = SGNetworking.h; path = lib/SGNetworking.h; sourceTree = "<group>"; };
		941D19D614F4BE26005D6036 /* SGNetworking.m */ = {isa = PBXFileReference; fileEncoding = 4; lastKnownFileType = sourcecode.c.objc; name = SGNetworking.m; path = lib/SGNetworking.m; sourceTree = "<group>"; };
		941D19D714F4BE26005D6036 /* SGObjcUtils.h */ = {isa = PBXFileReference; fileEncoding = 4; lastKnownFileType = sourcecode.c.h; name = SGObjcUtils.h; path = lib/SGObjcUtils.h; sourceTree = "<group>"; };
		941D19D814F4BE26005D6036 /* SGObjcUtils.m */ = {isa = PBXFileReference; fileEncoding = 4; lastKnownFileType = sourcecode.c.objc; name = SGObjcUtils.m; path = lib/SGObjcUtils.m; sourceTree = "<group>"; };
		941D19D914F4BE26005D6036 /* SGPanel.h */ = {isa = PBXFileReference; fileEncoding = 4; lastKnownFileType = sourcecode.c.h; name = SGPanel.h; path = lib/SGPanel.h; sourceTree = "<group>"; };
		941D19DA14F4BE26005D6036 /* SGPanel.m */ = {isa = PBXFileReference; fileEncoding = 4; lastKnownFileType = sourcecode.c.objc; name = SGPanel.m; path = lib/SGPanel.m; sourceTree = "<group>"; };
		941D19DB14F4BE26005D6036 /* SGPhysics.h */ = {isa = PBXFileReference; fileEncoding = 4; lastKnownFileType = sourcecode.c.h; name = SGPhysics.h; path = lib/SGPhysics.h; sourceTree = "<group>"; };
		941D19DC14F4BE26005D6036 /* SGPhysics.m */ = {isa = PBXFileReference; fileEncoding = 4; lastKnownFileType = sourcecode.c.objc; name = SGPhysics.m; path = lib/SGPhysics.m; sourceTree = "<group>"; };
		941D19DD14F4BE26005D6036 /* SGPoint2D.h */ = {isa = PBXFileReference; fileEncoding = 4; lastKnownFileType = sourcecode.c.h; name = SGPoint2D.h; path = lib/SGPoint2D.h; sourceTree = "<group>"; };
		941D19DE14F4BE26005D6036 /* SGPoint2D.m */ = {isa = PBXFileReference; fileEncoding = 4; lastKnownFileType = sourcecode.c.objc; name = SGPoint2D.m; path = lib/SGPoint2D.m; sourceTree = "<group>"; };
		941D19DF14F4BE26005D6036 /* SGRectangle.h */ = {isa = PBXFileReference; fileEncoding = 4; lastKnownFileType = sourcecode.c.h; name = SGRectangle.h; path = lib/SGRectangle.h; sourceTree = "<group>"; };
		941D19E014F4BE26005D6036 /* SGRectangle.m */ = {isa = PBXFileReference; fileEncoding = 4; lastKnownFileType = sourcecode.c.objc; name = SGRectangle.m; path = lib/SGRectangle.m; sourceTree = "<group>"; };
		941D19E114F4BE26005D6036 /* SGRegion.h */ = {isa = PBXFileReference; fileEncoding = 4; lastKnownFileType = sourcecode.c.h; name = SGRegion.h; path = lib/SGRegion.h; sourceTree = "<group>"; };
		941D19E214F4BE26005D6036 /* SGRegion.m */ = {isa = PBXFileReference; fileEncoding = 4; lastKnownFileType = sourcecode.c.objc; name = SGRegion.m; path = lib/SGRegion.m; sourceTree = "<group>"; };
		941D19E314F4BE26005D6036 /* SGResolution.h */ = {isa = PBXFileReference; fileEncoding = 4; lastKnownFileType = sourcecode.c.h; name = SGResolution.h; path = lib/SGResolution.h; sourceTree = "<group>"; };
		941D19E414F4BE26005D6036 /* SGResolution.m */ = {isa = PBXFileReference; fileEncoding = 4; lastKnownFileType = sourcecode.c.objc; name = SGResolution.m; path = lib/SGResolution.m; sourceTree = "<group>"; };
		941D19E514F4BE26005D6036 /* SGResources.h */ = {isa = PBXFileReference; fileEncoding = 4; lastKnownFileType = sourcecode.c.h; name = SGResources.h; path = lib/SGResources.h; sourceTree = "<group>"; };
		941D19E614F4BE26005D6036 /* SGResources.m */ = {isa = PBXFileReference; fileEncoding = 4; lastKnownFileType = sourcecode.c.objc; name = SGResources.m; path = lib/SGResources.m; sourceTree = "<group>"; };
		941D19E714F4BE26005D6036 /* SGSDK.c */ = {isa = PBXFileReference; fileEncoding = 4; lastKnownFileType = sourcecode.c.c; name = SGSDK.c; path = lib/SGSDK.c; sourceTree = "<group>"; };
		941D19E814F4BE26005D6036 /* SGSDK.h */ = {isa = PBXFileReference; fileEncoding = 4; lastKnownFileType = sourcecode.c.h; name = SGSDK.h; path = lib/SGSDK.h; sourceTree = "<group>"; };
		941D19E914F4BE26005D6036 /* SGSoundEffect.h */ = {isa = PBXFileReference; fileEncoding = 4; lastKnownFileType = sourcecode.c.h; name = SGSoundEffect.h; path = lib/SGSoundEffect.h; sourceTree = "<group>"; };
		941D19EA14F4BE26005D6036 /* SGSoundEffect.m */ = {isa = PBXFileReference; fileEncoding = 4; lastKnownFileType = sourcecode.c.objc; name = SGSoundEffect.m; path = lib/SGSoundEffect.m; sourceTree = "<group>"; };
		941D19EB14F4BE26005D6036 /* SGSprite.h */ = {isa = PBXFileReference; fileEncoding = 4; lastKnownFileType = sourcecode.c.h; name = SGSprite.h; path = lib/SGSprite.h; sourceTree = "<group>"; };
		941D19EC14F4BE26005D6036 /* SGSprite.m */ = {isa = PBXFileReference; fileEncoding = 4; lastKnownFileType = sourcecode.c.objc; name = SGSprite.m; path = lib/SGSprite.m; sourceTree = "<group>"; };
		941D19ED14F4BE26005D6036 /* SGSprites.h */ = {isa = PBXFileReference; fileEncoding = 4; lastKnownFileType = sourcecode.c.h; name = SGSprites.h; path = lib/SGSprites.h; sourceTree = "<group>"; };
		941D19EE14F4BE26005D6036 /* SGSprites.m */ = {isa = PBXFileReference; fileEncoding = 4; lastKnownFileType = sourcecode.c.objc; name = SGSprites.m; path = lib/SGSprites.m; sourceTree = "<group>"; };
		941D19EF14F4BE26005D6036 /* SGText.h */ = {isa = PBXFileReference; fileEncoding = 4; lastKnownFileType = sourcecode.c.h; name = SGText.h; path = lib/SGText.h; sourceTree = "<group>"; };
		941D19F014F4BE26005D6036 /* SGText.m */ = {isa = PBXFileReference; fileEncoding = 4; lastKnownFileType = sourcecode.c.objc; name = SGText.m; path = lib/SGText.m; sourceTree = "<group>"; };
		941D19F114F4BE26005D6036 /* SGTimer.h */ = {isa = PBXFileReference; fileEncoding = 4; lastKnownFileType = sourcecode.c.h; name = SGTimer.h; path = lib/SGTimer.h; sourceTree = "<group>"; };
		941D19F214F4BE26005D6036 /* SGTimer.m */ = {isa = PBXFileReference; fileEncoding = 4; lastKnownFileType = sourcecode.c.objc; name = SGTimer.m; path = lib/SGTimer.m; sourceTree = "<group>"; };
		941D19F314F4BE26005D6036 /* SGTimers.h */ = {isa = PBXFileReference; fileEncoding = 4; lastKnownFileType = sourcecode.c.h; name = SGTimers.h; path = lib/SGTimers.h; sourceTree = "<group>"; };
		941D19F414F4BE26005D6036 /* SGTimers.m */ = {isa = PBXFileReference; fileEncoding = 4; lastKnownFileType = sourcecode.c.objc; name = SGTimers.m; path = lib/SGTimers.m; sourceTree = "<group>"; };
		941D19F514F4BE26005D6036 /* SGTriangle.h */ = {isa = PBXFileReference; fileEncoding = 4; lastKnownFileType = sourcecode.c.h; name = SGTriangle.h; path = lib/SGTriangle.h; sourceTree = "<group>"; };
		941D19F614F4BE26005D6036 /* SGTriangle.m */ = {isa = PBXFileReference; fileEncoding = 4; lastKnownFileType = sourcecode.c.objc; name = SGTriangle.m; path = lib/SGTriangle.m; sourceTree = "<group>"; };
		941D19F714F4BE26005D6036 /* SGTypes.h */ = {isa = PBXFileReference; fileEncoding = 4; lastKnownFileType = sourcecode.c.h; name = SGTypes.h; path = lib/SGTypes.h; sourceTree = "<group>"; };
		941D19F814F4BE26005D6036 /* SGUserInterface.h */ = {isa = PBXFileReference; fileEncoding = 4; lastKnownFileType = sourcecode.c.h; name = SGUserInterface.h; path = lib/SGUserInterface.h; sourceTree = "<group>"; };
		941D19F914F4BE26005D6036 /* SGUserInterface.m */ = {isa = PBXFileReference; fileEncoding = 4; lastKnownFileType = sourcecode.c.objc; name = SGUserInterface.m; path = lib/SGUserInterface.m; sourceTree = "<group>"; };
		941D19FA14F4BE26005D6036 /* SGUtils.h */ = {isa = PBXFileReference; fileEncoding = 4; lastKnownFileType = sourcecode.c.h; name = SGUtils.h; path = lib/SGUtils.h; sourceTree = "<group>"; };
		941D19FB14F4BE26005D6036 /* SGUtils.m */ = {isa = PBXFileReference; fileEncoding = 4; lastKnownFileType = sourcecode.c.objc; name = SGUtils.m; path = lib/SGUtils.m; sourceTree = "<group>"; };
		941D19FC14F4BE26005D6036 /* SGVector.h */ = {isa = PBXFileReference; fileEncoding = 4; lastKnownFileType = sourcecode.c.h; name = SGVector.h; path = lib/SGVector.h; sourceTree = "<group>"; };
		941D19FD14F4BE26005D6036 /* SGVector.m */ = {isa = PBXFileReference; fileEncoding = 4; lastKnownFileType = sourcecode.c.objc; name = SGVector.m; path = lib/SGVector.m; sourceTree = "<group>"; };
		941D19FE14F4BE26005D6036 /* Sprites.c */ = {isa = PBXFileReference; fileEncoding = 4; lastKnownFileType = sourcecode.c.c; name = Sprites.c; path = lib/Sprites.c; sourceTree = "<group>"; };
		941D19FF14F4BE26005D6036 /* Sprites.h */ = {isa = PBXFileReference; fileEncoding = 4; lastKnownFileType = sourcecode.c.h; name = Sprites.h; path = lib/Sprites.h; sourceTree = "<group>"; };
		941D1A0014F4BE26005D6036 /* SwinGame.h */ = {isa = PBXFileReference; fileEncoding = 4; lastKnownFileType = sourcecode.c.h; name = SwinGame.h; path = lib/SwinGame.h; sourceTree = "<group>"; };
		941D1A0114F4BE26005D6036 /* Text.c */ = {isa = PBXFileReference; fileEncoding = 4; lastKnownFileType = sourcecode.c.c; name = Text.c; path = lib/Text.c; sourceTree = "<group>"; };
		941D1A0214F4BE26005D6036 /* Text.h */ = {isa = PBXFileReference; fileEncoding = 4; lastKnownFileType = sourcecode.c.h; name = Text.h; path = lib/Text.h; sourceTree = "<group>"; };
		941D1A0314F4BE26005D6036 /* Timers.c */ = {isa = PBXFileReference; fileEncoding = 4; lastKnownFileType = sourcecode.c.c; name = Timers.c; path = lib/Timers.c; sourceTree = "<group>"; };
		941D1A0414F4BE26005D6036 /* Timers.h */ = {isa = PBXFileReference; fileEncoding = 4; lastKnownFileType = sourcecode.c.h; name = Timers.h; path = lib/Timers.h; sourceTree = "<group>"; };
		941D1A0514F4BE26005D6036 /* Types.h */ = {isa = PBXFileReference; fileEncoding = 4; lastKnownFileType = sourcecode.c.h; name = Types.h; path = lib/Types.h; sourceTree = "<group>"; };
		941D1A0614F4BE26005D6036 /* UserInterface.c */ = {isa = PBXFileReference; fileEncoding = 4; lastKnownFileType = sourcecode.c.c; name = UserInterface.c; path = lib/UserInterface.c; sourceTree = "<group>"; };
		941D1A0714F4BE26005D6036 /* UserInterface.h */ = {isa = PBXFileReference; fileEncoding = 4; lastKnownFileType = sourcecode.c.h; name = UserInterface.h; path = lib/UserInterface.h; sourceTree = "<group>"; };
		941D1A0814F4BE26005D6036 /* Utils.c */ = {isa = PBXFileReference; fileEncoding = 4; lastKnownFileType = sourcecode.c.c; name = Utils.c; path = lib/Utils.c; sourceTree = "<group>"; };
		941D1A0914F4BE26005D6036 /* Utils.h */ = {isa = PBXFileReference; fileEncoding = 4; lastKnownFileType = sourcecode.c.h; name = Utils.h; path = lib/Utils.h; sourceTree = "<group>"; };
		949A396B14F4C585009770F4 /* SwinGame.icns */ = {isa = PBXFileReference; lastKnownFileType = image.icns; path = SwinGame.icns; sourceTree = "<group>"; };
		949A396E14F4C5EA009770F4 /* startup.txt */ = {isa = PBXFileReference; fileEncoding = 4; lastKnownFileType = text; path = startup.txt; sourceTree = "<group>"; };
		949A397014F4C5EA009770F4 /* FileDialog.txt */ = {isa = PBXFileReference; fileEncoding = 4; lastKnownFileType = text; path = FileDialog.txt; sourceTree = "<group>"; };
		949A397114F4C5EA009770F4 /* splash.txt */ = {isa = PBXFileReference; fileEncoding = 4; lastKnownFileType = text; path = splash.txt; sourceTree = "<group>"; };
		949A397314F4C5EA009770F4 /* arial.ttf */ = {isa = PBXFileReference; lastKnownFileType = file; path = arial.ttf; sourceTree = "<group>"; };
		949A397414F4C5EA009770F4 /* cour.ttf */ = {isa = PBXFileReference; lastKnownFileType = file; path = cour.ttf; sourceTree = "<group>"; };
		949A397514F4C5EA009770F4 /* maven_pro_regular.ttf */ = {isa = PBXFileReference; lastKnownFileType = file; path = maven_pro_regular.ttf; sourceTree = "<group>"; };
		949A397714F4C5EA009770F4 /* fdFile.png */ = {isa = PBXFileReference; lastKnownFileType = image.png; path = fdFile.png; sourceTree = "<group>"; };
		949A397814F4C5EA009770F4 /* fdFolder.png */ = {isa = PBXFileReference; lastKnownFileType = image.png; path = fdFolder.png; sourceTree = "<group>"; };
		949A397914F4C5EA009770F4 /* FileDialog_Active.png */ = {isa = PBXFileReference; lastKnownFileType = image.png; path = FileDialog_Active.png; sourceTree = "<group>"; };
		949A397A14F4C5EA009770F4 /* FileDialog_Background.png */ = {isa = PBXFileReference; lastKnownFileType = image.png; path = FileDialog_Background.png; sourceTree = "<group>"; };
		949A397B14F4C5EA009770F4 /* FileDialog_Inactive.png */ = {isa = PBXFileReference; lastKnownFileType = image.png; path = FileDialog_Inactive.png; sourceTree = "<group>"; };
		949A397C14F4C5EA009770F4 /* FileDialog_Scroll.png */ = {isa = PBXFileReference; lastKnownFileType = image.png; path = FileDialog_Scroll.png; sourceTree = "<group>"; };
		949A397D14F4C5EA009770F4 /* FileDialog_ScrollSmall.png */ = {isa = PBXFileReference; lastKnownFileType = image.png; path = FileDialog_ScrollSmall.png; sourceTree = "<group>"; };
		949A397E14F4C5EA009770F4 /* Swinburne.jpg */ = {isa = PBXFileReference; lastKnownFileType = image.jpeg; path = Swinburne.jpg; sourceTree = "<group>"; };
		949A397F14F4C5EA009770F4 /* SwinGameAni.png */ = {isa = PBXFileReference; lastKnownFileType = image.png; path = SwinGameAni.png; sourceTree = "<group>"; };
		949A398214F4C5EA009770F4 /* FileDialog.txt */ = {isa = PBXFileReference; fileEncoding = 4; lastKnownFileType = text; path = FileDialog.txt; sourceTree = "<group>"; };
		949A398414F4C5EA009770F4 /* error.wav */ = {isa = PBXFileReference; lastKnownFileType = audio.wav; path = error.wav; sourceTree = "<group>"; };
		949A398514F4C5EA009770F4 /* SwinGameStart.wav */ = {isa = PBXFileReference; lastKnownFileType = audio.wav; path = SwinGameStart.wav; sourceTree = "<group>"; };
		949A398614F4C5EA009770F4 /* SwinGame.icns */ = {isa = PBXFileReference; lastKnownFileType = image.icns; path = SwinGame.icns; sourceTree = "<group>"; };
		949A398714F4C5EA009770F4 /* SwinGame.ico */ = {isa = PBXFileReference; lastKnownFileType = image.ico; path = SwinGame.ico; sourceTree = "<group>"; };
		94F1F567101EC46F006F3D32 /* main.m */ = {isa = PBXFileReference; fileEncoding = 4; lastKnownFileType = sourcecode.c.objc; name = main.m; path = src/main.m; sourceTree = "<group>"; };
/* End PBXFileReference section */

/* Begin PBXFrameworksBuildPhase section */
		8D11072E0486CEB800E47090 /* Frameworks */ = {
			isa = PBXFrameworksBuildPhase;
			buildActionMask = 2147483647;
			files = (
				9424DA6F101EC34F00E5B4BA /* Foundation.framework in Frameworks */,
				8D11072F0486CEB800E47090 /* Cocoa.framework in Frameworks */,
				941D192614F4BD82005D6036 /* SGSDK.framework in Frameworks */,
			);
			runOnlyForDeploymentPostprocessing = 0;
		};
/* End PBXFrameworksBuildPhase section */

/* Begin PBXGroup section */
		080E96DDFE201D6D7F000001 /* Classes */ = {
			isa = PBXGroup;
			children = (
			);
			name = Classes;
			path = src;
			sourceTree = "<group>";
		};
		1058C7A0FEA54F0111CA2CBB /* SwinGame Code */ = {
			isa = PBXGroup;
			children = (
				941D198314F4BE25005D6036 /* Animations.c */,
				941D198414F4BE25005D6036 /* Animations.h */,
				941D198514F4BE25005D6036 /* Audio.c */,
				941D198614F4BE25005D6036 /* Audio.h */,
				941D198714F4BE25005D6036 /* Camera.c */,
				941D198814F4BE25005D6036 /* Camera.h */,
				941D198914F4BE25005D6036 /* Characters.c */,
				941D198A14F4BE25005D6036 /* Characters.h */,
				941D198B14F4BE25005D6036 /* Colors.c */,
				941D198C14F4BE25005D6036 /* Colors.h */,
				941D198D14F4BE25005D6036 /* Geometry.c */,
				941D198E14F4BE25005D6036 /* Geometry.h */,
				941D198F14F4BE25005D6036 /* Graphics.c */,
				941D199014F4BE25005D6036 /* Graphics.h */,
				941D199114F4BE25005D6036 /* Images.c */,
				941D199214F4BE25005D6036 /* Images.h */,
				941D199314F4BE25005D6036 /* Input.c */,
				941D199414F4BE25005D6036 /* Input.h */,
				941D199514F4BE25005D6036 /* Networking.c */,
				941D199614F4BE25005D6036 /* Networking.h */,
				941D199714F4BE25005D6036 /* Physics.c */,
				941D199814F4BE25005D6036 /* Physics.h */,
				941D199914F4BE25005D6036 /* PointerManager.h */,
				941D199A14F4BE25005D6036 /* PointerManager.m */,
				941D199B14F4BE25005D6036 /* Resources.c */,
				941D199C14F4BE25005D6036 /* Resources.h */,
				941D199D14F4BE25005D6036 /* SGAccelerometerMotion.h */,
				941D199E14F4BE25005D6036 /* SGAccelerometerMotion.m */,
				941D199F14F4BE25005D6036 /* SGAnimation.h */,
				941D19A014F4BE25005D6036 /* SGAnimation.m */,
				941D19A114F4BE25005D6036 /* SGAnimations.h */,
				941D19A214F4BE25005D6036 /* SGAnimations.m */,
				941D19A314F4BE25005D6036 /* SGAnimationScript.h */,
				941D19A414F4BE25005D6036 /* SGAnimationScript.m */,
				941D19A514F4BE25005D6036 /* SGAudio.h */,
				941D19A614F4BE25005D6036 /* SGAudio.m */,
				941D19A714F4BE25005D6036 /* SGBitmap.h */,
				941D19A814F4BE25005D6036 /* SGBitmap.m */,
				941D19A914F4BE25005D6036 /* SGBitmapCell.h */,
				941D19AA14F4BE25005D6036 /* SGBitmapCell.m */,
				941D19AB14F4BE25005D6036 /* SGCamera.h */,
				941D19AC14F4BE25005D6036 /* SGCamera.m */,
				941D19AD14F4BE26005D6036 /* SGCharacter.h */,
				941D19AE14F4BE26005D6036 /* SGCharacter.m */,
				941D19AF14F4BE26005D6036 /* SGCharacters.h */,
				941D19B014F4BE26005D6036 /* SGCharacters.m */,
				941D19B114F4BE26005D6036 /* SGCircle.h */,
				941D19B214F4BE26005D6036 /* SGCircle.m */,
				941D19B314F4BE26005D6036 /* SGColors.h */,
				941D19B414F4BE26005D6036 /* SGColors.m */,
				941D19B514F4BE26005D6036 /* SGConnection.h */,
				941D19B614F4BE26005D6036 /* SGConnection.m */,
				941D19B714F4BE26005D6036 /* SGDirectionAngles.h */,
				941D19B814F4BE26005D6036 /* SGDirectionAngles.m */,
				941D19B914F4BE26005D6036 /* SGFinger.h */,
				941D19BA14F4BE26005D6036 /* SGFinger.m */,
				941D19BB14F4BE26005D6036 /* SGFont.h */,
				941D19BC14F4BE26005D6036 /* SGFont.m */,
				941D19BD14F4BE26005D6036 /* SGGeometry.h */,
				941D19BE14F4BE26005D6036 /* SGGeometry.m */,
				941D19BF14F4BE26005D6036 /* SGGraphics.h */,
				941D19C014F4BE26005D6036 /* SGGraphics.m */,
				941D19C114F4BE26005D6036 /* SGGUICheckbox.h */,
				941D19C214F4BE26005D6036 /* SGGUICheckbox.m */,
				941D19C314F4BE26005D6036 /* SGGUILabel.h */,
				941D19C414F4BE26005D6036 /* SGGUILabel.m */,
				941D19C514F4BE26005D6036 /* SGGUIList.h */,
				941D19C614F4BE26005D6036 /* SGGUIList.m */,
				941D19C714F4BE26005D6036 /* SGGUIRadioGroup.h */,
				941D19C814F4BE26005D6036 /* SGGUIRadioGroup.m */,
				941D19C914F4BE26005D6036 /* SGGUITextbox.h */,
				941D19CA14F4BE26005D6036 /* SGGUITextbox.m */,
				941D19CB14F4BE26005D6036 /* SGImages.h */,
				941D19CC14F4BE26005D6036 /* SGImages.m */,
				941D19CD14F4BE26005D6036 /* SGInput.h */,
				941D19CE14F4BE26005D6036 /* SGInput.m */,
				941D19CF14F4BE26005D6036 /* SGLineSegment.h */,
				941D19D014F4BE26005D6036 /* SGLineSegment.m */,
				941D19D114F4BE26005D6036 /* SGMatrix2D.h */,
				941D19D214F4BE26005D6036 /* SGMatrix2D.m */,
				941D19D314F4BE26005D6036 /* SGMusic.h */,
				941D19D414F4BE26005D6036 /* SGMusic.m */,
				941D19D514F4BE26005D6036 /* SGNetworking.h */,
				941D19D614F4BE26005D6036 /* SGNetworking.m */,
				941D19D714F4BE26005D6036 /* SGObjcUtils.h */,
				941D19D814F4BE26005D6036 /* SGObjcUtils.m */,
				941D19D914F4BE26005D6036 /* SGPanel.h */,
				941D19DA14F4BE26005D6036 /* SGPanel.m */,
				941D19DB14F4BE26005D6036 /* SGPhysics.h */,
				941D19DC14F4BE26005D6036 /* SGPhysics.m */,
				941D19DD14F4BE26005D6036 /* SGPoint2D.h */,
				941D19DE14F4BE26005D6036 /* SGPoint2D.m */,
				941D19DF14F4BE26005D6036 /* SGRectangle.h */,
				941D19E014F4BE26005D6036 /* SGRectangle.m */,
				941D19E114F4BE26005D6036 /* SGRegion.h */,
				941D19E214F4BE26005D6036 /* SGRegion.m */,
				941D19E314F4BE26005D6036 /* SGResolution.h */,
				941D19E414F4BE26005D6036 /* SGResolution.m */,
				941D19E514F4BE26005D6036 /* SGResources.h */,
				941D19E614F4BE26005D6036 /* SGResources.m */,
				941D19E714F4BE26005D6036 /* SGSDK.c */,
				941D19E814F4BE26005D6036 /* SGSDK.h */,
				941D19E914F4BE26005D6036 /* SGSoundEffect.h */,
				941D19EA14F4BE26005D6036 /* SGSoundEffect.m */,
				941D19EB14F4BE26005D6036 /* SGSprite.h */,
				941D19EC14F4BE26005D6036 /* SGSprite.m */,
				941D19ED14F4BE26005D6036 /* SGSprites.h */,
				941D19EE14F4BE26005D6036 /* SGSprites.m */,
				941D19EF14F4BE26005D6036 /* SGText.h */,
				941D19F014F4BE26005D6036 /* SGText.m */,
				941D19F114F4BE26005D6036 /* SGTimer.h */,
				941D19F214F4BE26005D6036 /* SGTimer.m */,
				941D19F314F4BE26005D6036 /* SGTimers.h */,
				941D19F414F4BE26005D6036 /* SGTimers.m */,
				941D19F514F4BE26005D6036 /* SGTriangle.h */,
				941D19F614F4BE26005D6036 /* SGTriangle.m */,
				941D19F714F4BE26005D6036 /* SGTypes.h */,
				941D19F814F4BE26005D6036 /* SGUserInterface.h */,
				941D19F914F4BE26005D6036 /* SGUserInterface.m */,
				941D19FA14F4BE26005D6036 /* SGUtils.h */,
				941D19FB14F4BE26005D6036 /* SGUtils.m */,
				941D19FC14F4BE26005D6036 /* SGVector.h */,
				941D19FD14F4BE26005D6036 /* SGVector.m */,
				941D19FE14F4BE26005D6036 /* Sprites.c */,
				941D19FF14F4BE26005D6036 /* Sprites.h */,
				941D1A0014F4BE26005D6036 /* SwinGame.h */,
				941D1A0114F4BE26005D6036 /* Text.c */,
				941D1A0214F4BE26005D6036 /* Text.h */,
				941D1A0314F4BE26005D6036 /* Timers.c */,
				941D1A0414F4BE26005D6036 /* Timers.h */,
				941D1A0514F4BE26005D6036 /* Types.h */,
				941D1A0614F4BE26005D6036 /* UserInterface.c */,
				941D1A0714F4BE26005D6036 /* UserInterface.h */,
				941D1A0814F4BE26005D6036 /* Utils.c */,
				941D1A0914F4BE26005D6036 /* Utils.h */,
			);
			name = "SwinGame Code";
			sourceTree = "<group>";
		};
		19C28FACFE9D520D11CA2CBB /* Products */ = {
			isa = PBXGroup;
			children = (
				8D1107320486CEB800E47090 /* MyGame.app */,
			);
			name = Products;
			sourceTree = "<group>";
		};
		29B97314FDCFA39411CA2CEA /* MyGame */ = {
			isa = PBXGroup;
			children = (
				949A396B14F4C585009770F4 /* SwinGame.icns */,
				080E96DDFE201D6D7F000001 /* Classes */,
				29B97315FDCFA39411CA2CEA /* Other Sources */,
				29B97323FDCFA39411CA2CEA /* Libraries and Frameworks */,
				19C28FACFE9D520D11CA2CBB /* Products */,
				949A396C14F4C5EA009770F4 /* Resources */,
			);
			name = MyGame;
			sourceTree = "<group>";
		};
		29B97315FDCFA39411CA2CEA /* Other Sources */ = {
			isa = PBXGroup;
			children = (
				94F1F567101EC46F006F3D32 /* main.m */,
			);
			name = "Other Sources";
			sourceTree = "<group>";
		};
		29B97323FDCFA39411CA2CEA /* Libraries and Frameworks */ = {
			isa = PBXGroup;
			children = (
				941D191614F4BD82005D6036 /* mac */,
				1058C7A0FEA54F0111CA2CBB /* SwinGame Code */,
				1058C7A1FEA54F0111CA2CBB /* Cocoa.framework */,
				29B97325FDCFA39411CA2CEA /* Foundation.framework */,
			);
			name = "Libraries and Frameworks";
			sourceTree = "<group>";
		};
		941D191614F4BD82005D6036 /* mac */ = {
			isa = PBXGroup;
			children = (
				941D191E14F4BD82005D6036 /* SGSDK.framework */,
			);
			name = mac;
			path = lib/mac;
			sourceTree = "<group>";
		};
		949A396C14F4C5EA009770F4 /* Resources */ = {
			isa = PBXGroup;
			children = (
				949A396D14F4C5EA009770F4 /* animations */,
				949A396F14F4C5EA009770F4 /* bundles */,
				949A397214F4C5EA009770F4 /* fonts */,
				949A397614F4C5EA009770F4 /* images */,
				949A398014F4C5EA009770F4 /* maps */,
				949A398114F4C5EA009770F4 /* panels */,
				949A398314F4C5EA009770F4 /* sounds */,
				949A398614F4C5EA009770F4 /* SwinGame.icns */,
				949A398714F4C5EA009770F4 /* SwinGame.ico */,
			);
			path = Resources;
			sourceTree = "<group>";
		};
		949A396D14F4C5EA009770F4 /* animations */ = {
			isa = PBXGroup;
			children = (
				949A396E14F4C5EA009770F4 /* startup.txt */,
			);
			path = animations;
			sourceTree = "<group>";
		};
		949A396F14F4C5EA009770F4 /* bundles */ = {
			isa = PBXGroup;
			children = (
				949A397014F4C5EA009770F4 /* FileDialog.txt */,
				949A397114F4C5EA009770F4 /* splash.txt */,
			);
			path = bundles;
			sourceTree = "<group>";
		};
		949A397214F4C5EA009770F4 /* fonts */ = {
			isa = PBXGroup;
			children = (
				949A397314F4C5EA009770F4 /* arial.ttf */,
				949A397414F4C5EA009770F4 /* cour.ttf */,
				949A397514F4C5EA009770F4 /* maven_pro_regular.ttf */,
			);
			path = fonts;
			sourceTree = "<group>";
		};
		949A397614F4C5EA009770F4 /* images */ = {
			isa = PBXGroup;
			children = (
				949A397714F4C5EA009770F4 /* fdFile.png */,
				949A397814F4C5EA009770F4 /* fdFolder.png */,
				949A397914F4C5EA009770F4 /* FileDialog_Active.png */,
				949A397A14F4C5EA009770F4 /* FileDialog_Background.png */,
				949A397B14F4C5EA009770F4 /* FileDialog_Inactive.png */,
				949A397C14F4C5EA009770F4 /* FileDialog_Scroll.png */,
				949A397D14F4C5EA009770F4 /* FileDialog_ScrollSmall.png */,
				949A397E14F4C5EA009770F4 /* Swinburne.jpg */,
				949A397F14F4C5EA009770F4 /* SwinGameAni.png */,
			);
			path = images;
			sourceTree = "<group>";
		};
		949A398014F4C5EA009770F4 /* maps */ = {
			isa = PBXGroup;
			children = (
			);
			path = maps;
			sourceTree = "<group>";
		};
		949A398114F4C5EA009770F4 /* panels */ = {
			isa = PBXGroup;
			children = (
				949A398214F4C5EA009770F4 /* FileDialog.txt */,
			);
			path = panels;
			sourceTree = "<group>";
		};
		949A398314F4C5EA009770F4 /* sounds */ = {
			isa = PBXGroup;
			children = (
				949A398414F4C5EA009770F4 /* error.wav */,
				949A398514F4C5EA009770F4 /* SwinGameStart.wav */,
			);
			path = sounds;
			sourceTree = "<group>";
		};
/* End PBXGroup section */

/* Begin PBXNativeTarget section */
		8D1107260486CEB800E47090 /* MyGame */ = {
			isa = PBXNativeTarget;
			buildConfigurationList = C01FCF4A08A954540054247B /* Build configuration list for PBXNativeTarget "MyGame" */;
			buildPhases = (
				8D11072C0486CEB800E47090 /* Sources */,
				8D11072E0486CEB800E47090 /* Frameworks */,
				9424DA6E101EC33A00E5B4BA /* Copy Frameworks */,
				9424DA73101EC39800E5B4BA /* Copy Resources */,
			);
			buildRules = (
			);
			dependencies = (
			);
			name = MyGame;
			productInstallPath = "$(HOME)/Applications";
			productName = MyGame;
			productReference = 8D1107320486CEB800E47090 /* MyGame.app */;
			productType = "com.apple.product-type.application";
		};
/* End PBXNativeTarget section */

/* Begin PBXProject section */
		29B97313FDCFA39411CA2CEA /* Project object */ = {
			isa = PBXProject;
			attributes = {
				LastUpgradeCheck = 0420;
			};
			buildConfigurationList = C01FCF4E08A954540054247B /* Build configuration list for PBXProject "MyGame" */;
			compatibilityVersion = "Xcode 3.2";
			developmentRegion = English;
			hasScannedForEncodings = 1;
			knownRegions = (
				en,
			);
			mainGroup = 29B97314FDCFA39411CA2CEA /* MyGame */;
			projectDirPath = "";
			projectRoot = "";
			targets = (
				8D1107260486CEB800E47090 /* MyGame */,
			);
		};
/* End PBXProject section */

/* Begin PBXShellScriptBuildPhase section */
		9424DA73101EC39800E5B4BA /* Copy Resources */ = {
			isa = PBXShellScriptBuildPhase;
			buildActionMask = 2147483647;
			files = (
			);
			inputPaths = (
			);
			name = "Copy Resources";
			outputPaths = (
			);
			runOnlyForDeploymentPostprocessing = 0;
			shellPath = /bin/sh;
			shellScript = "copyWithoutSVN()\n{\n    FROM_DIR=$1\n    TO_DIR=$2\n    \n    cd \"${FROM_DIR}\"\n    \n    # Create directory structure\n    find . -mindepth 1 -type d ! -path \\*.svn\\* -exec sh -c \"if [ ! -d '${TO_DIR}/{}' ]; then mkdir -p '${TO_DIR}/{}' ; fi\" \\;\n    # Copy files and links\n    find . ! -path \\*.svn\\* ! -name \\*.DS_Store ! -type d -exec cp -R -p {} \"${TO_DIR}/{}\"  \\;\n}\n\nRESOURCE_DIR=\"${TARGET_BUILD_DIR}/${PRODUCT_NAME}.app/Contents/Resources\"\ncopyWithoutSVN \"${SRCROOT}/Resources\" \"${RESOURCE_DIR}\"\n\n\n";
		};
/* End PBXShellScriptBuildPhase section */

/* Begin PBXSourcesBuildPhase section */
		8D11072C0486CEB800E47090 /* Sources */ = {
			isa = PBXSourcesBuildPhase;
			buildActionMask = 2147483647;
			files = (
				94F1F568101EC46F006F3D32 /* main.m in Sources */,
				941D1A0A14F4BE26005D6036 /* Animations.c in Sources */,
				941D1A0B14F4BE26005D6036 /* Audio.c in Sources */,
				941D1A0C14F4BE26005D6036 /* Camera.c in Sources */,
				941D1A0D14F4BE26005D6036 /* Characters.c in Sources */,
				941D1A0E14F4BE26005D6036 /* Colors.c in Sources */,
				941D1A0F14F4BE26005D6036 /* Geometry.c in Sources */,
				941D1A1014F4BE26005D6036 /* Graphics.c in Sources */,
				941D1A1114F4BE26005D6036 /* Images.c in Sources */,
				941D1A1214F4BE26005D6036 /* Input.c in Sources */,
				941D1A1314F4BE26005D6036 /* Networking.c in Sources */,
				941D1A1414F4BE26005D6036 /* Physics.c in Sources */,
				941D1A1514F4BE26005D6036 /* PointerManager.m in Sources */,
				941D1A1614F4BE26005D6036 /* Resources.c in Sources */,
				941D1A1714F4BE26005D6036 /* SGAccelerometerMotion.m in Sources */,
				941D1A1814F4BE26005D6036 /* SGAnimation.m in Sources */,
				941D1A1914F4BE26005D6036 /* SGAnimations.m in Sources */,
				941D1A1A14F4BE26005D6036 /* SGAnimationScript.m in Sources */,
				941D1A1B14F4BE26005D6036 /* SGAudio.m in Sources */,
				941D1A1C14F4BE26005D6036 /* SGBitmap.m in Sources */,
				941D1A1D14F4BE26005D6036 /* SGBitmapCell.m in Sources */,
				941D1A1E14F4BE26005D6036 /* SGCamera.m in Sources */,
				941D1A1F14F4BE26005D6036 /* SGCharacter.m in Sources */,
				941D1A2014F4BE26005D6036 /* SGCharacters.m in Sources */,
				941D1A2114F4BE26005D6036 /* SGCircle.m in Sources */,
				941D1A2214F4BE26005D6036 /* SGColors.m in Sources */,
				941D1A2314F4BE26005D6036 /* SGConnection.m in Sources */,
				941D1A2414F4BE26005D6036 /* SGDirectionAngles.m in Sources */,
				941D1A2514F4BE26005D6036 /* SGFinger.m in Sources */,
				941D1A2614F4BE26005D6036 /* SGFont.m in Sources */,
				941D1A2714F4BE26005D6036 /* SGGeometry.m in Sources */,
				941D1A2814F4BE26005D6036 /* SGGraphics.m in Sources */,
				941D1A2914F4BE26005D6036 /* SGGUICheckbox.m in Sources */,
				941D1A2A14F4BE26005D6036 /* SGGUILabel.m in Sources */,
				941D1A2B14F4BE26005D6036 /* SGGUIList.m in Sources */,
				941D1A2C14F4BE26005D6036 /* SGGUIRadioGroup.m in Sources */,
				941D1A2D14F4BE26005D6036 /* SGGUITextbox.m in Sources */,
				941D1A2E14F4BE26005D6036 /* SGImages.m in Sources */,
				941D1A2F14F4BE26005D6036 /* SGInput.m in Sources */,
				941D1A3014F4BE26005D6036 /* SGLineSegment.m in Sources */,
				941D1A3114F4BE26005D6036 /* SGMatrix2D.m in Sources */,
				941D1A3214F4BE26005D6036 /* SGMusic.m in Sources */,
				941D1A3314F4BE26005D6036 /* SGNetworking.m in Sources */,
				941D1A3414F4BE26005D6036 /* SGObjcUtils.m in Sources */,
				941D1A3514F4BE26005D6036 /* SGPanel.m in Sources */,
				941D1A3614F4BE26005D6036 /* SGPhysics.m in Sources */,
				941D1A3714F4BE26005D6036 /* SGPoint2D.m in Sources */,
				941D1A3814F4BE26005D6036 /* SGRectangle.m in Sources */,
				941D1A3914F4BE26005D6036 /* SGRegion.m in Sources */,
				941D1A3A14F4BE26005D6036 /* SGResolution.m in Sources */,
				941D1A3B14F4BE26005D6036 /* SGResources.m in Sources */,
				941D1A3C14F4BE26005D6036 /* SGSDK.c in Sources */,
				941D1A3D14F4BE26005D6036 /* SGSoundEffect.m in Sources */,
				941D1A3E14F4BE26005D6036 /* SGSprite.m in Sources */,
				941D1A3F14F4BE26005D6036 /* SGSprites.m in Sources */,
				941D1A4014F4BE26005D6036 /* SGText.m in Sources */,
				941D1A4114F4BE26005D6036 /* SGTimer.m in Sources */,
				941D1A4214F4BE26005D6036 /* SGTimers.m in Sources */,
				941D1A4314F4BE26005D6036 /* SGTriangle.m in Sources */,
				941D1A4414F4BE26005D6036 /* SGUserInterface.m in Sources */,
				941D1A4514F4BE26005D6036 /* SGUtils.m in Sources */,
				941D1A4614F4BE26005D6036 /* SGVector.m in Sources */,
				941D1A4714F4BE26005D6036 /* Sprites.c in Sources */,
				941D1A4814F4BE26005D6036 /* Text.c in Sources */,
				941D1A4914F4BE26005D6036 /* Timers.c in Sources */,
				941D1A4A14F4BE26005D6036 /* UserInterface.c in Sources */,
				941D1A4B14F4BE26005D6036 /* Utils.c in Sources */,
			);
			runOnlyForDeploymentPostprocessing = 0;
		};
/* End PBXSourcesBuildPhase section */

/* Begin XCBuildConfiguration section */
		C01FCF4B08A954540054247B /* Debug */ = {
			isa = XCBuildConfiguration;
			buildSettings = {
				ALWAYS_SEARCH_USER_PATHS = NO;
				ARCHS = i386;
				COPY_PHASE_STRIP = NO;
				FRAMEWORK_SEARCH_PATHS = (
					"$(inherited)",
					"\"$(SRCROOT)/lib\"",
					"\"$(SRCROOT)/lib/mac\"",
				);
				GCC_DYNAMIC_NO_PIC = NO;
				GCC_MODEL_TUNING = G5;
				GCC_OPTIMIZATION_LEVEL = 0;
				GCC_PRECOMPILE_PREFIX_HEADER = NO;
				INFOPLIST_FILE = Info.plist;
				INSTALL_PATH = "$(HOME)/Applications";
				LD_RUNPATH_SEARCH_PATHS = "@loader_path/../Frameworks";
				ONLY_ACTIVE_ARCH = NO;
				PRODUCT_NAME = "$(PROJECT_NAME)";
				SDKROOT = "";
				VALID_ARCHS = i386;
			};
			name = Debug;
		};
		C01FCF4C08A954540054247B /* Release */ = {
			isa = XCBuildConfiguration;
			buildSettings = {
				ALWAYS_SEARCH_USER_PATHS = NO;
				ARCHS = i386;
				DEBUG_INFORMATION_FORMAT = "dwarf-with-dsym";
				FRAMEWORK_SEARCH_PATHS = (
					"$(inherited)",
					"\"$(SRCROOT)/lib\"",
					"\"$(SRCROOT)/lib/mac\"",
				);
				GCC_MODEL_TUNING = G5;
				GCC_PRECOMPILE_PREFIX_HEADER = YES;
				GCC_PREFIX_HEADER = MyGame_Prefix.pch;
				INFOPLIST_FILE = Info.plist;
				INSTALL_PATH = "$(HOME)/Applications";
				LD_RUNPATH_SEARCH_PATHS = "@loader_path/../Frameworks";
				ONLY_ACTIVE_ARCH = NO;
				PRODUCT_NAME = MyGame;
				VALID_ARCHS = i386;
			};
			name = Release;
		};
		C01FCF4F08A954540054247B /* Debug */ = {
			isa = XCBuildConfiguration;
			buildSettings = {
				ARCHS = "$(ARCHS_STANDARD_32_BIT)";
				GCC_C_LANGUAGE_STANDARD = c99;
				GCC_OPTIMIZATION_LEVEL = 0;
				GCC_WARN_ABOUT_RETURN_TYPE = YES;
				GCC_WARN_UNUSED_VARIABLE = YES;
				ONLY_ACTIVE_ARCH = YES;
				SDKROOT = "";
			};
			name = Debug;
		};
		C01FCF5008A954540054247B /* Release */ = {
			isa = XCBuildConfiguration;
			buildSettings = {
				ARCHS = "$(ARCHS_STANDARD_32_BIT)";
				GCC_C_LANGUAGE_STANDARD = c99;
				GCC_WARN_ABOUT_RETURN_TYPE = YES;
				GCC_WARN_UNUSED_VARIABLE = YES;
				SDKROOT = "";
			};
			name = Release;
		};
/* End XCBuildConfiguration section */

/* Begin XCConfigurationList section */
		C01FCF4A08A954540054247B /* Build configuration list for PBXNativeTarget "MyGame" */ = {
			isa = XCConfigurationList;
			buildConfigurations = (
				C01FCF4B08A954540054247B /* Debug */,
				C01FCF4C08A954540054247B /* Release */,
			);
			defaultConfigurationIsVisible = 0;
			defaultConfigurationName = Release;
		};
		C01FCF4E08A954540054247B /* Build configuration list for PBXProject "MyGame" */ = {
			isa = XCConfigurationList;
			buildConfigurations = (
				C01FCF4F08A954540054247B /* Debug */,
				C01FCF5008A954540054247B /* Release */,
			);
			defaultConfigurationIsVisible = 0;
			defaultConfigurationName = Release;
		};
/* End XCConfigurationList section */
	};
	rootObject = 29B97313FDCFA39411CA2CEA /* Project object */;
}
