// !$*UTF8*$!
{
	archiveVersion = 1;
	classes = {
	};
	objectVersion = 46;
	objects = {

/* Begin PBXBuildFile section */
		944473EF0FF7608B002B4FFA /* main.c in Sources */ = {isa = PBXBuildFile; fileRef = 944473D10FF76043002B4FFA /* main.c */; };
		94DB1FB814ECD33900AFBF51 /* Animations.c in Sources */ = {isa = PBXBuildFile; fileRef = 94DB1F8914ECD33800AFBF51 /* Animations.c */; };
		94DB1FB914ECD33900AFBF51 /* Audio.c in Sources */ = {isa = PBXBuildFile; fileRef = 94DB1F8B14ECD33800AFBF51 /* Audio.c */; };
		94DB1FBA14ECD33900AFBF51 /* Camera.c in Sources */ = {isa = PBXBuildFile; fileRef = 94DB1F8D14ECD33800AFBF51 /* Camera.c */; };
		94DB1FBB14ECD33900AFBF51 /* Characters.c in Sources */ = {isa = PBXBuildFile; fileRef = 94DB1F8F14ECD33800AFBF51 /* Characters.c */; };
		94DB1FBC14ECD33900AFBF51 /* Colors.c in Sources */ = {isa = PBXBuildFile; fileRef = 94DB1F9114ECD33800AFBF51 /* Colors.c */; };
		94DB1FBD14ECD33900AFBF51 /* Geometry.c in Sources */ = {isa = PBXBuildFile; fileRef = 94DB1F9314ECD33800AFBF51 /* Geometry.c */; };
		94DB1FC514ECD33900AFBF51 /* Graphics.c in Sources */ = {isa = PBXBuildFile; fileRef = 94DB1F9E14ECD33900AFBF51 /* Graphics.c */; };
		94DB1FC614ECD33900AFBF51 /* Images.c in Sources */ = {isa = PBXBuildFile; fileRef = 94DB1FA014ECD33900AFBF51 /* Images.c */; };
		94DB1FC714ECD33900AFBF51 /* Input.c in Sources */ = {isa = PBXBuildFile; fileRef = 94DB1FA214ECD33900AFBF51 /* Input.c */; };
		94DB1FC814ECD33900AFBF51 /* Networking.c in Sources */ = {isa = PBXBuildFile; fileRef = 94DB1FA414ECD33900AFBF51 /* Networking.c */; };
		94DB1FC914ECD33900AFBF51 /* Physics.c in Sources */ = {isa = PBXBuildFile; fileRef = 94DB1FA614ECD33900AFBF51 /* Physics.c */; };
		94DB1FCA14ECD33900AFBF51 /* Resources.c in Sources */ = {isa = PBXBuildFile; fileRef = 94DB1FA814ECD33900AFBF51 /* Resources.c */; };
		94DB1FCB14ECD33900AFBF51 /* SGSDK.c in Sources */ = {isa = PBXBuildFile; fileRef = 94DB1FAA14ECD33900AFBF51 /* SGSDK.c */; };
		94DB1FCC14ECD33900AFBF51 /* Sprites.c in Sources */ = {isa = PBXBuildFile; fileRef = 94DB1FAC14ECD33900AFBF51 /* Sprites.c */; };
		94DB1FCD14ECD33900AFBF51 /* Text.c in Sources */ = {isa = PBXBuildFile; fileRef = 94DB1FAF14ECD33900AFBF51 /* Text.c */; };
		94DB1FCE14ECD33900AFBF51 /* Timers.c in Sources */ = {isa = PBXBuildFile; fileRef = 94DB1FB114ECD33900AFBF51 /* Timers.c */; };
		94DB1FCF14ECD33900AFBF51 /* UserInterface.c in Sources */ = {isa = PBXBuildFile; fileRef = 94DB1FB414ECD33900AFBF51 /* UserInterface.c */; };
		94DB1FD014ECD33900AFBF51 /* Utils.c in Sources */ = {isa = PBXBuildFile; fileRef = 94DB1FB614ECD33900AFBF51 /* Utils.c */; };
		94DB207614ECD42E00AFBF51 /* Cocoa.framework in Frameworks */ = {isa = PBXBuildFile; fileRef = 94E963E6138A1D860016765E /* Cocoa.framework */; };
		94DB207A14ECD43100AFBF51 /* SGSDK.framework in Frameworks */ = {isa = PBXBuildFile; fileRef = 94DB1F2014ECD22200AFBF51 /* SGSDK.framework */; };
		94DB207E14ECD43600AFBF51 /* Foundation.framework in Frameworks */ = {isa = PBXBuildFile; fileRef = 94E963E8138A1D860016765E /* Foundation.framework */; };
		94DB20B114ECD4FD00AFBF51 /* SGSDK.framework in Copy Frameworks */ = {isa = PBXBuildFile; fileRef = 94DB1F2014ECD22200AFBF51 /* SGSDK.framework */; };
/* End PBXBuildFile section */

/* Begin PBXCopyFilesBuildPhase section */
		94F685400FF7677B00C88D27 /* Copy Frameworks */ = {
			isa = PBXCopyFilesBuildPhase;
			buildActionMask = 2147483647;
			dstPath = "";
			dstSubfolderSpec = 10;
			files = (
				94DB20B114ECD4FD00AFBF51 /* SGSDK.framework in Copy Frameworks */,
			);
			name = "Copy Frameworks";
			runOnlyForDeploymentPostprocessing = 0;
		};
/* End PBXCopyFilesBuildPhase section */

/* Begin PBXFileReference section */
		941F476414F597E300F19AD2 /* SwinGameStart.wav */ = {isa = PBXFileReference; lastKnownFileType = audio.wav; name = SwinGameStart.wav; path = Resources/sounds/SwinGameStart.wav; sourceTree = SOURCE_ROOT; };
		944473C20FF76043002B4FFA /* arial.ttf */ = {isa = PBXFileReference; lastKnownFileType = file; path = arial.ttf; sourceTree = "<group>"; };
		944473C30FF76043002B4FFA /* cour.ttf */ = {isa = PBXFileReference; lastKnownFileType = file; path = cour.ttf; sourceTree = "<group>"; };
		944473CE0FF76043002B4FFA /* SwinGame.icns */ = {isa = PBXFileReference; lastKnownFileType = image.icns; path = SwinGame.icns; sourceTree = "<group>"; };
		944473CF0FF76043002B4FFA /* SwinGame.ico */ = {isa = PBXFileReference; lastKnownFileType = image.ico; path = SwinGame.ico; sourceTree = "<group>"; };
		944473D10FF76043002B4FFA /* main.c */ = {isa = PBXFileReference; fileEncoding = 4; lastKnownFileType = sourcecode.c.c; path = main.c; sourceTree = "<group>"; };
		944473E10FF76057002B4FFA /* MyGame.app */ = {isa = PBXFileReference; explicitFileType = wrapper.application; includeInIndex = 0; path = MyGame.app; sourceTree = BUILT_PRODUCTS_DIR; };
		944473E40FF76057002B4FFA /* MyGame-Info.plist */ = {isa = PBXFileReference; lastKnownFileType = text.plist.xml; path = "MyGame-Info.plist"; sourceTree = "<group>"; };
		9477423E101EA74300AB691F /* Swinburne.jpg */ = {isa = PBXFileReference; lastKnownFileType = image.jpeg; name = Swinburne.jpg; path = Resources/images/Swinburne.jpg; sourceTree = SOURCE_ROOT; };
		94DB1F2014ECD22200AFBF51 /* SGSDK.framework */ = {isa = PBXFileReference; lastKnownFileType = wrapper.framework; name = SGSDK.framework; path = mac/SGSDK.framework; sourceTree = "<group>"; };
		94DB1F8914ECD33800AFBF51 /* Animations.c */ = {isa = PBXFileReference; fileEncoding = 4; lastKnownFileType = sourcecode.c.c; path = Animations.c; sourceTree = "<group>"; };
		94DB1F8A14ECD33800AFBF51 /* Animations.h */ = {isa = PBXFileReference; fileEncoding = 4; lastKnownFileType = sourcecode.c.h; path = Animations.h; sourceTree = "<group>"; };
		94DB1F8B14ECD33800AFBF51 /* Audio.c */ = {isa = PBXFileReference; fileEncoding = 4; lastKnownFileType = sourcecode.c.c; path = Audio.c; sourceTree = "<group>"; };
		94DB1F8C14ECD33800AFBF51 /* Audio.h */ = {isa = PBXFileReference; fileEncoding = 4; lastKnownFileType = sourcecode.c.h; path = Audio.h; sourceTree = "<group>"; };
		94DB1F8D14ECD33800AFBF51 /* Camera.c */ = {isa = PBXFileReference; fileEncoding = 4; lastKnownFileType = sourcecode.c.c; path = Camera.c; sourceTree = "<group>"; };
		94DB1F8E14ECD33800AFBF51 /* Camera.h */ = {isa = PBXFileReference; fileEncoding = 4; lastKnownFileType = sourcecode.c.h; path = Camera.h; sourceTree = "<group>"; };
		94DB1F8F14ECD33800AFBF51 /* Characters.c */ = {isa = PBXFileReference; fileEncoding = 4; lastKnownFileType = sourcecode.c.c; path = Characters.c; sourceTree = "<group>"; };
		94DB1F9014ECD33800AFBF51 /* Characters.h */ = {isa = PBXFileReference; fileEncoding = 4; lastKnownFileType = sourcecode.c.h; path = Characters.h; sourceTree = "<group>"; };
		94DB1F9114ECD33800AFBF51 /* Colors.c */ = {isa = PBXFileReference; fileEncoding = 4; lastKnownFileType = sourcecode.c.c; path = Colors.c; sourceTree = "<group>"; };
		94DB1F9214ECD33800AFBF51 /* Colors.h */ = {isa = PBXFileReference; fileEncoding = 4; lastKnownFileType = sourcecode.c.h; path = Colors.h; sourceTree = "<group>"; };
		94DB1F9314ECD33800AFBF51 /* Geometry.c */ = {isa = PBXFileReference; fileEncoding = 4; lastKnownFileType = sourcecode.c.c; path = Geometry.c; sourceTree = "<group>"; };
		94DB1F9414ECD33900AFBF51 /* Geometry.h */ = {isa = PBXFileReference; fileEncoding = 4; lastKnownFileType = sourcecode.c.h; path = Geometry.h; sourceTree = "<group>"; };
		94DB1F9E14ECD33900AFBF51 /* Graphics.c */ = {isa = PBXFileReference; fileEncoding = 4; lastKnownFileType = sourcecode.c.c; path = Graphics.c; sourceTree = "<group>"; };
		94DB1F9F14ECD33900AFBF51 /* Graphics.h */ = {isa = PBXFileReference; fileEncoding = 4; lastKnownFileType = sourcecode.c.h; path = Graphics.h; sourceTree = "<group>"; };
		94DB1FA014ECD33900AFBF51 /* Images.c */ = {isa = PBXFileReference; fileEncoding = 4; lastKnownFileType = sourcecode.c.c; path = Images.c; sourceTree = "<group>"; };
		94DB1FA114ECD33900AFBF51 /* Images.h */ = {isa = PBXFileReference; fileEncoding = 4; lastKnownFileType = sourcecode.c.h; path = Images.h; sourceTree = "<group>"; };
		94DB1FA214ECD33900AFBF51 /* Input.c */ = {isa = PBXFileReference; fileEncoding = 4; lastKnownFileType = sourcecode.c.c; path = Input.c; sourceTree = "<group>"; };
		94DB1FA314ECD33900AFBF51 /* Input.h */ = {isa = PBXFileReference; fileEncoding = 4; lastKnownFileType = sourcecode.c.h; path = Input.h; sourceTree = "<group>"; };
		94DB1FA414ECD33900AFBF51 /* Networking.c */ = {isa = PBXFileReference; fileEncoding = 4; lastKnownFileType = sourcecode.c.c; path = Networking.c; sourceTree = "<group>"; };
		94DB1FA514ECD33900AFBF51 /* Networking.h */ = {isa = PBXFileReference; fileEncoding = 4; lastKnownFileType = sourcecode.c.h; path = Networking.h; sourceTree = "<group>"; };
		94DB1FA614ECD33900AFBF51 /* Physics.c */ = {isa = PBXFileReference; fileEncoding = 4; lastKnownFileType = sourcecode.c.c; path = Physics.c; sourceTree = "<group>"; };
		94DB1FA714ECD33900AFBF51 /* Physics.h */ = {isa = PBXFileReference; fileEncoding = 4; lastKnownFileType = sourcecode.c.h; path = Physics.h; sourceTree = "<group>"; };
		94DB1FA814ECD33900AFBF51 /* Resources.c */ = {isa = PBXFileReference; fileEncoding = 4; lastKnownFileType = sourcecode.c.c; path = Resources.c; sourceTree = "<group>"; };
		94DB1FA914ECD33900AFBF51 /* Resources.h */ = {isa = PBXFileReference; fileEncoding = 4; lastKnownFileType = sourcecode.c.h; path = Resources.h; sourceTree = "<group>"; };
		94DB1FAA14ECD33900AFBF51 /* SGSDK.c */ = {isa = PBXFileReference; fileEncoding = 4; lastKnownFileType = sourcecode.c.c; path = SGSDK.c; sourceTree = "<group>"; };
		94DB1FAB14ECD33900AFBF51 /* SGSDK.h */ = {isa = PBXFileReference; fileEncoding = 4; lastKnownFileType = sourcecode.c.h; path = SGSDK.h; sourceTree = "<group>"; };
		94DB1FAC14ECD33900AFBF51 /* Sprites.c */ = {isa = PBXFileReference; fileEncoding = 4; lastKnownFileType = sourcecode.c.c; path = Sprites.c; sourceTree = "<group>"; };
		94DB1FAD14ECD33900AFBF51 /* Sprites.h */ = {isa = PBXFileReference; fileEncoding = 4; lastKnownFileType = sourcecode.c.h; path = Sprites.h; sourceTree = "<group>"; };
		94DB1FAE14ECD33900AFBF51 /* SwinGame.h */ = {isa = PBXFileReference; fileEncoding = 4; lastKnownFileType = sourcecode.c.h; path = SwinGame.h; sourceTree = "<group>"; };
		94DB1FAF14ECD33900AFBF51 /* Text.c */ = {isa = PBXFileReference; fileEncoding = 4; lastKnownFileType = sourcecode.c.c; path = Text.c; sourceTree = "<group>"; };
		94DB1FB014ECD33900AFBF51 /* Text.h */ = {isa = PBXFileReference; fileEncoding = 4; lastKnownFileType = sourcecode.c.h; path = Text.h; sourceTree = "<group>"; };
		94DB1FB114ECD33900AFBF51 /* Timers.c */ = {isa = PBXFileReference; fileEncoding = 4; lastKnownFileType = sourcecode.c.c; path = Timers.c; sourceTree = "<group>"; };
		94DB1FB214ECD33900AFBF51 /* Timers.h */ = {isa = PBXFileReference; fileEncoding = 4; lastKnownFileType = sourcecode.c.h; path = Timers.h; sourceTree = "<group>"; };
		94DB1FB314ECD33900AFBF51 /* Types.h */ = {isa = PBXFileReference; fileEncoding = 4; lastKnownFileType = sourcecode.c.h; path = Types.h; sourceTree = "<group>"; };
		94DB1FB414ECD33900AFBF51 /* UserInterface.c */ = {isa = PBXFileReference; fileEncoding = 4; lastKnownFileType = sourcecode.c.c; path = UserInterface.c; sourceTree = "<group>"; };
		94DB1FB514ECD33900AFBF51 /* UserInterface.h */ = {isa = PBXFileReference; fileEncoding = 4; lastKnownFileType = sourcecode.c.h; path = UserInterface.h; sourceTree = "<group>"; };
		94DB1FB614ECD33900AFBF51 /* Utils.c */ = {isa = PBXFileReference; fileEncoding = 4; lastKnownFileType = sourcecode.c.c; path = Utils.c; sourceTree = "<group>"; };
		94DB1FB714ECD33900AFBF51 /* Utils.h */ = {isa = PBXFileReference; fileEncoding = 4; lastKnownFileType = sourcecode.c.h; path = Utils.h; sourceTree = "<group>"; };
		94DB1FEA14ECD3DA00AFBF51 /* SwinGameAni.png */ = {isa = PBXFileReference; lastKnownFileType = image.png; name = SwinGameAni.png; path = Resources/images/SwinGameAni.png; sourceTree = SOURCE_ROOT; };
		94E963C8138A1BF20016765E /* startup.txt */ = {isa = PBXFileReference; fileEncoding = 4; lastKnownFileType = text; path = startup.txt; sourceTree = "<group>"; };
		94E963CA138A1BF20016765E /* FileDialog.txt */ = {isa = PBXFileReference; fileEncoding = 4; lastKnownFileType = text; path = FileDialog.txt; sourceTree = "<group>"; };
		94E963CB138A1BF20016765E /* splash.txt */ = {isa = PBXFileReference; fileEncoding = 4; lastKnownFileType = text; path = splash.txt; sourceTree = "<group>"; };
		94E963CC138A1C100016765E /* fdFile.png */ = {isa = PBXFileReference; lastKnownFileType = image.png; name = fdFile.png; path = Resources/images/fdFile.png; sourceTree = SOURCE_ROOT; };
		94E963CD138A1C100016765E /* fdFolder.png */ = {isa = PBXFileReference; lastKnownFileType = image.png; name = fdFolder.png; path = Resources/images/fdFolder.png; sourceTree = SOURCE_ROOT; };
		94E963CE138A1C100016765E /* FileDialog_Active.png */ = {isa = PBXFileReference; lastKnownFileType = image.png; name = FileDialog_Active.png; path = Resources/images/FileDialog_Active.png; sourceTree = SOURCE_ROOT; };
		94E963CF138A1C100016765E /* FileDialog_Background.png */ = {isa = PBXFileReference; lastKnownFileType = image.png; name = FileDialog_Background.png; path = Resources/images/FileDialog_Background.png; sourceTree = SOURCE_ROOT; };
		94E963D0138A1C100016765E /* FileDialog_Inactive.png */ = {isa = PBXFileReference; lastKnownFileType = image.png; name = FileDialog_Inactive.png; path = Resources/images/FileDialog_Inactive.png; sourceTree = SOURCE_ROOT; };
		94E963D1138A1C100016765E /* FileDialog_Scroll.png */ = {isa = PBXFileReference; lastKnownFileType = image.png; name = FileDialog_Scroll.png; path = Resources/images/FileDialog_Scroll.png; sourceTree = SOURCE_ROOT; };
		94E963D2138A1C100016765E /* FileDialog_ScrollSmall.png */ = {isa = PBXFileReference; lastKnownFileType = image.png; name = FileDialog_ScrollSmall.png; path = Resources/images/FileDialog_ScrollSmall.png; sourceTree = SOURCE_ROOT; };
		94E963D3138A1C200016765E /* FileDialog.txt */ = {isa = PBXFileReference; fileEncoding = 4; lastKnownFileType = text; name = FileDialog.txt; path = Resources/panels/FileDialog.txt; sourceTree = SOURCE_ROOT; };
		94E963D4138A1C2B0016765E /* error.wav */ = {isa = PBXFileReference; lastKnownFileType = audio.wav; name = error.wav; path = Resources/sounds/error.wav; sourceTree = SOURCE_ROOT; };
		94E963E6138A1D860016765E /* Cocoa.framework */ = {isa = PBXFileReference; lastKnownFileType = wrapper.framework; name = Cocoa.framework; path = /System/Library/Frameworks/Cocoa.framework; sourceTree = "<absolute>"; };
		94E963E8138A1D860016765E /* Foundation.framework */ = {isa = PBXFileReference; lastKnownFileType = wrapper.framework; name = Foundation.framework; path = /System/Library/Frameworks/Foundation.framework; sourceTree = "<absolute>"; };
/* End PBXFileReference section */

/* Begin PBXFrameworksBuildPhase section */
		944473DF0FF76057002B4FFA /* Frameworks */ = {
			isa = PBXFrameworksBuildPhase;
			buildActionMask = 2147483647;
			files = (
				94DB207614ECD42E00AFBF51 /* Cocoa.framework in Frameworks */,
				94DB207A14ECD43100AFBF51 /* SGSDK.framework in Frameworks */,
				94DB207E14ECD43600AFBF51 /* Foundation.framework in Frameworks */,
			);
			runOnlyForDeploymentPostprocessing = 0;
		};
/* End PBXFrameworksBuildPhase section */

/* Begin PBXGroup section */
		944473910FF76022002B4FFA = {
			isa = PBXGroup;
			children = (
				94B87A1C1006F0D40020CC77 /* lib */,
				944473C00FF76043002B4FFA /* Resources */,
				944473D00FF76043002B4FFA /* src */,
				944473E20FF76057002B4FFA /* Products */,
				944473E40FF76057002B4FFA /* MyGame-Info.plist */,
			);
			sourceTree = "<group>";
		};
		944473C00FF76043002B4FFA /* Resources */ = {
			isa = PBXGroup;
			children = (
				94E963C7138A1BF20016765E /* animations */,
				94E963C9138A1BF20016765E /* bundles */,
				944473C10FF76043002B4FFA /* fonts */,
				944473C40FF76043002B4FFA /* images */,
				944473C90FF76043002B4FFA /* maps */,
				944473CA0FF76043002B4FFA /* panels */,
				944473CB0FF76043002B4FFA /* sounds */,
				944473CE0FF76043002B4FFA /* SwinGame.icns */,
				944473CF0FF76043002B4FFA /* SwinGame.ico */,
			);
			name = Resources;
			path = ./Resources;
			sourceTree = SOURCE_ROOT;
		};
		944473C10FF76043002B4FFA /* fonts */ = {
			isa = PBXGroup;
			children = (
				944473C20FF76043002B4FFA /* arial.ttf */,
				944473C30FF76043002B4FFA /* cour.ttf */,
			);
			path = fonts;
			sourceTree = "<group>";
		};
		944473C40FF76043002B4FFA /* images */ = {
			isa = PBXGroup;
			children = (
				94DB1FEA14ECD3DA00AFBF51 /* SwinGameAni.png */,
				94E963CC138A1C100016765E /* fdFile.png */,
				94E963CD138A1C100016765E /* fdFolder.png */,
				94E963CE138A1C100016765E /* FileDialog_Active.png */,
				94E963CF138A1C100016765E /* FileDialog_Background.png */,
				94E963D0138A1C100016765E /* FileDialog_Inactive.png */,
				94E963D1138A1C100016765E /* FileDialog_Scroll.png */,
				94E963D2138A1C100016765E /* FileDialog_ScrollSmall.png */,
				9477423E101EA74300AB691F /* Swinburne.jpg */,
			);
			path = images;
			sourceTree = "<group>";
		};
		944473C90FF76043002B4FFA /* maps */ = {
			isa = PBXGroup;
			children = (
			);
			path = maps;
			sourceTree = "<group>";
		};
		944473CA0FF76043002B4FFA /* panels */ = {
			isa = PBXGroup;
			children = (
				94E963D3138A1C200016765E /* FileDialog.txt */,
			);
			path = panels;
			sourceTree = "<group>";
		};
		944473CB0FF76043002B4FFA /* sounds */ = {
			isa = PBXGroup;
			children = (
				941F476414F597E300F19AD2 /* SwinGameStart.wav */,
				94E963D4138A1C2B0016765E /* error.wav */,
			);
			path = sounds;
			sourceTree = "<group>";
		};
		944473D00FF76043002B4FFA /* src */ = {
			isa = PBXGroup;
			children = (
				944473D10FF76043002B4FFA /* main.c */,
			);
			name = src;
			path = ./src;
			sourceTree = SOURCE_ROOT;
		};
		944473E20FF76057002B4FFA /* Products */ = {
			isa = PBXGroup;
			children = (
				944473E10FF76057002B4FFA /* MyGame.app */,
			);
			name = Products;
			sourceTree = "<group>";
		};
		94B87A1C1006F0D40020CC77 /* lib */ = {
			isa = PBXGroup;
			children = (
				94DB1F8914ECD33800AFBF51 /* Animations.c */,
				94DB1F8A14ECD33800AFBF51 /* Animations.h */,
				94DB1F8B14ECD33800AFBF51 /* Audio.c */,
				94DB1F8C14ECD33800AFBF51 /* Audio.h */,
				94DB1F8D14ECD33800AFBF51 /* Camera.c */,
				94DB1F8E14ECD33800AFBF51 /* Camera.h */,
				94DB1F8F14ECD33800AFBF51 /* Characters.c */,
				94DB1F9014ECD33800AFBF51 /* Characters.h */,
				94DB1F9114ECD33800AFBF51 /* Colors.c */,
				94DB1F9214ECD33800AFBF51 /* Colors.h */,
				94DB1F9314ECD33800AFBF51 /* Geometry.c */,
				94DB1F9414ECD33900AFBF51 /* Geometry.h */,
				94DB1F9E14ECD33900AFBF51 /* Graphics.c */,
				94DB1F9F14ECD33900AFBF51 /* Graphics.h */,
				94DB1FA014ECD33900AFBF51 /* Images.c */,
				94DB1FA114ECD33900AFBF51 /* Images.h */,
				94DB1FA214ECD33900AFBF51 /* Input.c */,
				94DB1FA314ECD33900AFBF51 /* Input.h */,
				94DB1FA414ECD33900AFBF51 /* Networking.c */,
				94DB1FA514ECD33900AFBF51 /* Networking.h */,
				94DB1FA614ECD33900AFBF51 /* Physics.c */,
				94DB1FA714ECD33900AFBF51 /* Physics.h */,
				94DB1FA814ECD33900AFBF51 /* Resources.c */,
				94DB1FA914ECD33900AFBF51 /* Resources.h */,
				94DB1FAA14ECD33900AFBF51 /* SGSDK.c */,
				94DB1FAB14ECD33900AFBF51 /* SGSDK.h */,
				94DB1FAC14ECD33900AFBF51 /* Sprites.c */,
				94DB1FAD14ECD33900AFBF51 /* Sprites.h */,
				94DB1FAE14ECD33900AFBF51 /* SwinGame.h */,
				94DB1FAF14ECD33900AFBF51 /* Text.c */,
				94DB1FB014ECD33900AFBF51 /* Text.h */,
				94DB1FB114ECD33900AFBF51 /* Timers.c */,
				94DB1FB214ECD33900AFBF51 /* Timers.h */,
				94DB1FB314ECD33900AFBF51 /* Types.h */,
				94DB1FB414ECD33900AFBF51 /* UserInterface.c */,
				94DB1FB514ECD33900AFBF51 /* UserInterface.h */,
				94DB1FB614ECD33900AFBF51 /* Utils.c */,
				94DB1FB714ECD33900AFBF51 /* Utils.h */,
				94DB1F2014ECD22200AFBF51 /* SGSDK.framework */,
				94E963E6138A1D860016765E /* Cocoa.framework */,
				94E963E8138A1D860016765E /* Foundation.framework */,
			);
			path = lib;
			sourceTree = "<group>";
		};
		94E963C7138A1BF20016765E /* animations */ = {
			isa = PBXGroup;
			children = (
				94E963C8138A1BF20016765E /* startup.txt */,
			);
			name = animations;
			path = Resources/animations;
			sourceTree = SOURCE_ROOT;
		};
		94E963C9138A1BF20016765E /* bundles */ = {
			isa = PBXGroup;
			children = (
				94E963CA138A1BF20016765E /* FileDialog.txt */,
				94E963CB138A1BF20016765E /* splash.txt */,
			);
			name = bundles;
			path = Resources/bundles;
			sourceTree = SOURCE_ROOT;
		};
/* End PBXGroup section */

/* Begin PBXNativeTarget section */
		944473E00FF76057002B4FFA /* HelloWorld */ = {
			isa = PBXNativeTarget;
			buildConfigurationList = 944473E70FF76058002B4FFA /* Build configuration list for PBXNativeTarget "HelloWorld" */;
			buildPhases = (
				944473DE0FF76057002B4FFA /* Sources */,
				944473DF0FF76057002B4FFA /* Frameworks */,
				94F685400FF7677B00C88D27 /* Copy Frameworks */,
				9477425A101EA7A800AB691F /* ShellScript */,
			);
			buildRules = (
			);
			dependencies = (
			);
			name = HelloWorld;
			productName = MyGame;
			productReference = 944473E10FF76057002B4FFA /* MyGame.app */;
			productType = "com.apple.product-type.application";
		};
/* End PBXNativeTarget section */

/* Begin PBXProject section */
		944473930FF76022002B4FFA /* Project object */ = {
			isa = PBXProject;
			attributes = {
				LastUpgradeCheck = 0420;
			};
			buildConfigurationList = 944473960FF76022002B4FFA /* Build configuration list for PBXProject "MyGame" */;
			compatibilityVersion = "Xcode 3.2";
			developmentRegion = English;
			hasScannedForEncodings = 0;
			knownRegions = (
				en,
			);
			mainGroup = 944473910FF76022002B4FFA;
			productRefGroup = 944473E20FF76057002B4FFA /* Products */;
			projectDirPath = "";
			projectRoot = "";
			targets = (
				944473E00FF76057002B4FFA /* HelloWorld */,
			);
		};
/* End PBXProject section */

/* Begin PBXShellScriptBuildPhase section */
		9477425A101EA7A800AB691F /* ShellScript */ = {
			isa = PBXShellScriptBuildPhase;
			buildActionMask = 2147483647;
			files = (
			);
			inputPaths = (
			);
			outputPaths = (
				"$(DERIVED_FILE_DIR)/myfile",
			);
			runOnlyForDeploymentPostprocessing = 0;
			shellPath = /bin/sh;
			shellScript = "copyWithoutSVN()\n{\n    FROM_DIR=$1\n    TO_DIR=$2\n    \n    cd \"${FROM_DIR}\"\n    \n    # Create directory structure\n    find . -mindepth 1 -type d ! -path \\*.svn\\* -exec sh -c \"if [ ! -d '${TO_DIR}/{}' ]; then mkdir -p '${TO_DIR}/{}' ; fi\" \\;\n    # Copy files and links\n    find . ! -path \\*.svn\\* ! -name \\*.DS_Store ! -type d -exec cp -R -p {} \"${TO_DIR}/{}\"  \\;\n}\n\nRESOURCE_DIR=\"${TARGET_BUILD_DIR}/${PRODUCT_NAME}.app/Contents/Resources\"\ncopyWithoutSVN \"${SRCROOT}/Resources\" \"${RESOURCE_DIR}\"\n\n\n";
		};
/* End PBXShellScriptBuildPhase section */

/* Begin PBXSourcesBuildPhase section */
		944473DE0FF76057002B4FFA /* Sources */ = {
			isa = PBXSourcesBuildPhase;
			buildActionMask = 2147483647;
			files = (
				944473EF0FF7608B002B4FFA /* main.c in Sources */,
				94DB1FB814ECD33900AFBF51 /* Animations.c in Sources */,
				94DB1FB914ECD33900AFBF51 /* Audio.c in Sources */,
				94DB1FBA14ECD33900AFBF51 /* Camera.c in Sources */,
				94DB1FBB14ECD33900AFBF51 /* Characters.c in Sources */,
				94DB1FBC14ECD33900AFBF51 /* Colors.c in Sources */,
				94DB1FBD14ECD33900AFBF51 /* Geometry.c in Sources */,
				94DB1FC514ECD33900AFBF51 /* Graphics.c in Sources */,
				94DB1FC614ECD33900AFBF51 /* Images.c in Sources */,
				94DB1FC714ECD33900AFBF51 /* Input.c in Sources */,
				94DB1FC814ECD33900AFBF51 /* Networking.c in Sources */,
				94DB1FC914ECD33900AFBF51 /* Physics.c in Sources */,
				94DB1FCA14ECD33900AFBF51 /* Resources.c in Sources */,
				94DB1FCB14ECD33900AFBF51 /* SGSDK.c in Sources */,
				94DB1FCC14ECD33900AFBF51 /* Sprites.c in Sources */,
				94DB1FCD14ECD33900AFBF51 /* Text.c in Sources */,
				94DB1FCE14ECD33900AFBF51 /* Timers.c in Sources */,
				94DB1FCF14ECD33900AFBF51 /* UserInterface.c in Sources */,
				94DB1FD014ECD33900AFBF51 /* Utils.c in Sources */,
			);
			runOnlyForDeploymentPostprocessing = 0;
		};
/* End PBXSourcesBuildPhase section */

/* Begin XCBuildConfiguration section */
		944473940FF76022002B4FFA /* Debug */ = {
			isa = XCBuildConfiguration;
			buildSettings = {
				COPY_PHASE_STRIP = NO;
				LD_RUNPATH_SEARCH_PATHS = "@loader_path/../Frameworks";
			};
			name = Debug;
		};
		944473950FF76022002B4FFA /* Release */ = {
			isa = XCBuildConfiguration;
			buildSettings = {
				COPY_PHASE_STRIP = YES;
				LD_RUNPATH_SEARCH_PATHS = "@loader_path/../Frameworks";
			};
			name = Release;
		};
		944473E50FF76058002B4FFA /* Debug */ = {
			isa = XCBuildConfiguration;
			buildSettings = {
				ALWAYS_SEARCH_USER_PATHS = NO;
				CODE_SIGN_IDENTITY = "Don't Code Sign";
				COPY_PHASE_STRIP = NO;
				FRAMEWORK_SEARCH_PATHS = (
					"$(inherited)",
					"\"$(SRCROOT)/lib\"",
					"\"$(SRCROOT)/lib/mac\"",
					"\"$(SRCROOT)/lib/godly/mac\"",
				);
				GCC_DYNAMIC_NO_PIC = NO;
				GCC_OPTIMIZATION_LEVEL = 0;
				GCC_PRECOMPILE_PREFIX_HEADER = YES;
				GCC_PREFIX_HEADER = "";
				INFOPLIST_FILE = "MyGame-Info.plist";
				INSTALL_PATH = "$(HOME)/Applications";
				OTHER_LDFLAGS = "";
				PRODUCT_NAME = MyGame;
				SDKROOT = macosx;
				VALID_ARCHS = i386;
			};
			name = Debug;
		};
		944473E60FF76058002B4FFA /* Release */ = {
			isa = XCBuildConfiguration;
			buildSettings = {
				ALWAYS_SEARCH_USER_PATHS = NO;
				CODE_SIGN_IDENTITY = "Don't Code Sign";
				COPY_PHASE_STRIP = YES;
				DEBUG_INFORMATION_FORMAT = "dwarf-with-dsym";
				FRAMEWORK_SEARCH_PATHS = (
					"$(inherited)",
					"\"$(SRCROOT)/../lib\"",
					"\"$(SRCROOT)/lib\"",
					"\"$(SRCROOT)/lib/mac\"",
					"\"$(SRCROOT)/lib/godly/mac\"",
				);
				GCC_PRECOMPILE_PREFIX_HEADER = YES;
				GCC_PREFIX_HEADER = "";
				INFOPLIST_FILE = "MyGame-Info.plist";
				INSTALL_PATH = "$(HOME)/Applications";
				OTHER_LDFLAGS = (
					"-framework",
					Foundation,
					"-framework",
					Cocoa,
				);
				PRODUCT_NAME = MyGame;
				SDKROOT = macosx;
				VALID_ARCHS = i386;
				ZERO_LINK = NO;
			};
			name = Release;
		};
/* End XCBuildConfiguration section */

/* Begin XCConfigurationList section */
		944473960FF76022002B4FFA /* Build configuration list for PBXProject "MyGame" */ = {
			isa = XCConfigurationList;
			buildConfigurations = (
				944473940FF76022002B4FFA /* Debug */,
				944473950FF76022002B4FFA /* Release */,
			);
			defaultConfigurationIsVisible = 0;
			defaultConfigurationName = Release;
		};
		944473E70FF76058002B4FFA /* Build configuration list for PBXNativeTarget "HelloWorld" */ = {
			isa = XCConfigurationList;
			buildConfigurations = (
				944473E50FF76058002B4FFA /* Debug */,
				944473E60FF76058002B4FFA /* Release */,
			);
			defaultConfigurationIsVisible = 0;
			defaultConfigurationName = Release;
		};
/* End XCConfigurationList section */
	};
	rootObject = 944473930FF76022002B4FFA /* Project object */;
}
