
Microsoft Visual Studio Solution File, Format Version 10.00
# Visual Studio 2008
Project("{FAE04EC0-301F-11D3-BF4B-00C04F79EFBC}") = "MyGame", "MyGame.csproj", "{871B5A90-103A-46A5-BBB9-07C02B9851D1}"
EndProject
Global
	GlobalSection(SolutionConfigurationPlatforms) = preSolution
		Debug-Mac|x86 = Debug-Mac|x86
		Debug-Windows|x86 = Debug-Windows|x86
		Debug-Unix|x86 = Debug-Unix|x86
	EndGlobalSection
	GlobalSection(ProjectConfigurationPlatforms) = postSolution
		{871B5A90-103A-46A5-BBB9-07C02B9851D1}.Debug-Mac|x86.ActiveCfg = Debug-Mac|x86
		{871B5A90-103A-46A5-BBB9-07C02B9851D1}.Debug-Mac|x86.Build.0 = Debug-Mac|x86
		{871B5A90-103A-46A5-BBB9-07C02B9851D1}.Debug-Windows|x86.ActiveCfg = Debug-Windows|x86
		{871B5A90-103A-46A5-BBB9-07C02B9851D1}.Debug-Windows|x86.Build.0 = Debug-Windows|x86
		{871B5A90-103A-46A5-BBB9-07C02B9851D1}.Debug-Unix|x86.ActiveCfg = Debug-Unix|x86
		{871B5A90-103A-46A5-BBB9-07C02B9851D1}.Debug-Unix|x86.Build.0 = Debug-Unix|x86
	EndGlobalSection
	GlobalSection(MonoDevelopProperties) = preSolution
		StartupItem = MyGame.csproj
	EndGlobalSection
EndGlobal
