// !$*UTF8*$!
{
	archiveVersion = 1;
	classes = {
	};
	objectVersion = 46;
	objects = {

/* Begin PBXBuildFile section */
		942DBED2183C1DBA00876830 /* main.cpp in Sources */ = {isa = PBXBuildFile; fileRef = 942DBED1183C1DBA00876830 /* main.cpp */; };
		942DBED4183C202F00876830 /* Cocoa.framework in Frameworks */ = {isa = PBXBuildFile; fileRef = 942DBED3183C202F00876830 /* Cocoa.framework */; };
		942DBED6183C203900876830 /* ForceFeedback.framework in Frameworks */ = {isa = PBXBuildFile; fileRef = 942DBED5183C203900876830 /* ForceFeedback.framework */; };
		942DBEE7183C217B00876830 /* Carbon.framework in Frameworks */ = {isa = PBXBuildFile; fileRef = 942DBEE5183C213300876830 /* Carbon.framework */; };
		942DBEE8183C217E00876830 /* OpenGL.framework in Frameworks */ = {isa = PBXBuildFile; fileRef = 942DBEE1183C211C00876830 /* OpenGL.framework */; };
		942DBEE9183C218000876830 /* IOKit.framework in Frameworks */ = {isa = PBXBuildFile; fileRef = 942DBEDF183C211100876830 /* IOKit.framework */; };
		942DBEEA183C218300876830 /* AudioToolbox.framework in Frameworks */ = {isa = PBXBuildFile; fileRef = 942DBEDD183C210400876830 /* AudioToolbox.framework */; };
		942DBEEB183C218600876830 /* AudioUnit.framework in Frameworks */ = {isa = PBXBuildFile; fileRef = 942DBED9183C20E500876830 /* AudioUnit.framework */; };
		942DBEEC183C218A00876830 /* CoreAudio.framework in Frameworks */ = {isa = PBXBuildFile; fileRef = 942DBED7183C207F00876830 /* CoreAudio.framework */; };
		942DBEF0183C2A6400876830 /* sgBackendUtils.cpp in Sources */ = {isa = PBXBuildFile; fileRef = 942DBEED183C2A2800876830 /* sgBackendUtils.cpp */; };
		942DBEF4183C36C500876830 /* SGSDL2Graphics.cpp in Sources */ = {isa = PBXBuildFile; fileRef = 942DBEF1183C327800876830 /* SGSDL2Graphics.cpp */; };
		942DBEFA183C563500876830 /* SGSDL2Utils.cpp in Sources */ = {isa = PBXBuildFile; fileRef = 942DBEF7183C558500876830 /* SGSDL2Utils.cpp */; };
		943177F91855802100A0D403 /* sgBackendUtils.h in Headers */ = {isa = PBXBuildFile; fileRef = 943177F81855802100A0D403 /* sgBackendUtils.h */; };
		943177FB1856CE8C00A0D403 /* test_audio.cpp in Sources */ = {isa = PBXBuildFile; fileRef = 9499C69C184C5F2B00B71B41 /* test_audio.cpp */; };
		94390FE6188792FF0061DC61 /* BATTLEST.TTF in CopyFiles */ = {isa = PBXBuildFile; fileRef = 94390FE5188792EC0061DC61 /* BATTLEST.TTF */; };
		945BB7A01857C5B000148796 /* test_input.cpp in Sources */ = {isa = PBXBuildFile; fileRef = 945BB79E1857C5B000148796 /* test_input.cpp */; };
		9471BD9E183B717900BE3771 /* SGSDL2Core.cpp in Sources */ = {isa = PBXBuildFile; fileRef = 9471BD9C183B717900BE3771 /* SGSDL2Core.cpp */; };
		9471BD9F183B717900BE3771 /* SGSDL2Core.h in Headers */ = {isa = PBXBuildFile; fileRef = 9471BD9D183B717900BE3771 /* SGSDL2Core.h */; };
		9471BDB4183B732800BE3771 /* libFLAC.a in Frameworks */ = {isa = PBXBuildFile; fileRef = 9471BDA8183B732800BE3771 /* libFLAC.a */; };
		9471BDB5183B732800BE3771 /* libfreetype.a in Frameworks */ = {isa = PBXBuildFile; fileRef = 9471BDA9183B732800BE3771 /* libfreetype.a */; };
		9471BDB6183B732800BE3771 /* libmikmod.a in Frameworks */ = {isa = PBXBuildFile; fileRef = 9471BDAA183B732800BE3771 /* libmikmod.a */; };
		9471BDB8183B732800BE3771 /* libpng.a in Frameworks */ = {isa = PBXBuildFile; fileRef = 9471BDAC183B732800BE3771 /* libpng.a */; };
		9471BDB9183B732800BE3771 /* libSDL2_gfx.a in Frameworks */ = {isa = PBXBuildFile; fileRef = 9471BDAD183B732800BE3771 /* libSDL2_gfx.a */; };
		9471BDBA183B732800BE3771 /* libSDL2_image.a in Frameworks */ = {isa = PBXBuildFile; fileRef = 9471BDAE183B732800BE3771 /* libSDL2_image.a */; };
		9471BDBB183B732800BE3771 /* libSDL2_mixer.a in Frameworks */ = {isa = PBXBuildFile; fileRef = 9471BDAF183B732800BE3771 /* libSDL2_mixer.a */; };
		9471BDBC183B732800BE3771 /* libSDL2_net.a in Frameworks */ = {isa = PBXBuildFile; fileRef = 9471BDB0183B732800BE3771 /* libSDL2_net.a */; };
		9471BDBD183B732800BE3771 /* libSDL2_ttf.a in Frameworks */ = {isa = PBXBuildFile; fileRef = 9471BDB1183B732800BE3771 /* libSDL2_ttf.a */; };
		9471BDBE183B732800BE3771 /* libSDL2.a in Frameworks */ = {isa = PBXBuildFile; fileRef = 9471BDB2183B732800BE3771 /* libSDL2.a */; };
		9471BDBF183B732800BE3771 /* libwebp.a in Frameworks */ = {isa = PBXBuildFile; fileRef = 9471BDB3183B732800BE3771 /* libwebp.a */; };
		9471BDCD183B737F00BE3771 /* libsgsdl2.a in Frameworks */ = {isa = PBXBuildFile; fileRef = 9471BD8C183B6E5700BE3771 /* libsgsdl2.a */; };
		947756751A183593002CBE9A /* SGSDL2Network.cpp in Sources */ = {isa = PBXBuildFile; fileRef = 947756731A183593002CBE9A /* SGSDL2Network.cpp */; };
		947756761A183593002CBE9A /* SGSDL2Network.h in Headers */ = {isa = PBXBuildFile; fileRef = 947756741A183593002CBE9A /* SGSDL2Network.h */; };
		947D3E68184F1DB300F9F685 /* on_med.png in CopyFiles */ = {isa = PBXBuildFile; fileRef = 947D3E67184F1DA700F9F685 /* on_med.png */; };
		94821585184C701400C89CBE /* error.wav in CopyFiles */ = {isa = PBXBuildFile; fileRef = 94821583184C6FE800C89CBE /* error.wav */; };
		94821586184C701700C89CBE /* test.ogg in CopyFiles */ = {isa = PBXBuildFile; fileRef = 9499C6A0184C630E00B71B41 /* test.ogg */; };
		94821627184CA04300C89CBE /* libogg.a in Frameworks */ = {isa = PBXBuildFile; fileRef = 94821624184CA04200C89CBE /* libogg.a */; };
		94821628184CA04300C89CBE /* libvorbis.a in Frameworks */ = {isa = PBXBuildFile; fileRef = 94821625184CA04200C89CBE /* libvorbis.a */; };
		94821629184CA04300C89CBE /* libvorbisfile.a in Frameworks */ = {isa = PBXBuildFile; fileRef = 94821626184CA04300C89CBE /* libvorbisfile.a */; };
		9482162B184D956600C89CBE /* 30248__streety__sword7.flac in CopyFiles */ = {isa = PBXBuildFile; fileRef = 9482162A184D955800C89CBE /* 30248__streety__sword7.flac */; };
		94821644184DE39200C89CBE /* libsmpeg2.a in Frameworks */ = {isa = PBXBuildFile; fileRef = 94821643184DE39200C89CBE /* libsmpeg2.a */; };
		94821646184DE3CB00C89CBE /* 280.mp3 in CopyFiles */ = {isa = PBXBuildFile; fileRef = 94821645184DE3BC00C89CBE /* 280.mp3 */; };
		94821648184DE7F600C89CBE /* energize_my_mind.mod in CopyFiles */ = {isa = PBXBuildFile; fileRef = 94821647184DE7F100C89CBE /* energize_my_mind.mod */; };
		9482164B184DE9DD00C89CBE /* superman_1.mid in CopyFiles */ = {isa = PBXBuildFile; fileRef = 9482164A184DE9D800C89CBE /* superman_1.mid */; };
		9499C69F184C5F2B00B71B41 /* test_audio.h in Headers */ = {isa = PBXBuildFile; fileRef = 9499C69D184C5F2B00B71B41 /* test_audio.h */; };
		94BF146E18530C79004191DF /* SGSDL2Input.cpp in Sources */ = {isa = PBXBuildFile; fileRef = 94BF146C18530C79004191DF /* SGSDL2Input.cpp */; };
		94BF146F18530C79004191DF /* SGSDL2Input.h in Headers */ = {isa = PBXBuildFile; fileRef = 94BF146D18530C79004191DF /* SGSDL2Input.h */; };
		94BF1472185572AE004191DF /* SGSDL2Audio.cpp in Sources */ = {isa = PBXBuildFile; fileRef = 94BF1470185572AE004191DF /* SGSDL2Audio.cpp */; };
		94BF1473185572AE004191DF /* SGSDL2Audio.h in Headers */ = {isa = PBXBuildFile; fileRef = 94BF1471185572AE004191DF /* SGSDL2Audio.h */; };
		94E174F51891DEB600544C58 /* whac-a-mole-background.png in CopyFiles */ = {isa = PBXBuildFile; fileRef = 94E174F41891DB3E00544C58 /* whac-a-mole-background.png */; };
		94E752931890D2FD00A3176C /* ball_small.png in CopyFiles */ = {isa = PBXBuildFile; fileRef = 94E752921890D08800A3176C /* ball_small.png */; };
		94E752951890DA2100A3176C /* Lines.png in CopyFiles */ = {isa = PBXBuildFile; fileRef = 94E752941890DA1C00A3176C /* Lines.png */; };
		94F995191A26A98B00AF0613 /* test_network.cpp in Sources */ = {isa = PBXBuildFile; fileRef = 94F995171A26A98B00AF0613 /* test_network.cpp */; };
		94F9951A1A26A98B00AF0613 /* test_network.h in Headers */ = {isa = PBXBuildFile; fileRef = 94F995181A26A98B00AF0613 /* test_network.h */; };
		94FEB50C18582F7900AFF9D7 /* SGSDL2Text.cpp in Sources */ = {isa = PBXBuildFile; fileRef = 94FEB50A18582F7900AFF9D7 /* SGSDL2Text.cpp */; };
		94FEB50D18582F7900AFF9D7 /* SGSDL2Text.h in Headers */ = {isa = PBXBuildFile; fileRef = 94FEB50B18582F7900AFF9D7 /* SGSDL2Text.h */; };
		94FEB51118582F8700AFF9D7 /* test_text.h in Headers */ = {isa = PBXBuildFile; fileRef = 94FEB50F18582F8700AFF9D7 /* test_text.h */; };
		94FEB51218582F8D00AFF9D7 /* test_text.cpp in Sources */ = {isa = PBXBuildFile; fileRef = 94FEB50E18582F8700AFF9D7 /* test_text.cpp */; };
		94FEB5151858301A00AFF9D7 /* libbz2.dylib in Frameworks */ = {isa = PBXBuildFile; fileRef = 94FEB51318582FEE00AFF9D7 /* libbz2.dylib */; };
		94FEB5171858302500AFF9D7 /* libz.dylib in Frameworks */ = {isa = PBXBuildFile; fileRef = 94FEB5161858302500AFF9D7 /* libz.dylib */; };
/* End PBXBuildFile section */

/* Begin PBXCopyFilesBuildPhase section */
		9471BDC2183B737000BE3771 /* CopyFiles */ = {
			isa = PBXCopyFilesBuildPhase;
			buildActionMask = 12;
			dstPath = "";
			dstSubfolderSpec = 6;
			files = (
				94821585184C701400C89CBE /* error.wav in CopyFiles */,
				94E752951890DA2100A3176C /* Lines.png in CopyFiles */,
				94E752931890D2FD00A3176C /* ball_small.png in CopyFiles */,
				947D3E68184F1DB300F9F685 /* on_med.png in CopyFiles */,
				9482164B184DE9DD00C89CBE /* superman_1.mid in CopyFiles */,
				94E174F51891DEB600544C58 /* whac-a-mole-background.png in CopyFiles */,
				94821586184C701700C89CBE /* test.ogg in CopyFiles */,
				94821648184DE7F600C89CBE /* energize_my_mind.mod in CopyFiles */,
				94390FE6188792FF0061DC61 /* BATTLEST.TTF in CopyFiles */,
				9482162B184D956600C89CBE /* 30248__streety__sword7.flac in CopyFiles */,
				94821646184DE3CB00C89CBE /* 280.mp3 in CopyFiles */,
			);
			runOnlyForDeploymentPostprocessing = 0;
		};
/* End PBXCopyFilesBuildPhase section */

/* Begin PBXFileReference section */
		942DBED1183C1DBA00876830 /* main.cpp */ = {isa = PBXFileReference; fileEncoding = 4; lastKnownFileType = sourcecode.cpp.cpp; name = main.cpp; path = ../../../Test/src/main.cpp; sourceTree = SOURCE_ROOT; };
		942DBED3183C202F00876830 /* Cocoa.framework */ = {isa = PBXFileReference; lastKnownFileType = wrapper.framework; name = Cocoa.framework; path = System/Library/Frameworks/Cocoa.framework; sourceTree = SDKROOT; };
		942DBED5183C203900876830 /* ForceFeedback.framework */ = {isa = PBXFileReference; lastKnownFileType = wrapper.framework; name = ForceFeedback.framework; path = System/Library/Frameworks/ForceFeedback.framework; sourceTree = SDKROOT; };
		942DBED7183C207F00876830 /* CoreAudio.framework */ = {isa = PBXFileReference; lastKnownFileType = wrapper.framework; name = CoreAudio.framework; path = System/Library/Frameworks/CoreAudio.framework; sourceTree = SDKROOT; };
		942DBED9183C20E500876830 /* AudioUnit.framework */ = {isa = PBXFileReference; lastKnownFileType = wrapper.framework; name = AudioUnit.framework; path = System/Library/Frameworks/AudioUnit.framework; sourceTree = SDKROOT; };
		942DBEDB183C20F600876830 /* CoreGraphics.framework */ = {isa = PBXFileReference; lastKnownFileType = wrapper.framework; name = CoreGraphics.framework; path = System/Library/Frameworks/CoreGraphics.framework; sourceTree = SDKROOT; };
		942DBEDD183C210400876830 /* AudioToolbox.framework */ = {isa = PBXFileReference; lastKnownFileType = wrapper.framework; name = AudioToolbox.framework; path = System/Library/Frameworks/AudioToolbox.framework; sourceTree = SDKROOT; };
		942DBEDF183C211100876830 /* IOKit.framework */ = {isa = PBXFileReference; lastKnownFileType = wrapper.framework; name = IOKit.framework; path = System/Library/Frameworks/IOKit.framework; sourceTree = SDKROOT; };
		942DBEE1183C211C00876830 /* OpenGL.framework */ = {isa = PBXFileReference; lastKnownFileType = wrapper.framework; name = OpenGL.framework; path = System/Library/Frameworks/OpenGL.framework; sourceTree = SDKROOT; };
		942DBEE5183C213300876830 /* Carbon.framework */ = {isa = PBXFileReference; lastKnownFileType = wrapper.framework; name = Carbon.framework; path = System/Library/Frameworks/Carbon.framework; sourceTree = SDKROOT; };
		942DBEED183C2A2800876830 /* sgBackendUtils.cpp */ = {isa = PBXFileReference; fileEncoding = 4; lastKnownFileType = sourcecode.cpp.cpp; name = sgBackendUtils.cpp; path = ../../../Core/src/sgBackendUtils.cpp; sourceTree = "<group>"; };
		942DBEF1183C327800876830 /* SGSDL2Graphics.cpp */ = {isa = PBXFileReference; fileEncoding = 4; lastKnownFileType = sourcecode.cpp.cpp; name = SGSDL2Graphics.cpp; path = ../../src/SGSDL2Graphics.cpp; sourceTree = "<group>"; };
		942DBEF2183C327800876830 /* SGSDL2Graphics.h */ = {isa = PBXFileReference; fileEncoding = 4; lastKnownFileType = sourcecode.c.h; name = SGSDL2Graphics.h; path = ../../src/SGSDL2Graphics.h; sourceTree = "<group>"; };
		942DBEF6183C3DFA00876830 /* sgBackendTypes.h */ = {isa = PBXFileReference; lastKnownFileType = sourcecode.c.h; name = sgBackendTypes.h; path = ../../../Core/include/sgBackendTypes.h; sourceTree = "<group>"; };
		942DBEF7183C558500876830 /* SGSDL2Utils.cpp */ = {isa = PBXFileReference; fileEncoding = 4; lastKnownFileType = sourcecode.cpp.cpp; name = SGSDL2Utils.cpp; path = ../../src/SGSDL2Utils.cpp; sourceTree = "<group>"; };
		942DBEF8183C558500876830 /* SGSDL2Utils.h */ = {isa = PBXFileReference; fileEncoding = 4; lastKnownFileType = sourcecode.c.h; name = SGSDL2Utils.h; path = ../../src/SGSDL2Utils.h; sourceTree = "<group>"; };
		943177F81855802100A0D403 /* sgBackendUtils.h */ = {isa = PBXFileReference; fileEncoding = 4; lastKnownFileType = sourcecode.c.h; name = sgBackendUtils.h; path = ../../../Core/include/sgBackendUtils.h; sourceTree = "<group>"; };
		94390FE5188792EC0061DC61 /* BATTLEST.TTF */ = {isa = PBXFileReference; lastKnownFileType = file; name = BATTLEST.TTF; path = ../../../Test/Resources/BATTLEST.TTF; sourceTree = "<group>"; };
		945BB79E1857C5B000148796 /* test_input.cpp */ = {isa = PBXFileReference; fileEncoding = 4; lastKnownFileType = sourcecode.cpp.cpp; name = test_input.cpp; path = ../../../Test/src/test_input.cpp; sourceTree = "<group>"; };
		945BB79F1857C5B000148796 /* test_input.h */ = {isa = PBXFileReference; fileEncoding = 4; lastKnownFileType = sourcecode.c.h; name = test_input.h; path = ../../../Test/src/test_input.h; sourceTree = "<group>"; };
		9471BD8C183B6E5700BE3771 /* libsgsdl2.a */ = {isa = PBXFileReference; explicitFileType = archive.ar; includeInIndex = 0; path = libsgsdl2.a; sourceTree = BUILT_PRODUCTS_DIR; };
		9471BD93183B6FA200BE3771 /* sgInterfaces.h */ = {isa = PBXFileReference; lastKnownFileType = sourcecode.c.h; name = sgInterfaces.h; path = ../../../Core/include/sgInterfaces.h; sourceTree = "<group>"; };
		9471BD9C183B717900BE3771 /* SGSDL2Core.cpp */ = {isa = PBXFileReference; fileEncoding = 4; lastKnownFileType = sourcecode.cpp.cpp; name = SGSDL2Core.cpp; path = ../../src/SGSDL2Core.cpp; sourceTree = "<group>"; };
		9471BD9D183B717900BE3771 /* SGSDL2Core.h */ = {isa = PBXFileReference; fileEncoding = 4; lastKnownFileType = sourcecode.c.h; name = SGSDL2Core.h; path = ../../src/SGSDL2Core.h; sourceTree = "<group>"; };
		9471BDA8183B732800BE3771 /* libFLAC.a */ = {isa = PBXFileReference; lastKnownFileType = archive.ar; name = libFLAC.a; path = ../../lib/mac/libFLAC.a; sourceTree = "<group>"; };
		9471BDA9183B732800BE3771 /* libfreetype.a */ = {isa = PBXFileReference; lastKnownFileType = archive.ar; name = libfreetype.a; path = ../../lib/mac/libfreetype.a; sourceTree = "<group>"; };
		9471BDAA183B732800BE3771 /* libmikmod.a */ = {isa = PBXFileReference; lastKnownFileType = archive.ar; name = libmikmod.a; path = ../../lib/mac/libmikmod.a; sourceTree = "<group>"; };
		9471BDAC183B732800BE3771 /* libpng.a */ = {isa = PBXFileReference; lastKnownFileType = archive.ar; name = libpng.a; path = ../../lib/mac/libpng.a; sourceTree = "<group>"; };
		9471BDAD183B732800BE3771 /* libSDL2_gfx.a */ = {isa = PBXFileReference; lastKnownFileType = archive.ar; name = libSDL2_gfx.a; path = ../../lib/mac/libSDL2_gfx.a; sourceTree = "<group>"; };
		9471BDAE183B732800BE3771 /* libSDL2_image.a */ = {isa = PBXFileReference; lastKnownFileType = archive.ar; name = libSDL2_image.a; path = ../../lib/mac/libSDL2_image.a; sourceTree = "<group>"; };
		9471BDAF183B732800BE3771 /* libSDL2_mixer.a */ = {isa = PBXFileReference; lastKnownFileType = archive.ar; name = libSDL2_mixer.a; path = ../../lib/mac/libSDL2_mixer.a; sourceTree = "<group>"; };
		9471BDB0183B732800BE3771 /* libSDL2_net.a */ = {isa = PBXFileReference; lastKnownFileType = archive.ar; name = libSDL2_net.a; path = ../../lib/mac/libSDL2_net.a; sourceTree = "<group>"; };
		9471BDB1183B732800BE3771 /* libSDL2_ttf.a */ = {isa = PBXFileReference; lastKnownFileType = archive.ar; name = libSDL2_ttf.a; path = ../../lib/mac/libSDL2_ttf.a; sourceTree = "<group>"; };
		9471BDB2183B732800BE3771 /* libSDL2.a */ = {isa = PBXFileReference; lastKnownFileType = archive.ar; name = libSDL2.a; path = ../../lib/mac/libSDL2.a; sourceTree = "<group>"; };
		9471BDB3183B732800BE3771 /* libwebp.a */ = {isa = PBXFileReference; lastKnownFileType = archive.ar; name = libwebp.a; path = ../../lib/mac/libwebp.a; sourceTree = "<group>"; };
		9471BDC4183B737000BE3771 /* SGSDL2Test */ = {isa = PBXFileReference; explicitFileType = "compiled.mach-o.executable"; includeInIndex = 0; path = SGSDL2Test; sourceTree = BUILT_PRODUCTS_DIR; };
		947756731A183593002CBE9A /* SGSDL2Network.cpp */ = {isa = PBXFileReference; fileEncoding = 4; lastKnownFileType = sourcecode.cpp.cpp; name = SGSDL2Network.cpp; path = ../../src/SGSDL2Network.cpp; sourceTree = "<group>"; };
		947756741A183593002CBE9A /* SGSDL2Network.h */ = {isa = PBXFileReference; fileEncoding = 4; lastKnownFileType = sourcecode.c.h; name = SGSDL2Network.h; path = ../../src/SGSDL2Network.h; sourceTree = "<group>"; };
		947D3E67184F1DA700F9F685 /* on_med.png */ = {isa = PBXFileReference; lastKnownFileType = image.png; name = on_med.png; path = ../../../Test/Resources/on_med.png; sourceTree = "<group>"; };
		94821583184C6FE800C89CBE /* error.wav */ = {isa = PBXFileReference; lastKnownFileType = audio.wav; name = error.wav; path = ../../../Test/Resources/error.wav; sourceTree = "<group>"; };
		94821624184CA04200C89CBE /* libogg.a */ = {isa = PBXFileReference; lastKnownFileType = archive.ar; name = libogg.a; path = ../../lib/mac/libogg.a; sourceTree = "<group>"; };
		94821625184CA04200C89CBE /* libvorbis.a */ = {isa = PBXFileReference; lastKnownFileType = archive.ar; name = libvorbis.a; path = ../../lib/mac/libvorbis.a; sourceTree = "<group>"; };
		94821626184CA04300C89CBE /* libvorbisfile.a */ = {isa = PBXFileReference; lastKnownFileType = archive.ar; name = libvorbisfile.a; path = ../../lib/mac/libvorbisfile.a; sourceTree = "<group>"; };
		9482162A184D955800C89CBE /* 30248__streety__sword7.flac */ = {isa = PBXFileReference; lastKnownFileType = file; name = 30248__streety__sword7.flac; path = ../../../Test/Resources/30248__streety__sword7.flac; sourceTree = "<group>"; };
		94821643184DE39200C89CBE /* libsmpeg2.a */ = {isa = PBXFileReference; lastKnownFileType = archive.ar; name = libsmpeg2.a; path = ../../lib/mac/libsmpeg2.a; sourceTree = "<group>"; };
		94821645184DE3BC00C89CBE /* 280.mp3 */ = {isa = PBXFileReference; lastKnownFileType = audio.mp3; name = 280.mp3; path = ../../../Test/Resources/280.mp3; sourceTree = "<group>"; };
		94821647184DE7F100C89CBE /* energize_my_mind.mod */ = {isa = PBXFileReference; lastKnownFileType = file; name = energize_my_mind.mod; path = ../../../Test/Resources/energize_my_mind.mod; sourceTree = "<group>"; };
		9482164A184DE9D800C89CBE /* superman_1.mid */ = {isa = PBXFileReference; lastKnownFileType = audio.midi; name = superman_1.mid; path = ../../../Test/Resources/superman_1.mid; sourceTree = "<group>"; };
		9499C69C184C5F2B00B71B41 /* test_audio.cpp */ = {isa = PBXFileReference; fileEncoding = 4; lastKnownFileType = sourcecode.cpp.cpp; name = test_audio.cpp; path = ../../../Test/src/test_audio.cpp; sourceTree = "<group>"; };
		9499C69D184C5F2B00B71B41 /* test_audio.h */ = {isa = PBXFileReference; fileEncoding = 4; lastKnownFileType = sourcecode.c.h; name = test_audio.h; path = ../../../Test/src/test_audio.h; sourceTree = "<group>"; };
		9499C6A0184C630E00B71B41 /* test.ogg */ = {isa = PBXFileReference; lastKnownFileType = file; name = test.ogg; path = ../../../Test/Resources/test.ogg; sourceTree = "<group>"; };
		94BF146C18530C79004191DF /* SGSDL2Input.cpp */ = {isa = PBXFileReference; fileEncoding = 4; lastKnownFileType = sourcecode.cpp.cpp; name = SGSDL2Input.cpp; path = ../../src/SGSDL2Input.cpp; sourceTree = "<group>"; };
		94BF146D18530C79004191DF /* SGSDL2Input.h */ = {isa = PBXFileReference; fileEncoding = 4; lastKnownFileType = sourcecode.c.h; name = SGSDL2Input.h; path = ../../src/SGSDL2Input.h; sourceTree = "<group>"; };
		94BF1470185572AE004191DF /* SGSDL2Audio.cpp */ = {isa = PBXFileReference; fileEncoding = 4; lastKnownFileType = sourcecode.cpp.cpp; name = SGSDL2Audio.cpp; path = ../../src/SGSDL2Audio.cpp; sourceTree = "<group>"; };
		94BF1471185572AE004191DF /* SGSDL2Audio.h */ = {isa = PBXFileReference; fileEncoding = 4; lastKnownFileType = sourcecode.c.h; name = SGSDL2Audio.h; path = ../../src/SGSDL2Audio.h; sourceTree = "<group>"; };
		94E174F41891DB3E00544C58 /* whac-a-mole-background.png */ = {isa = PBXFileReference; lastKnownFileType = image.png; name = "whac-a-mole-background.png"; path = "../../../Test/Resources/whac-a-mole-background.png"; sourceTree = "<group>"; };
		94E752921890D08800A3176C /* ball_small.png */ = {isa = PBXFileReference; lastKnownFileType = image.png; path = ball_small.png; sourceTree = "<group>"; };
		94E752941890DA1C00A3176C /* Lines.png */ = {isa = PBXFileReference; lastKnownFileType = image.png; path = Lines.png; sourceTree = "<group>"; };
		94F995171A26A98B00AF0613 /* test_network.cpp */ = {isa = PBXFileReference; fileEncoding = 4; lastKnownFileType = sourcecode.cpp.cpp; name = test_network.cpp; path = ../../../Test/src/test_network.cpp; sourceTree = "<group>"; };
		94F995181A26A98B00AF0613 /* test_network.h */ = {isa = PBXFileReference; fileEncoding = 4; lastKnownFileType = sourcecode.c.h; name = test_network.h; path = ../../../Test/src/test_network.h; sourceTree = "<group>"; };
		94FEB50A18582F7900AFF9D7 /* SGSDL2Text.cpp */ = {isa = PBXFileReference; fileEncoding = 4; lastKnownFileType = sourcecode.cpp.cpp; name = SGSDL2Text.cpp; path = ../../src/SGSDL2Text.cpp; sourceTree = "<group>"; };
		94FEB50B18582F7900AFF9D7 /* SGSDL2Text.h */ = {isa = PBXFileReference; fileEncoding = 4; lastKnownFileType = sourcecode.c.h; name = SGSDL2Text.h; path = ../../src/SGSDL2Text.h; sourceTree = "<group>"; };
		94FEB50E18582F8700AFF9D7 /* test_text.cpp */ = {isa = PBXFileReference; fileEncoding = 4; lastKnownFileType = sourcecode.cpp.cpp; name = test_text.cpp; path = ../../../Test/src/test_text.cpp; sourceTree = "<group>"; };
		94FEB50F18582F8700AFF9D7 /* test_text.h */ = {isa = PBXFileReference; fileEncoding = 4; lastKnownFileType = sourcecode.c.h; name = test_text.h; path = ../../../Test/src/test_text.h; sourceTree = "<group>"; };
		94FEB51318582FEE00AFF9D7 /* libbz2.dylib */ = {isa = PBXFileReference; lastKnownFileType = "compiled.mach-o.dylib"; name = libbz2.dylib; path = usr/lib/libbz2.dylib; sourceTree = SDKROOT; };
		94FEB5161858302500AFF9D7 /* libz.dylib */ = {isa = PBXFileReference; lastKnownFileType = "compiled.mach-o.dylib"; name = libz.dylib; path = usr/lib/libz.dylib; sourceTree = SDKROOT; };
/* End PBXFileReference section */

/* Begin PBXFrameworksBuildPhase section */
		9471BD89183B6E5700BE3771 /* Frameworks */ = {
			isa = PBXFrameworksBuildPhase;
			buildActionMask = 2147483647;
			files = (
				9471BDB4183B732800BE3771 /* libFLAC.a in Frameworks */,
				94821627184CA04300C89CBE /* libogg.a in Frameworks */,
				94821628184CA04300C89CBE /* libvorbis.a in Frameworks */,
				94821644184DE39200C89CBE /* libsmpeg2.a in Frameworks */,
				94821629184CA04300C89CBE /* libvorbisfile.a in Frameworks */,
				9471BDB5183B732800BE3771 /* libfreetype.a in Frameworks */,
				9471BDB6183B732800BE3771 /* libmikmod.a in Frameworks */,
				9471BDB8183B732800BE3771 /* libpng.a in Frameworks */,
				9471BDB9183B732800BE3771 /* libSDL2_gfx.a in Frameworks */,
				9471BDBA183B732800BE3771 /* libSDL2_image.a in Frameworks */,
				9471BDBB183B732800BE3771 /* libSDL2_mixer.a in Frameworks */,
				9471BDBC183B732800BE3771 /* libSDL2_net.a in Frameworks */,
				9471BDBD183B732800BE3771 /* libSDL2_ttf.a in Frameworks */,
				9471BDBE183B732800BE3771 /* libSDL2.a in Frameworks */,
				9471BDBF183B732800BE3771 /* libwebp.a in Frameworks */,
			);
			runOnlyForDeploymentPostprocessing = 0;
		};
		9471BDC1183B737000BE3771 /* Frameworks */ = {
			isa = PBXFrameworksBuildPhase;
			buildActionMask = 2147483647;
			files = (
				94FEB5171858302500AFF9D7 /* libz.dylib in Frameworks */,
				94FEB5151858301A00AFF9D7 /* libbz2.dylib in Frameworks */,
				942DBEEA183C218300876830 /* AudioToolbox.framework in Frameworks */,
				942DBEEB183C218600876830 /* AudioUnit.framework in Frameworks */,
				942DBEEC183C218A00876830 /* CoreAudio.framework in Frameworks */,
				942DBEE7183C217B00876830 /* Carbon.framework in Frameworks */,
				942DBEE8183C217E00876830 /* OpenGL.framework in Frameworks */,
				942DBEE9183C218000876830 /* IOKit.framework in Frameworks */,
				942DBED6183C203900876830 /* ForceFeedback.framework in Frameworks */,
				942DBED4183C202F00876830 /* Cocoa.framework in Frameworks */,
				9471BDCD183B737F00BE3771 /* libsgsdl2.a in Frameworks */,
			);
			runOnlyForDeploymentPostprocessing = 0;
		};
/* End PBXFrameworksBuildPhase section */

/* Begin PBXGroup section */
		9471BD83183B6E5700BE3771 = {
			isa = PBXGroup;
			children = (
				9471BDA1183B72A900BE3771 /* Libraries */,
				9471BDA0183B727700BE3771 /* Test */,
				9471BD96183B70E400BE3771 /* SGSDL2 */,
				9471BD94183B6FA900BE3771 /* Core */,
				9471BD8D183B6E5700BE3771 /* Products */,
			);
			sourceTree = "<group>";
		};
		9471BD8D183B6E5700BE3771 /* Products */ = {
			isa = PBXGroup;
			children = (
				9471BD8C183B6E5700BE3771 /* libsgsdl2.a */,
				9471BDC4183B737000BE3771 /* SGSDL2Test */,
			);
			name = Products;
			sourceTree = "<group>";
		};
		9471BD94183B6FA900BE3771 /* Core */ = {
			isa = PBXGroup;
			children = (
				942DBEED183C2A2800876830 /* sgBackendUtils.cpp */,
				9471BD95183B6FB600BE3771 /* Include */,
			);
			name = Core;
			sourceTree = "<group>";
		};
		9471BD95183B6FB600BE3771 /* Include */ = {
			isa = PBXGroup;
			children = (
				943177F81855802100A0D403 /* sgBackendUtils.h */,
				9471BD93183B6FA200BE3771 /* sgInterfaces.h */,
				942DBEF6183C3DFA00876830 /* sgBackendTypes.h */,
			);
			name = Include;
			sourceTree = "<group>";
		};
		9471BD96183B70E400BE3771 /* SGSDL2 */ = {
			isa = PBXGroup;
			children = (
				9471BD97183B70ED00BE3771 /* src */,
			);
			name = SGSDL2;
			sourceTree = "<group>";
		};
		9471BD97183B70ED00BE3771 /* src */ = {
			isa = PBXGroup;
			children = (
				947756731A183593002CBE9A /* SGSDL2Network.cpp */,
				947756741A183593002CBE9A /* SGSDL2Network.h */,
				94FEB50A18582F7900AFF9D7 /* SGSDL2Text.cpp */,
				94FEB50B18582F7900AFF9D7 /* SGSDL2Text.h */,
				94BF1470185572AE004191DF /* SGSDL2Audio.cpp */,
				94BF1471185572AE004191DF /* SGSDL2Audio.h */,
				9471BD9C183B717900BE3771 /* SGSDL2Core.cpp */,
				9471BD9D183B717900BE3771 /* SGSDL2Core.h */,
				942DBEF1183C327800876830 /* SGSDL2Graphics.cpp */,
				942DBEF2183C327800876830 /* SGSDL2Graphics.h */,
				942DBEF7183C558500876830 /* SGSDL2Utils.cpp */,
				942DBEF8183C558500876830 /* SGSDL2Utils.h */,
				94BF146C18530C79004191DF /* SGSDL2Input.cpp */,
				94BF146D18530C79004191DF /* SGSDL2Input.h */,
			);
			name = src;
			sourceTree = "<group>";
		};
		9471BDA0183B727700BE3771 /* Test */ = {
			isa = PBXGroup;
			children = (
				94FEB50E18582F8700AFF9D7 /* test_text.cpp */,
				94FEB50F18582F8700AFF9D7 /* test_text.h */,
				94821584184C6FF000C89CBE /* Resources */,
				942DBED1183C1DBA00876830 /* main.cpp */,
				9499C69C184C5F2B00B71B41 /* test_audio.cpp */,
				9499C69D184C5F2B00B71B41 /* test_audio.h */,
				945BB79E1857C5B000148796 /* test_input.cpp */,
				945BB79F1857C5B000148796 /* test_input.h */,
				94F995171A26A98B00AF0613 /* test_network.cpp */,
				94F995181A26A98B00AF0613 /* test_network.h */,
			);
			name = Test;
			sourceTree = "<group>";
		};
		9471BDA1183B72A900BE3771 /* Libraries */ = {
			isa = PBXGroup;
			children = (
				94FEB5161858302500AFF9D7 /* libz.dylib */,
				94FEB51318582FEE00AFF9D7 /* libbz2.dylib */,
				942DBEE5183C213300876830 /* Carbon.framework */,
				942DBEE1183C211C00876830 /* OpenGL.framework */,
				942DBEDF183C211100876830 /* IOKit.framework */,
				942DBEDD183C210400876830 /* AudioToolbox.framework */,
				942DBEDB183C20F600876830 /* CoreGraphics.framework */,
				942DBED9183C20E500876830 /* AudioUnit.framework */,
				942DBED7183C207F00876830 /* CoreAudio.framework */,
				942DBED5183C203900876830 /* ForceFeedback.framework */,
				942DBED3183C202F00876830 /* Cocoa.framework */,
				9471BDA8183B732800BE3771 /* libFLAC.a */,
				94821624184CA04200C89CBE /* libogg.a */,
				94821625184CA04200C89CBE /* libvorbis.a */,
				94821643184DE39200C89CBE /* libsmpeg2.a */,
				94821626184CA04300C89CBE /* libvorbisfile.a */,
				9471BDA9183B732800BE3771 /* libfreetype.a */,
				9471BDAA183B732800BE3771 /* libmikmod.a */,
				9471BDAC183B732800BE3771 /* libpng.a */,
				9471BDAD183B732800BE3771 /* libSDL2_gfx.a */,
				9471BDAE183B732800BE3771 /* libSDL2_image.a */,
				9471BDAF183B732800BE3771 /* libSDL2_mixer.a */,
				9471BDB0183B732800BE3771 /* libSDL2_net.a */,
				9471BDB1183B732800BE3771 /* libSDL2_ttf.a */,
				9471BDB2183B732800BE3771 /* libSDL2.a */,
				9471BDB3183B732800BE3771 /* libwebp.a */,
			);
			name = Libraries;
			sourceTree = "<group>";
		};
		94821584184C6FF000C89CBE /* Resources */ = {
			isa = PBXGroup;
			children = (
				94E752921890D08800A3176C /* ball_small.png */,
				94E174F41891DB3E00544C58 /* whac-a-mole-background.png */,
				94E752941890DA1C00A3176C /* Lines.png */,
				94390FE5188792EC0061DC61 /* BATTLEST.TTF */,
				947D3E67184F1DA700F9F685 /* on_med.png */,
				94821645184DE3BC00C89CBE /* 280.mp3 */,
				9482164A184DE9D800C89CBE /* superman_1.mid */,
				94821647184DE7F100C89CBE /* energize_my_mind.mod */,
				9482162A184D955800C89CBE /* 30248__streety__sword7.flac */,
				94821583184C6FE800C89CBE /* error.wav */,
				9499C6A0184C630E00B71B41 /* test.ogg */,
			);
			name = Resources;
			sourceTree = "<group>";
		};
/* End PBXGroup section */

/* Begin PBXHeadersBuildPhase section */
		9471BD8A183B6E5700BE3771 /* Headers */ = {
			isa = PBXHeadersBuildPhase;
			buildActionMask = 2147483647;
			files = (
				94BF146F18530C79004191DF /* SGSDL2Input.h in Headers */,
				94F9951A1A26A98B00AF0613 /* test_network.h in Headers */,
				94BF1473185572AE004191DF /* SGSDL2Audio.h in Headers */,
				9471BD9F183B717900BE3771 /* SGSDL2Core.h in Headers */,
				943177F91855802100A0D403 /* sgBackendUtils.h in Headers */,
				94FEB51118582F8700AFF9D7 /* test_text.h in Headers */,
				94FEB50D18582F7900AFF9D7 /* SGSDL2Text.h in Headers */,
				947756761A183593002CBE9A /* SGSDL2Network.h in Headers */,
				9499C69F184C5F2B00B71B41 /* test_audio.h in Headers */,
			);
			runOnlyForDeploymentPostprocessing = 0;
		};
/* End PBXHeadersBuildPhase section */

/* Begin PBXNativeTarget section */
		9471BD8B183B6E5700BE3771 /* sgsdl2 */ = {
			isa = PBXNativeTarget;
			buildConfigurationList = 9471BD90183B6E5700BE3771 /* Build configuration list for PBXNativeTarget "sgsdl2" */;
			buildPhases = (
				9471BD88183B6E5700BE3771 /* Sources */,
				9471BD89183B6E5700BE3771 /* Frameworks */,
				9471BD8A183B6E5700BE3771 /* Headers */,
			);
			buildRules = (
			);
			dependencies = (
			);
			name = sgsdl2;
			productName = sgsdl2;
			productReference = 9471BD8C183B6E5700BE3771 /* libsgsdl2.a */;
			productType = "com.apple.product-type.library.static";
		};
		9471BDC3183B737000BE3771 /* SGSDL2Test */ = {
			isa = PBXNativeTarget;
			buildConfigurationList = 9471BDCA183B737000BE3771 /* Build configuration list for PBXNativeTarget "SGSDL2Test" */;
			buildPhases = (
				9471BDC0183B737000BE3771 /* Sources */,
				9471BDC1183B737000BE3771 /* Frameworks */,
				9471BDC2183B737000BE3771 /* CopyFiles */,
			);
			buildRules = (
			);
			dependencies = (
			);
			name = SGSDL2Test;
			productName = SGSDL2Test;
			productReference = 9471BDC4183B737000BE3771 /* SGSDL2Test */;
			productType = "com.apple.product-type.tool";
		};
/* End PBXNativeTarget section */

/* Begin PBXProject section */
		9471BD84183B6E5700BE3771 /* Project object */ = {
			isa = PBXProject;
			attributes = {
				LastUpgradeCheck = 0610;
				ORGANIZATIONNAME = "Andrew Cain";
			};
			buildConfigurationList = 9471BD87183B6E5700BE3771 /* Build configuration list for PBXProject "sgsdl2" */;
			compatibilityVersion = "Xcode 3.2";
			developmentRegion = English;
			hasScannedForEncodings = 0;
			knownRegions = (
				en,
			);
			mainGroup = 9471BD83183B6E5700BE3771;
			productRefGroup = 9471BD8D183B6E5700BE3771 /* Products */;
			projectDirPath = "";
			projectRoot = "";
			targets = (
				9471BD8B183B6E5700BE3771 /* sgsdl2 */,
				9471BDC3183B737000BE3771 /* SGSDL2Test */,
			);
		};
/* End PBXProject section */

/* Begin PBXSourcesBuildPhase section */
		9471BD88183B6E5700BE3771 /* Sources */ = {
			isa = PBXSourcesBuildPhase;
			buildActionMask = 2147483647;
			files = (
				942DBEFA183C563500876830 /* SGSDL2Utils.cpp in Sources */,
				942DBEF4183C36C500876830 /* SGSDL2Graphics.cpp in Sources */,
				942DBEF0183C2A6400876830 /* sgBackendUtils.cpp in Sources */,
				94F995191A26A98B00AF0613 /* test_network.cpp in Sources */,
				947756751A183593002CBE9A /* SGSDL2Network.cpp in Sources */,
				94FEB50C18582F7900AFF9D7 /* SGSDL2Text.cpp in Sources */,
				94BF1472185572AE004191DF /* SGSDL2Audio.cpp in Sources */,
				94BF146E18530C79004191DF /* SGSDL2Input.cpp in Sources */,
				9471BD9E183B717900BE3771 /* SGSDL2Core.cpp in Sources */,
			);
			runOnlyForDeploymentPostprocessing = 0;
		};
		9471BDC0183B737000BE3771 /* Sources */ = {
			isa = PBXSourcesBuildPhase;
			buildActionMask = 2147483647;
			files = (
				943177FB1856CE8C00A0D403 /* test_audio.cpp in Sources */,
				945BB7A01857C5B000148796 /* test_input.cpp in Sources */,
				94FEB51218582F8D00AFF9D7 /* test_text.cpp in Sources */,
				942DBED2183C1DBA00876830 /* main.cpp in Sources */,
			);
			runOnlyForDeploymentPostprocessing = 0;
		};
/* End PBXSourcesBuildPhase section */

/* Begin XCBuildConfiguration section */
		9471BD8E183B6E5700BE3771 /* Debug */ = {
			isa = XCBuildConfiguration;
			buildSettings = {
				ALWAYS_SEARCH_USER_PATHS = NO;
				CLANG_CXX_LANGUAGE_STANDARD = "gnu++0x";
				CLANG_CXX_LIBRARY = "libc++";
				CLANG_ENABLE_OBJC_ARC = YES;
				CLANG_WARN_BOOL_CONVERSION = YES;
				CLANG_WARN_CONSTANT_CONVERSION = YES;
				CLANG_WARN_DIRECT_OBJC_ISA_USAGE = YES_ERROR;
				CLANG_WARN_EMPTY_BODY = YES;
				CLANG_WARN_ENUM_CONVERSION = YES;
				CLANG_WARN_INT_CONVERSION = YES;
				CLANG_WARN_OBJC_ROOT_CLASS = YES_ERROR;
				CLANG_WARN__DUPLICATE_METHOD_MATCH = YES;
				COPY_PHASE_STRIP = NO;
				GCC_C_LANGUAGE_STANDARD = gnu99;
				GCC_DYNAMIC_NO_PIC = NO;
				GCC_ENABLE_OBJC_EXCEPTIONS = YES;
				GCC_OPTIMIZATION_LEVEL = 0;
				GCC_PREPROCESSOR_DEFINITIONS = (
					"DEBUG=1",
					"$(inherited)",
				);
				GCC_SYMBOLS_PRIVATE_EXTERN = NO;
				GCC_WARN_64_TO_32_BIT_CONVERSION = YES;
				GCC_WARN_ABOUT_RETURN_TYPE = YES_ERROR;
				GCC_WARN_UNDECLARED_SELECTOR = YES;
				GCC_WARN_UNINITIALIZED_AUTOS = YES;
				GCC_WARN_UNUSED_FUNCTION = YES;
				GCC_WARN_UNUSED_VARIABLE = YES;
				MACOSX_DEPLOYMENT_TARGET = 10.9;
				ONLY_ACTIVE_ARCH = YES;
				SDKROOT = macosx;
			};
			name = Debug;
		};
		9471BD8F183B6E5700BE3771 /* Release */ = {
			isa = XCBuildConfiguration;
			buildSettings = {
				ALWAYS_SEARCH_USER_PATHS = NO;
				CLANG_CXX_LANGUAGE_STANDARD = "gnu++0x";
				CLANG_CXX_LIBRARY = "libc++";
				CLANG_ENABLE_OBJC_ARC = YES;
				CLANG_WARN_BOOL_CONVERSION = YES;
				CLANG_WARN_CONSTANT_CONVERSION = YES;
				CLANG_WARN_DIRECT_OBJC_ISA_USAGE = YES_ERROR;
				CLANG_WARN_EMPTY_BODY = YES;
				CLANG_WARN_ENUM_CONVERSION = YES;
				CLANG_WARN_INT_CONVERSION = YES;
				CLANG_WARN_OBJC_ROOT_CLASS = YES_ERROR;
				CLANG_WARN__DUPLICATE_METHOD_MATCH = YES;
				COPY_PHASE_STRIP = YES;
				DEBUG_INFORMATION_FORMAT = "dwarf-with-dsym";
				ENABLE_NS_ASSERTIONS = NO;
				GCC_C_LANGUAGE_STANDARD = gnu99;
				GCC_ENABLE_OBJC_EXCEPTIONS = YES;
				GCC_WARN_64_TO_32_BIT_CONVERSION = YES;
				GCC_WARN_ABOUT_RETURN_TYPE = YES_ERROR;
				GCC_WARN_UNDECLARED_SELECTOR = YES;
				GCC_WARN_UNINITIALIZED_AUTOS = YES;
				GCC_WARN_UNUSED_FUNCTION = YES;
				GCC_WARN_UNUSED_VARIABLE = YES;
				MACOSX_DEPLOYMENT_TARGET = 10.9;
				SDKROOT = macosx;
			};
			name = Release;
		};
		9471BD91183B6E5700BE3771 /* Debug */ = {
			isa = XCBuildConfiguration;
			buildSettings = {
				ARCHS = "$(ARCHS_STANDARD_32_64_BIT)";
				CLANG_ANALYZER_SECURITY_FLOATLOOPCOUNTER = YES;
				CLANG_ANALYZER_SECURITY_INSECUREAPI_STRCPY = YES;
				CLANG_WARN_CXX0X_EXTENSIONS = YES;
				CLANG_WARN_IMPLICIT_SIGN_CONVERSION = YES;
				CLANG_WARN_SUSPICIOUS_IMPLICIT_CONVERSION = YES;
				COMBINE_HIDPI_IMAGES = YES;
				EXECUTABLE_PREFIX = lib;
				FRAMEWORK_SEARCH_PATHS = (
					"$(inherited)",
					/Users/acain/working/SwinGame/Backend/SGSDL2/external/SDL_mixer/Xcode/Frameworks,
				);
				GCC_TREAT_INCOMPATIBLE_POINTER_TYPE_WARNINGS_AS_ERRORS = YES;
				GCC_WARN_ABOUT_MISSING_FIELD_INITIALIZERS = YES;
				GCC_WARN_ABOUT_MISSING_NEWLINE = YES;
				GCC_WARN_FOUR_CHARACTER_CONSTANTS = YES;
				GCC_WARN_INITIALIZER_NOT_FULLY_BRACKETED = YES;
				GCC_WARN_SHADOW = YES;
				GCC_WARN_SIGN_COMPARE = YES;
				GCC_WARN_UNKNOWN_PRAGMAS = YES;
				GCC_WARN_UNUSED_LABEL = YES;
				GCC_WARN_UNUSED_PARAMETER = YES;
				HEADER_SEARCH_PATHS = (
					"$(inherited)",
					/Applications/Xcode.app/Contents/Developer/Toolchains/XcodeDefault.xctoolchain/usr/include,
					../../external/SDL/include,
					../../external/SDL_gfx,
					../../external/SDL_image,
					../../external/SDL_ttf,
					../../external/SDL_mixer,
					../../external/SDL_net,
				);
				LIBRARY_SEARCH_PATHS = (
					"$(inherited)",
					../../lib/mac,
					/Users/acain/working/SwinGame/Backend/SGSDL2/lib/mac,
					/Users/acain/Source/GitHub/SwinGame/Backend/SGSDL2/lib/mac,
				);
				ONLY_ACTIVE_ARCH = NO;
				PRODUCT_NAME = "$(TARGET_NAME)";
			};
			name = Debug;
		};
		9471BD92183B6E5700BE3771 /* Release */ = {
			isa = XCBuildConfiguration;
			buildSettings = {
				ARCHS = "$(ARCHS_STANDARD_32_64_BIT)";
				CLANG_ANALYZER_SECURITY_FLOATLOOPCOUNTER = YES;
				CLANG_ANALYZER_SECURITY_INSECUREAPI_STRCPY = YES;
				CLANG_WARN_CXX0X_EXTENSIONS = YES;
				CLANG_WARN_IMPLICIT_SIGN_CONVERSION = YES;
				CLANG_WARN_SUSPICIOUS_IMPLICIT_CONVERSION = YES;
				COMBINE_HIDPI_IMAGES = YES;
				EXECUTABLE_PREFIX = lib;
				FRAMEWORK_SEARCH_PATHS = (
					"$(inherited)",
					/Users/acain/working/SwinGame/Backend/SGSDL2/external/SDL_mixer/Xcode/Frameworks,
				);
				GCC_OPTIMIZATION_LEVEL = 0;
				GCC_TREAT_INCOMPATIBLE_POINTER_TYPE_WARNINGS_AS_ERRORS = YES;
				GCC_WARN_ABOUT_MISSING_FIELD_INITIALIZERS = YES;
				GCC_WARN_ABOUT_MISSING_NEWLINE = YES;
				GCC_WARN_FOUR_CHARACTER_CONSTANTS = YES;
				GCC_WARN_INITIALIZER_NOT_FULLY_BRACKETED = YES;
				GCC_WARN_SHADOW = YES;
				GCC_WARN_SIGN_COMPARE = YES;
				GCC_WARN_UNKNOWN_PRAGMAS = YES;
				GCC_WARN_UNUSED_LABEL = YES;
				GCC_WARN_UNUSED_PARAMETER = YES;
				HEADER_SEARCH_PATHS = (
					"$(inherited)",
					/Applications/Xcode.app/Contents/Developer/Toolchains/XcodeDefault.xctoolchain/usr/include,
					../../external/SDL/include,
					../../external/SDL_gfx,
					../../external/SDL_image,
					../../external/SDL_ttf,
					../../external/SDL_mixer,
					../../external/SDL_net,
				);
				LIBRARY_SEARCH_PATHS = (
					"$(inherited)",
					../../lib/mac,
					/Users/acain/working/SwinGame/Backend/SGSDL2/lib/mac,
					/Users/acain/Source/GitHub/SwinGame/Backend/SGSDL2/lib/mac,
				);
				PRODUCT_NAME = "$(TARGET_NAME)";
			};
			name = Release;
		};
		9471BDCB183B737000BE3771 /* Debug */ = {
			isa = XCBuildConfiguration;
			buildSettings = {
				ARCHS = "$(ARCHS_STANDARD_32_64_BIT)";
				FRAMEWORK_SEARCH_PATHS = (
					"$(inherited)",
					/Users/acain/working/SwinGame/Backend/SGSDL2/external/SDL_mixer/Xcode/Frameworks,
				);
				GCC_PREPROCESSOR_DEFINITIONS = (
					"DEBUG=1",
					"$(inherited)",
				);
				HEADER_SEARCH_PATHS = (
					"$(inherited)",
					/Applications/Xcode.app/Contents/Developer/Toolchains/XcodeDefault.xctoolchain/usr/include,
				);
				LD_RUNPATH_SEARCH_PATHS = .;
				LIBRARY_SEARCH_PATHS = (
					"$(inherited)",
					/Users/acain/working/SwinGame/Backend/SGSDL2/lib/mac,
				);
				ONLY_ACTIVE_ARCH = NO;
				PRODUCT_NAME = "$(TARGET_NAME)";
				VALID_ARCHS = "i386 x86_64";
			};
			name = Debug;
		};
		9471BDCC183B737000BE3771 /* Release */ = {
			isa = XCBuildConfiguration;
			buildSettings = {
				ARCHS = "$(ARCHS_STANDARD_32_64_BIT)";
				FRAMEWORK_SEARCH_PATHS = (
					"$(inherited)",
					/Users/acain/working/SwinGame/Backend/SGSDL2/external/SDL_mixer/Xcode/Frameworks,
				);
				HEADER_SEARCH_PATHS = (
					"$(inherited)",
					/Applications/Xcode.app/Contents/Developer/Toolchains/XcodeDefault.xctoolchain/usr/include,
				);
				LD_RUNPATH_SEARCH_PATHS = .;
				LIBRARY_SEARCH_PATHS = (
					"$(inherited)",
					/Users/acain/working/SwinGame/Backend/SGSDL2/lib/mac,
				);
				PRODUCT_NAME = "$(TARGET_NAME)";
				VALID_ARCHS = "i386 x86_64";
			};
			name = Release;
		};
/* End XCBuildConfiguration section */

/* Begin XCConfigurationList section */
		9471BD87183B6E5700BE3771 /* Build configuration list for PBXProject "sgsdl2" */ = {
			isa = XCConfigurationList;
			buildConfigurations = (
				9471BD8E183B6E5700BE3771 /* Debug */,
				9471BD8F183B6E5700BE3771 /* Release */,
			);
			defaultConfigurationIsVisible = 0;
			defaultConfigurationName = Release;
		};
		9471BD90183B6E5700BE3771 /* Build configuration list for PBXNativeTarget "sgsdl2" */ = {
			isa = XCConfigurationList;
			buildConfigurations = (
				9471BD91183B6E5700BE3771 /* Debug */,
				9471BD92183B6E5700BE3771 /* Release */,
			);
			defaultConfigurationIsVisible = 0;
			defaultConfigurationName = Release;
		};
		9471BDCA183B737000BE3771 /* Build configuration list for PBXNativeTarget "SGSDL2Test" */ = {
			isa = XCConfigurationList;
			buildConfigurations = (
				9471BDCB183B737000BE3771 /* Debug */,
				9471BDCC183B737000BE3771 /* Release */,
			);
			defaultConfigurationIsVisible = 0;
			defaultConfigurationName = Release;
		};
/* End XCConfigurationList section */
	};
	rootObject = 9471BD84183B6E5700BE3771 /* Project object */;
}
